<?xml version="1.0" encoding="utf-8"?>
<Project ToolsVersion="4.0" xmlns="http://schemas.microsoft.com/developer/msbuild/2003">
  <ItemGroup>
    <Filter Include="Source Files">
      <UniqueIdentifier>{4FC737F1-C7A5-4376-A066-2A32D752A2FF}</UniqueIdentifier>
      <Extensions>cpp;c;cc;cxx;def;odl;idl;hpj;bat;asm;asmx</Extensions>
    </Filter>
    <Filter Include="Header Files">
      <UniqueIdentifier>{93995380-89BD-4b04-88EB-625FBE52EBFB}</UniqueIdentifier>
      <Extensions>h;hh;hpp;hxx;hm;inl;inc;xsd</Extensions>
    </Filter>
    <Filter Include="Resource Files">
      <UniqueIdentifier>{67DA6AB6-F800-4c08-8B7A-83BB121AAD01}</UniqueIdentifier>
      <Extensions>rc;ico;cur;bmp;dlg;rc2;rct;bin;rgs;gif;jpg;jpeg;jpe;resx;tiff;tif;png;wav;mfcribbon-ms</Extensions>
    </Filter>
    <Filter Include="Header Files\GameLibrary">
      <UniqueIdentifier>{21d84bed-533e-4c4a-85d6-f2ee2dc977e0}</UniqueIdentifier>
    </Filter>
    <Filter Include="Header Files\GameLibrary\Audio">
      <UniqueIdentifier>{75b57734-cf93-44a0-aa7f-577523587352}</UniqueIdentifier>
    </Filter>
    <Filter Include="Header Files\GameLibrary\Actor">
      <UniqueIdentifier>{684f916e-bddc-4869-b932-aea82e0c9b29}</UniqueIdentifier>
    </Filter>
    <Filter Include="Header Files\GameLibrary\Graphics">
      <UniqueIdentifier>{7e577488-97fa-4cd3-b4db-72f537648ad2}</UniqueIdentifier>
    </Filter>
    <Filter Include="Header Files\GameLibrary\IO">
      <UniqueIdentifier>{1f4e72f9-6024-4b82-b364-45befd6b25f6}</UniqueIdentifier>
    </Filter>
    <Filter Include="Header Files\GameLibrary\Network">
      <UniqueIdentifier>{378e4236-c70b-44d1-afb5-e60f5821532e}</UniqueIdentifier>
    </Filter>
    <Filter Include="Header Files\GameLibrary\Screen">
      <UniqueIdentifier>{c2374761-8615-4d18-8ade-8cf811da5aeb}</UniqueIdentifier>
    </Filter>
    <Filter Include="Header Files\GameLibrary\Utilities">
      <UniqueIdentifier>{09f1c357-e01d-4b47-addc-276ca6478f2b}</UniqueIdentifier>
    </Filter>
    <Filter Include="Header Files\GameLibrary\Window">
      <UniqueIdentifier>{e0c72f78-bd99-4a66-b384-78a1438771be}</UniqueIdentifier>
    </Filter>
    <Filter Include="Header Files\GameLibrary\Utilities\Geometry">
      <UniqueIdentifier>{da89abf8-1a38-47a1-8cc5-dc21d754007c}</UniqueIdentifier>
    </Filter>
    <Filter Include="Source Files\GameLibrary">
      <UniqueIdentifier>{38747f75-1243-4ee1-823b-b282c84aac72}</UniqueIdentifier>
    </Filter>
    <Filter Include="Source Files\GameLibrary\Audio">
      <UniqueIdentifier>{b590bb5a-c6a5-4349-b304-3e838ae4b67c}</UniqueIdentifier>
    </Filter>
    <Filter Include="Source Files\GameLibrary\Actor">
      <UniqueIdentifier>{85d636f6-5ec4-401b-8c68-3df8d9cd6763}</UniqueIdentifier>
    </Filter>
    <Filter Include="Source Files\GameLibrary\Graphics">
      <UniqueIdentifier>{90c2d67a-ea0b-4ead-8f5e-eabc2e39907f}</UniqueIdentifier>
    </Filter>
    <Filter Include="Source Files\GameLibrary\IO">
      <UniqueIdentifier>{ea9bf0b9-4a52-4c1c-8a07-b571a5e5bf31}</UniqueIdentifier>
    </Filter>
    <Filter Include="Source Files\GameLibrary\Network">
      <UniqueIdentifier>{1f911086-78f8-4d9c-bf3b-34bfc5efb7bc}</UniqueIdentifier>
    </Filter>
    <Filter Include="Source Files\GameLibrary\Window">
      <UniqueIdentifier>{38a4e725-7196-4256-90b5-fb8a4fd5cf65}</UniqueIdentifier>
    </Filter>
    <Filter Include="Source Files\GameLibrary\Screen">
      <UniqueIdentifier>{32fa0727-3d79-496c-9e9c-ca3889187df8}</UniqueIdentifier>
    </Filter>
    <Filter Include="Source Files\GameLibrary\Utilities">
      <UniqueIdentifier>{30910948-e4ba-4ec5-8c64-374661914d55}</UniqueIdentifier>
    </Filter>
    <Filter Include="Source Files\GameLibrary\Utilities\Geometry">
      <UniqueIdentifier>{bc480fec-0ac3-4a1b-ad51-56a6b90848e2}</UniqueIdentifier>
    </Filter>
    <Filter Include="Header Files\GameLibrary\Exception">
      <UniqueIdentifier>{109c41b6-0dcb-4e45-ac72-951f0e244671}</UniqueIdentifier>
    </Filter>
    <Filter Include="Source Files\GameLibrary\Exception">
      <UniqueIdentifier>{f808ddc0-c040-4cb6-816b-def615cd3e46}</UniqueIdentifier>
    </Filter>
  </ItemGroup>
  <ItemGroup>
    <ClCompile Include="src\main.cpp">
      <Filter>Source Files</Filter>
    </ClCompile>
    <ClCompile Include="src\GameLibrary\Utilities\Math.cpp">
      <Filter>Source Files\GameLibrary\Utilities</Filter>
    </ClCompile>
    <ClCompile Include="src\GameLibrary\Utilities\String.cpp">
      <Filter>Source Files\GameLibrary\Utilities</Filter>
    </ClCompile>
    <ClCompile Include="src\GameLibrary\Utilities\Bitset.cpp">
      <Filter>Source Files\GameLibrary\Utilities</Filter>
    </ClCompile>
    <ClCompile Include="src\GameLibrary\Actor\Actor.cpp">
      <Filter>Source Files\GameLibrary\Actor</Filter>
    </ClCompile>
    <ClCompile Include="src\GameLibrary\Actor\ActorType.cpp">
      <Filter>Source Files\GameLibrary\Actor</Filter>
    </ClCompile>
    <ClCompile Include="src\GameLibrary\Actor\TextActor.cpp">
      <Filter>Source Files\GameLibrary\Actor</Filter>
    </ClCompile>
    <ClCompile Include="src\GameLibrary\Actor\WireframeActor.cpp">
      <Filter>Source Files\GameLibrary\Actor</Filter>
    </ClCompile>
    <ClCompile Include="src\GameLibrary\Audio\Music.cpp">
      <Filter>Source Files\GameLibrary\Audio</Filter>
    </ClCompile>
    <ClCompile Include="src\GameLibrary\Audio\Sound.cpp">
      <Filter>Source Files\GameLibrary\Audio</Filter>
    </ClCompile>
    <ClCompile Include="src\GameLibrary\Exception\ArrayListOutOfBoundsException.cpp">
      <Filter>Source Files\GameLibrary\Exception</Filter>
    </ClCompile>
    <ClCompile Include="src\GameLibrary\Exception\BitsetOutOfBoundsException.cpp">
      <Filter>Source Files\GameLibrary\Exception</Filter>
    </ClCompile>
    <ClCompile Include="src\GameLibrary\Exception\OutOfBoundsException.cpp">
      <Filter>Source Files\GameLibrary\Exception</Filter>
    </ClCompile>
    <ClCompile Include="src\GameLibrary\Graphics\BufferedImage.cpp">
      <Filter>Source Files\GameLibrary\Graphics</Filter>
    </ClCompile>
    <ClCompile Include="src\GameLibrary\Graphics\Color.cpp">
      <Filter>Source Files\GameLibrary\Graphics</Filter>
    </ClCompile>
    <ClCompile Include="src\GameLibrary\Graphics\Graphics.cpp">
      <Filter>Source Files\GameLibrary\Graphics</Filter>
    </ClCompile>
    <ClCompile Include="src\GameLibrary\Graphics\Image.cpp">
      <Filter>Source Files\GameLibrary\Graphics</Filter>
    </ClCompile>
    <ClCompile Include="src\GameLibrary\IO\Console.cpp">
      <Filter>Source Files\GameLibrary\IO</Filter>
    </ClCompile>
    <ClCompile Include="src\GameLibrary\IO\Keyboard.cpp">
      <Filter>Source Files\GameLibrary\IO</Filter>
    </ClCompile>
    <ClCompile Include="src\GameLibrary\IO\Mouse.cpp">
      <Filter>Source Files\GameLibrary\IO</Filter>
    </ClCompile>
    <ClCompile Include="src\GameLibrary\IO\Multitouch.cpp">
      <Filter>Source Files\GameLibrary\IO</Filter>
    </ClCompile>
    <ClCompile Include="src\GameLibrary\Network\NetworkProtocol.cpp">
      <Filter>Source Files\GameLibrary\Network</Filter>
    </ClCompile>
    <ClCompile Include="src\GameLibrary\Screen\MenuScreen.cpp">
      <Filter>Source Files\GameLibrary\Screen</Filter>
    </ClCompile>
    <ClCompile Include="src\GameLibrary\Screen\Screen.cpp">
      <Filter>Source Files\GameLibrary\Screen</Filter>
    </ClCompile>
    <ClCompile Include="src\GameLibrary\Screen\ScreenManager.cpp">
      <Filter>Source Files\GameLibrary\Screen</Filter>
    </ClCompile>
    <ClCompile Include="src\GameLibrary\Utilities\Dictionary.cpp">
      <Filter>Source Files\GameLibrary\Utilities</Filter>
    </ClCompile>
    <ClCompile Include="src\GameLibrary\Utilities\Geometry\Circle.cpp">
      <Filter>Source Files\GameLibrary\Utilities\Geometry</Filter>
    </ClCompile>
    <ClCompile Include="src\GameLibrary\Utilities\Geometry\Rectangle.cpp">
      <Filter>Source Files\GameLibrary\Utilities\Geometry</Filter>
    </ClCompile>
    <ClCompile Include="src\GameLibrary\Window\View.cpp">
      <Filter>Source Files\GameLibrary\Window</Filter>
    </ClCompile>
    <ClCompile Include="src\GameLibrary\Window\Window.cpp">
      <Filter>Source Files\GameLibrary\Window</Filter>
    </ClCompile>
    <ClCompile Include="src\GameLibrary\Application.cpp">
      <Filter>Source Files\GameLibrary</Filter>
    </ClCompile>
    <ClCompile Include="src\GameLibrary\AssetManager.cpp">
      <Filter>Source Files\GameLibrary</Filter>
    </ClCompile>
    <ClCompile Include="src\GameLibrary\Exception\Exception.cpp">
      <Filter>Source Files\GameLibrary\Exception</Filter>
    </ClCompile>
    <ClCompile Include="src\GameLibrary\Exception\StringConvertException.cpp">
      <Filter>Source Files\GameLibrary\Exception</Filter>
    </ClCompile>
  </ItemGroup>
  <ItemGroup>
    <ClInclude Include="src\GameLibrary\Utilities\ArrayList.h">
      <Filter>Header Files\GameLibrary\Utilities</Filter>
    </ClInclude>
    <ClInclude Include="src\GameLibrary\Utilities\Math.h">
      <Filter>Header Files\GameLibrary\Utilities</Filter>
    </ClInclude>
    <ClInclude Include="src\GameLibrary\Utilities\String.h">
      <Filter>Header Files\GameLibrary\Utilities</Filter>
    </ClInclude>
    <ClInclude Include="src\GameLibrary\Utilities\Bitset.h">
      <Filter>Header Files\GameLibrary\Utilities</Filter>
    </ClInclude>
    <ClInclude Include="src\GameLibrary\Types.h">
      <Filter>Header Files\GameLibrary</Filter>
    </ClInclude>
    <ClInclude Include="src\GameLibrary\Actor\Actor.h">
      <Filter>Header Files\GameLibrary\Actor</Filter>
    </ClInclude>
    <ClInclude Include="src\GameLibrary\Actor\ActorType.h">
      <Filter>Header Files\GameLibrary\Actor</Filter>
    </ClInclude>
    <ClInclude Include="src\GameLibrary\Actor\TextActor.h">
      <Filter>Header Files\GameLibrary\Actor</Filter>
    </ClInclude>
    <ClInclude Include="src\GameLibrary\Actor\WireframeActor.h">
      <Filter>Header Files\GameLibrary\Actor</Filter>
    </ClInclude>
    <ClInclude Include="src\GameLibrary\Audio\Music.h">
      <Filter>Header Files\GameLibrary\Audio</Filter>
    </ClInclude>
    <ClInclude Include="src\GameLibrary\Audio\Sound.h">
      <Filter>Header Files\GameLibrary\Audio</Filter>
    </ClInclude>
    <ClInclude Include="src\GameLibrary\Exception\ArrayListOutOfBoundsException.h">
      <Filter>Header Files\GameLibrary\Exception</Filter>
    </ClInclude>
    <ClInclude Include="src\GameLibrary\Exception\BitsetOutOfBoundsException.h">
      <Filter>Header Files\GameLibrary\Exception</Filter>
    </ClInclude>
    <ClInclude Include="src\GameLibrary\Exception\OutOfBoundsException.h">
      <Filter>Header Files\GameLibrary\Exception</Filter>
    </ClInclude>
    <ClInclude Include="src\GameLibrary\Graphics\BufferedImage.h">
      <Filter>Header Files\GameLibrary\Graphics</Filter>
    </ClInclude>
    <ClInclude Include="src\GameLibrary\Graphics\Color.h">
      <Filter>Header Files\GameLibrary\Graphics</Filter>
    </ClInclude>
    <ClInclude Include="src\GameLibrary\Graphics\Graphics.h">
      <Filter>Header Files\GameLibrary\Graphics</Filter>
    </ClInclude>
    <ClInclude Include="src\GameLibrary\Graphics\Image.h">
      <Filter>Header Files\GameLibrary\Graphics</Filter>
    </ClInclude>
    <ClInclude Include="src\GameLibrary\IO\Console.h">
      <Filter>Header Files\GameLibrary\IO</Filter>
    </ClInclude>
    <ClInclude Include="src\GameLibrary\IO\Keyboard.h">
      <Filter>Header Files\GameLibrary\IO</Filter>
    </ClInclude>
    <ClInclude Include="src\GameLibrary\IO\Mouse.h">
      <Filter>Header Files\GameLibrary\IO</Filter>
    </ClInclude>
    <ClInclude Include="src\GameLibrary\IO\Multitouch.h">
      <Filter>Header Files\GameLibrary\IO</Filter>
    </ClInclude>
    <ClInclude Include="src\GameLibrary\Network\NetworkProtocol.h">
      <Filter>Header Files\GameLibrary\Network</Filter>
    </ClInclude>
    <ClInclude Include="src\GameLibrary\Screen\MenuScreen.h">
      <Filter>Header Files\GameLibrary\Screen</Filter>
    </ClInclude>
    <ClInclude Include="src\GameLibrary\Screen\Screen.h">
      <Filter>Header Files\GameLibrary\Screen</Filter>
    </ClInclude>
    <ClInclude Include="src\GameLibrary\Screen\ScreenManager.h">
      <Filter>Header Files\GameLibrary\Screen</Filter>
    </ClInclude>
    <ClInclude Include="src\GameLibrary\Utilities\Dictionary.h">
      <Filter>Header Files\GameLibrary\Utilities</Filter>
    </ClInclude>
    <ClInclude Include="src\GameLibrary\Utilities\Geometry\Circle.h">
      <Filter>Header Files\GameLibrary\Utilities\Geometry</Filter>
    </ClInclude>
    <ClInclude Include="src\GameLibrary\Utilities\Geometry\Rectangle.h">
      <Filter>Header Files\GameLibrary\Utilities\Geometry</Filter>
    </ClInclude>
    <ClInclude Include="src\GameLibrary\Utilities\Geometry\Vector2.h">
      <Filter>Header Files\GameLibrary\Utilities\Geometry</Filter>
    </ClInclude>
    <ClInclude Include="src\GameLibrary\Utilities\Geometry\Vector3.h">
      <Filter>Header Files\GameLibrary\Utilities\Geometry</Filter>
    </ClInclude>
    <ClInclude Include="src\GameLibrary\Window\View.h">
      <Filter>Header Files\GameLibrary\Window</Filter>
    </ClInclude>
    <ClInclude Include="src\GameLibrary\Window\Window.h">
      <Filter>Header Files\GameLibrary\Window</Filter>
    </ClInclude>
    <ClInclude Include="src\GameLibrary\Application.h">
      <Filter>Header Files\GameLibrary</Filter>
    </ClInclude>
    <ClInclude Include="src\GameLibrary\AssetManager.h">
      <Filter>Header Files\GameLibrary</Filter>
    </ClInclude>
    <ClInclude Include="src\GameLibrary\GameLibrary.h">
      <Filter>Header Files\GameLibrary</Filter>
    </ClInclude>
    <ClInclude Include="src\GameLibrary\Exception\Exception.h">
      <Filter>Header Files\GameLibrary\Exception</Filter>
    </ClInclude>
    <ClInclude Include="src\GameLibrary\Exception\StringConvertException.h">
      <Filter>Header Files\GameLibrary\Exception</Filter>
    </ClInclude>
  </ItemGroup>
</Project>