// !$*UTF8*$!
{
	archiveVersion = 1;
	classes = {
	};
	objectVersion = 46;
	objects = {

/* Begin PBXBuildFile section */
		A0298DB81CCF3E9600886B06 /* libGameLibrary.a in Frameworks */ = {isa = PBXBuildFile; fileRef = A0298DB71CCF3E9600886B06 /* libGameLibrary.a */; };
		A0298F7A1CCF452600886B06 /* libSDL2_image.a in Frameworks */ = {isa = PBXBuildFile; fileRef = A0298F761CCF452600886B06 /* libSDL2_image.a */; };
		A0298F7B1CCF452600886B06 /* libSDL2_mixer.a in Frameworks */ = {isa = PBXBuildFile; fileRef = A0298F771CCF452600886B06 /* libSDL2_mixer.a */; };
		A0298F7C1CCF452600886B06 /* libSDL2_ttf.a in Frameworks */ = {isa = PBXBuildFile; fileRef = A0298F781CCF452600886B06 /* libSDL2_ttf.a */; };
		A0298F7D1CCF452600886B06 /* libSDL2.a in Frameworks */ = {isa = PBXBuildFile; fileRef = A0298F791CCF452600886B06 /* libSDL2.a */; };
		A0298F8A1CCF499A00886B06 /* CoreMotion.framework in Frameworks */ = {isa = PBXBuildFile; fileRef = A0298F891CCF499A00886B06 /* CoreMotion.framework */; };
		A0298F8C1CCF4B1D00886B06 /* Default-568h@2x.png in Resources */ = {isa = PBXBuildFile; fileRef = A0298F8B1CCF4B1D00886B06 /* Default-568h@2x.png */; };
		A03846E11B7EBE76002CFEDD /* BrawlGame.cpp in Sources */ = {isa = PBXBuildFile; fileRef = A03845AB1B7EBE75002CFEDD /* BrawlGame.cpp */; };
		A03846E21B7EBE76002CFEDD /* Action.cpp in Sources */ = {isa = PBXBuildFile; fileRef = A03845AF1B7EBE75002CFEDD /* Action.cpp */; };
		A03846E31B7EBE76002CFEDD /* ActionPerformer.cpp in Sources */ = {isa = PBXBuildFile; fileRef = A03845B11B7EBE75002CFEDD /* ActionPerformer.cpp */; };
		A03846E41B7EBE76002CFEDD /* Attack.cpp in Sources */ = {isa = PBXBuildFile; fileRef = A03845B31B7EBE76002CFEDD /* Attack.cpp */; };
		A03846E51B7EBE76002CFEDD /* Character.cpp in Sources */ = {isa = PBXBuildFile; fileRef = A03845B51B7EBE76002CFEDD /* Character.cpp */; };
		A03846E61B7EBE76002CFEDD /* GameObject.cpp in Sources */ = {isa = PBXBuildFile; fileRef = A03845B71B7EBE76002CFEDD /* GameObject.cpp */; };
		A03846E71B7EBE76002CFEDD /* PhysicalGameObject.cpp in Sources */ = {isa = PBXBuildFile; fileRef = A03845B91B7EBE76002CFEDD /* PhysicalGameObject.cpp */; };
		A03846E81B7EBE76002CFEDD /* Platform.cpp in Sources */ = {isa = PBXBuildFile; fileRef = A03845BB1B7EBE76002CFEDD /* Platform.cpp */; };
		A03846E91B7EBE76002CFEDD /* Stage.cpp in Sources */ = {isa = PBXBuildFile; fileRef = A03845BD1B7EBE76002CFEDD /* Stage.cpp */; };
		A03846EA1B7EBE76002CFEDD /* PlayerInfo.cpp in Sources */ = {isa = PBXBuildFile; fileRef = A03845C01B7EBE76002CFEDD /* PlayerInfo.cpp */; };
		A03846EB1B7EBE76002CFEDD /* Rules.cpp in Sources */ = {isa = PBXBuildFile; fileRef = A03845C21B7EBE76002CFEDD /* Rules.cpp */; };
		A03846EC1B7EBE76002CFEDD /* StockWinCondition.cpp in Sources */ = {isa = PBXBuildFile; fileRef = A03845C51B7EBE76002CFEDD /* StockWinCondition.cpp */; };
		A03846ED1B7EBE76002CFEDD /* TimeLimitWinCondition.cpp in Sources */ = {isa = PBXBuildFile; fileRef = A03845C71B7EBE76002CFEDD /* TimeLimitWinCondition.cpp */; };
		A03846EE1B7EBE76002CFEDD /* WinCondition.cpp in Sources */ = {isa = PBXBuildFile; fileRef = A03845C91B7EBE76002CFEDD /* WinCondition.cpp */; };
		A03846EF1B7EBE76002CFEDD /* Camera.cpp in Sources */ = {isa = PBXBuildFile; fileRef = A03845CC1B7EBE76002CFEDD /* Camera.cpp */; };
		A03846F01B7EBE76002CFEDD /* CharacterInfo.cpp in Sources */ = {isa = PBXBuildFile; fileRef = A03845CF1B7EBE76002CFEDD /* CharacterInfo.cpp */; };
		A03846F11B7EBE76002CFEDD /* CharacterLoader.cpp in Sources */ = {isa = PBXBuildFile; fileRef = A03845D11B7EBE76002CFEDD /* CharacterLoader.cpp */; };
		A03846F21B7EBE76002CFEDD /* StageInfo.cpp in Sources */ = {isa = PBXBuildFile; fileRef = A03845D31B7EBE76002CFEDD /* StageInfo.cpp */; };
		A03846F31B7EBE76002CFEDD /* StageLoader.cpp in Sources */ = {isa = PBXBuildFile; fileRef = A03845D51B7EBE76002CFEDD /* StageLoader.cpp */; };
		A03847461B7EBE76002CFEDD /* Game.cpp in Sources */ = {isa = PBXBuildFile; fileRef = A03846A01B7EBE76002CFEDD /* Game.cpp */; };
		A03847471B7EBE76002CFEDD /* InitialLoadListener.cpp in Sources */ = {isa = PBXBuildFile; fileRef = A03846A41B7EBE76002CFEDD /* InitialLoadListener.cpp */; };
		A03847481B7EBE76002CFEDD /* MenuLoad.cpp in Sources */ = {isa = PBXBuildFile; fileRef = A03846A61B7EBE76002CFEDD /* MenuLoad.cpp */; };
		A03847491B7EBE76002CFEDD /* ModuleLoad.cpp in Sources */ = {isa = PBXBuildFile; fileRef = A03846A81B7EBE76002CFEDD /* ModuleLoad.cpp */; };
		A038474A1B7EBE76002CFEDD /* main.cpp in Sources */ = {isa = PBXBuildFile; fileRef = A03846AA1B7EBE76002CFEDD /* main.cpp */; };
		A038474B1B7EBE76002CFEDD /* BaseMenuScreen.cpp in Sources */ = {isa = PBXBuildFile; fileRef = A03846AD1B7EBE76002CFEDD /* BaseMenuScreen.cpp */; };
		A038474C1B7EBE76002CFEDD /* CharacterSelect_CharacterIcon.cpp in Sources */ = {isa = PBXBuildFile; fileRef = A03846B01B7EBE76002CFEDD /* CharacterSelect_CharacterIcon.cpp */; };
		A038474D1B7EBE76002CFEDD /* CharacterSelect_PlayerChip.cpp in Sources */ = {isa = PBXBuildFile; fileRef = A03846B21B7EBE76002CFEDD /* CharacterSelect_PlayerChip.cpp */; };
		A038474E1B7EBE76002CFEDD /* CharacterSelect_PlayerPanel.cpp in Sources */ = {isa = PBXBuildFile; fileRef = A03846B41B7EBE76002CFEDD /* CharacterSelect_PlayerPanel.cpp */; };
		A038474F1B7EBE76002CFEDD /* CharacterSelect_ReadyToFightBanner.cpp in Sources */ = {isa = PBXBuildFile; fileRef = A03846B61B7EBE76002CFEDD /* CharacterSelect_ReadyToFightBanner.cpp */; };
		A03847501B7EBE76002CFEDD /* CharacterSelectScreen.cpp in Sources */ = {isa = PBXBuildFile; fileRef = A03846B81B7EBE76002CFEDD /* CharacterSelectScreen.cpp */; };
		A03847511B7EBE76002CFEDD /* StageSelect_StageIcon.cpp in Sources */ = {isa = PBXBuildFile; fileRef = A03846BB1B7EBE76002CFEDD /* StageSelect_StageIcon.cpp */; };
		A03847521B7EBE76002CFEDD /* StageSelect_StagePreview.cpp in Sources */ = {isa = PBXBuildFile; fileRef = A03846BD1B7EBE76002CFEDD /* StageSelect_StagePreview.cpp */; };
		A03847531B7EBE76002CFEDD /* StageSelectScreen.cpp in Sources */ = {isa = PBXBuildFile; fileRef = A03846BF1B7EBE76002CFEDD /* StageSelectScreen.cpp */; };
		A03847541B7EBE76002CFEDD /* ActorGrid.cpp in Sources */ = {isa = PBXBuildFile; fileRef = A03846C21B7EBE76002CFEDD /* ActorGrid.cpp */; };
		A03847551B7EBE76002CFEDD /* ArrowButton.cpp in Sources */ = {isa = PBXBuildFile; fileRef = A03846C41B7EBE76002CFEDD /* ArrowButton.cpp */; };
		A03847561B7EBE76002CFEDD /* MenuBar.cpp in Sources */ = {isa = PBXBuildFile; fileRef = A03846C61B7EBE76002CFEDD /* MenuBar.cpp */; };
		A03847571B7EBE76002CFEDD /* MenuBarValueAdjust.cpp in Sources */ = {isa = PBXBuildFile; fileRef = A03846C81B7EBE76002CFEDD /* MenuBarValueAdjust.cpp */; };
		A03847581B7EBE76002CFEDD /* RulesBar.cpp in Sources */ = {isa = PBXBuildFile; fileRef = A03846CA1B7EBE76002CFEDD /* RulesBar.cpp */; };
		A03847591B7EBE76002CFEDD /* GroupMenu.cpp in Sources */ = {isa = PBXBuildFile; fileRef = A03846CD1B7EBE76002CFEDD /* GroupMenu.cpp */; };
		A038475A1B7EBE76002CFEDD /* GroupRulesMenu.cpp in Sources */ = {isa = PBXBuildFile; fileRef = A03846CF1B7EBE76002CFEDD /* GroupRulesMenu.cpp */; };
		A038475B1B7EBE76002CFEDD /* GroupSmashCharacterSelectMenu.cpp in Sources */ = {isa = PBXBuildFile; fileRef = A03846D11B7EBE76002CFEDD /* GroupSmashCharacterSelectMenu.cpp */; };
		A038475C1B7EBE76002CFEDD /* GroupSmashStageSelectMenu.cpp in Sources */ = {isa = PBXBuildFile; fileRef = A03846D31B7EBE76002CFEDD /* GroupSmashStageSelectMenu.cpp */; };
		A038475D1B7EBE76002CFEDD /* MainMenu.cpp in Sources */ = {isa = PBXBuildFile; fileRef = A03846D51B7EBE76002CFEDD /* MainMenu.cpp */; };
		A038475E1B7EBE76002CFEDD /* GroupSmashData.cpp in Sources */ = {isa = PBXBuildFile; fileRef = A03846D81B7EBE76002CFEDD /* GroupSmashData.cpp */; };
		A038475F1B7EBE76002CFEDD /* SmashData.cpp in Sources */ = {isa = PBXBuildFile; fileRef = A03846DA1B7EBE76002CFEDD /* SmashData.cpp */; };
		A03847601B7EBE76002CFEDD /* SoloMenu.cpp in Sources */ = {isa = PBXBuildFile; fileRef = A03846DD1B7EBE76002CFEDD /* SoloMenu.cpp */; };
		A03847611B7EBE76002CFEDD /* TitleScreen.cpp in Sources */ = {isa = PBXBuildFile; fileRef = A03846DF1B7EBE76002CFEDD /* TitleScreen.cpp */; };
		A03847EA1B7ED24F002CFEDD /* Foundation.framework in Frameworks */ = {isa = PBXBuildFile; fileRef = A03847E91B7ED24F002CFEDD /* Foundation.framework */; };
		A03847EC1B7ED25C002CFEDD /* UIKit.framework in Frameworks */ = {isa = PBXBuildFile; fileRef = A03847EB1B7ED25C002CFEDD /* UIKit.framework */; };
		A03847EE1B7ED266002CFEDD /* CoreGraphics.framework in Frameworks */ = {isa = PBXBuildFile; fileRef = A03847ED1B7ED266002CFEDD /* CoreGraphics.framework */; };
		A03847F01B7ED27A002CFEDD /* AudioToolbox.framework in Frameworks */ = {isa = PBXBuildFile; fileRef = A03847EF1B7ED27A002CFEDD /* AudioToolbox.framework */; };
		A03847F21B7ED294002CFEDD /* CoreAudio.framework in Frameworks */ = {isa = PBXBuildFile; fileRef = A03847F11B7ED294002CFEDD /* CoreAudio.framework */; };
		A03847F41B7ED2AF002CFEDD /* OpenGLES.framework in Frameworks */ = {isa = PBXBuildFile; fileRef = A03847F31B7ED2AF002CFEDD /* OpenGLES.framework */; };
		A03847F61B7ED2C8002CFEDD /* QuartzCore.framework in Frameworks */ = {isa = PBXBuildFile; fileRef = A03847F51B7ED2C8002CFEDD /* QuartzCore.framework */; };
		A03847F81B7ED2E2002CFEDD /* GameKit.framework in Frameworks */ = {isa = PBXBuildFile; fileRef = A03847F71B7ED2E2002CFEDD /* GameKit.framework */; };
		A03847FA1B7ED2FA002CFEDD /* MobileCoreServices.framework in Frameworks */ = {isa = PBXBuildFile; fileRef = A03847F91B7ED2FA002CFEDD /* MobileCoreServices.framework */; };
		A03847FC1B7ED30A002CFEDD /* ImageIO.framework in Frameworks */ = {isa = PBXBuildFile; fileRef = A03847FB1B7ED30A002CFEDD /* ImageIO.framework */; };
		A052EDC41B7F9D8F0048FA55 /* assets in Resources */ = {isa = PBXBuildFile; fileRef = A052EDC31B7F9D8F0048FA55 /* assets */; };
/* End PBXBuildFile section */

/* Begin PBXFileReference section */
		A0298DB71CCF3E9600886B06 /* libGameLibrary.a */ = {isa = PBXFileReference; lastKnownFileType = archive.ar; name = libGameLibrary.a; path = "../../external/GameLibrary/projects/xcode/build/Debug-iphoneos/libGameLibrary.a"; sourceTree = "<group>"; };
		A0298F761CCF452600886B06 /* libSDL2_image.a */ = {isa = PBXFileReference; lastKnownFileType = archive.ar; path = libSDL2_image.a; sourceTree = "<group>"; };
		A0298F771CCF452600886B06 /* libSDL2_mixer.a */ = {isa = PBXFileReference; lastKnownFileType = archive.ar; path = libSDL2_mixer.a; sourceTree = "<group>"; };
		A0298F781CCF452600886B06 /* libSDL2_ttf.a */ = {isa = PBXFileReference; lastKnownFileType = archive.ar; path = libSDL2_ttf.a; sourceTree = "<group>"; };
		A0298F791CCF452600886B06 /* libSDL2.a */ = {isa = PBXFileReference; lastKnownFileType = archive.ar; path = libSDL2.a; sourceTree = "<group>"; };
		A0298F891CCF499A00886B06 /* CoreMotion.framework */ = {isa = PBXFileReference; lastKnownFileType = wrapper.framework; name = CoreMotion.framework; path = System/Library/Frameworks/CoreMotion.framework; sourceTree = SDKROOT; };
		A0298F8B1CCF4B1D00886B06 /* Default-568h@2x.png */ = {isa = PBXFileReference; lastKnownFileType = image.png; path = "Default-568h@2x.png"; sourceTree = "<group>"; };
		A038457D1B7EBD77002CFEDD /* MobileBrawler.app */ = {isa = PBXFileReference; explicitFileType = wrapper.application; includeInIndex = 0; path = MobileBrawler.app; sourceTree = BUILT_PRODUCTS_DIR; };
		A03845811B7EBD77002CFEDD /* Info.plist */ = {isa = PBXFileReference; lastKnownFileType = text.plist.xml; path = Info.plist; sourceTree = "<group>"; };
		A03845A91B7EBE75002CFEDD /* BrawlerLibrary.h */ = {isa = PBXFileReference; fileEncoding = 4; lastKnownFileType = sourcecode.c.h; path = BrawlerLibrary.h; sourceTree = "<group>"; };
		A03845AB1B7EBE75002CFEDD /* BrawlGame.cpp */ = {isa = PBXFileReference; fileEncoding = 4; lastKnownFileType = sourcecode.cpp.cpp; path = BrawlGame.cpp; sourceTree = "<group>"; };
		A03845AC1B7EBE75002CFEDD /* BrawlGame.h */ = {isa = PBXFileReference; fileEncoding = 4; lastKnownFileType = sourcecode.c.h; path = BrawlGame.h; sourceTree = "<group>"; };
		A03845AF1B7EBE75002CFEDD /* Action.cpp */ = {isa = PBXFileReference; fileEncoding = 4; lastKnownFileType = sourcecode.cpp.cpp; path = Action.cpp; sourceTree = "<group>"; };
		A03845B01B7EBE75002CFEDD /* Action.h */ = {isa = PBXFileReference; fileEncoding = 4; lastKnownFileType = sourcecode.c.h; path = Action.h; sourceTree = "<group>"; };
		A03845B11B7EBE75002CFEDD /* ActionPerformer.cpp */ = {isa = PBXFileReference; fileEncoding = 4; lastKnownFileType = sourcecode.cpp.cpp; path = ActionPerformer.cpp; sourceTree = "<group>"; };
		A03845B21B7EBE76002CFEDD /* ActionPerformer.h */ = {isa = PBXFileReference; fileEncoding = 4; lastKnownFileType = sourcecode.c.h; path = ActionPerformer.h; sourceTree = "<group>"; };
		A03845B31B7EBE76002CFEDD /* Attack.cpp */ = {isa = PBXFileReference; fileEncoding = 4; lastKnownFileType = sourcecode.cpp.cpp; path = Attack.cpp; sourceTree = "<group>"; };
		A03845B41B7EBE76002CFEDD /* Attack.h */ = {isa = PBXFileReference; fileEncoding = 4; lastKnownFileType = sourcecode.c.h; path = Attack.h; sourceTree = "<group>"; };
		A03845B51B7EBE76002CFEDD /* Character.cpp */ = {isa = PBXFileReference; fileEncoding = 4; lastKnownFileType = sourcecode.cpp.cpp; path = Character.cpp; sourceTree = "<group>"; };
		A03845B61B7EBE76002CFEDD /* Character.h */ = {isa = PBXFileReference; fileEncoding = 4; lastKnownFileType = sourcecode.c.h; path = Character.h; sourceTree = "<group>"; };
		A03845B71B7EBE76002CFEDD /* GameObject.cpp */ = {isa = PBXFileReference; fileEncoding = 4; lastKnownFileType = sourcecode.cpp.cpp; path = GameObject.cpp; sourceTree = "<group>"; };
		A03845B81B7EBE76002CFEDD /* GameObject.h */ = {isa = PBXFileReference; fileEncoding = 4; lastKnownFileType = sourcecode.c.h; path = GameObject.h; sourceTree = "<group>"; };
		A03845B91B7EBE76002CFEDD /* PhysicalGameObject.cpp */ = {isa = PBXFileReference; fileEncoding = 4; lastKnownFileType = sourcecode.cpp.cpp; path = PhysicalGameObject.cpp; sourceTree = "<group>"; };
		A03845BA1B7EBE76002CFEDD /* PhysicalGameObject.h */ = {isa = PBXFileReference; fileEncoding = 4; lastKnownFileType = sourcecode.c.h; path = PhysicalGameObject.h; sourceTree = "<group>"; };
		A03845BB1B7EBE76002CFEDD /* Platform.cpp */ = {isa = PBXFileReference; fileEncoding = 4; lastKnownFileType = sourcecode.cpp.cpp; path = Platform.cpp; sourceTree = "<group>"; };
		A03845BC1B7EBE76002CFEDD /* Platform.h */ = {isa = PBXFileReference; fileEncoding = 4; lastKnownFileType = sourcecode.c.h; path = Platform.h; sourceTree = "<group>"; };
		A03845BD1B7EBE76002CFEDD /* Stage.cpp */ = {isa = PBXFileReference; fileEncoding = 4; lastKnownFileType = sourcecode.cpp.cpp; path = Stage.cpp; sourceTree = "<group>"; };
		A03845BE1B7EBE76002CFEDD /* Stage.h */ = {isa = PBXFileReference; fileEncoding = 4; lastKnownFileType = sourcecode.c.h; path = Stage.h; sourceTree = "<group>"; };
		A03845C01B7EBE76002CFEDD /* PlayerInfo.cpp */ = {isa = PBXFileReference; fileEncoding = 4; lastKnownFileType = sourcecode.cpp.cpp; path = PlayerInfo.cpp; sourceTree = "<group>"; };
		A03845C11B7EBE76002CFEDD /* PlayerInfo.h */ = {isa = PBXFileReference; fileEncoding = 4; lastKnownFileType = sourcecode.c.h; path = PlayerInfo.h; sourceTree = "<group>"; };
		A03845C21B7EBE76002CFEDD /* Rules.cpp */ = {isa = PBXFileReference; fileEncoding = 4; lastKnownFileType = sourcecode.cpp.cpp; path = Rules.cpp; sourceTree = "<group>"; };
		A03845C31B7EBE76002CFEDD /* Rules.h */ = {isa = PBXFileReference; fileEncoding = 4; lastKnownFileType = sourcecode.c.h; path = Rules.h; sourceTree = "<group>"; };
		A03845C51B7EBE76002CFEDD /* StockWinCondition.cpp */ = {isa = PBXFileReference; fileEncoding = 4; lastKnownFileType = sourcecode.cpp.cpp; path = StockWinCondition.cpp; sourceTree = "<group>"; };
		A03845C61B7EBE76002CFEDD /* StockWinCondition.h */ = {isa = PBXFileReference; fileEncoding = 4; lastKnownFileType = sourcecode.c.h; path = StockWinCondition.h; sourceTree = "<group>"; };
		A03845C71B7EBE76002CFEDD /* TimeLimitWinCondition.cpp */ = {isa = PBXFileReference; fileEncoding = 4; lastKnownFileType = sourcecode.cpp.cpp; path = TimeLimitWinCondition.cpp; sourceTree = "<group>"; };
		A03845C81B7EBE76002CFEDD /* TimeLimitWinCondition.h */ = {isa = PBXFileReference; fileEncoding = 4; lastKnownFileType = sourcecode.c.h; path = TimeLimitWinCondition.h; sourceTree = "<group>"; };
		A03845C91B7EBE76002CFEDD /* WinCondition.cpp */ = {isa = PBXFileReference; fileEncoding = 4; lastKnownFileType = sourcecode.cpp.cpp; path = WinCondition.cpp; sourceTree = "<group>"; };
		A03845CA1B7EBE76002CFEDD /* WinCondition.h */ = {isa = PBXFileReference; fileEncoding = 4; lastKnownFileType = sourcecode.c.h; path = WinCondition.h; sourceTree = "<group>"; };
		A03845CC1B7EBE76002CFEDD /* Camera.cpp */ = {isa = PBXFileReference; fileEncoding = 4; lastKnownFileType = sourcecode.cpp.cpp; path = Camera.cpp; sourceTree = "<group>"; };
		A03845CD1B7EBE76002CFEDD /* Camera.h */ = {isa = PBXFileReference; fileEncoding = 4; lastKnownFileType = sourcecode.c.h; path = Camera.h; sourceTree = "<group>"; };
		A03845CF1B7EBE76002CFEDD /* CharacterInfo.cpp */ = {isa = PBXFileReference; fileEncoding = 4; lastKnownFileType = sourcecode.cpp.cpp; path = CharacterInfo.cpp; sourceTree = "<group>"; };
		A03845D01B7EBE76002CFEDD /* CharacterInfo.h */ = {isa = PBXFileReference; fileEncoding = 4; lastKnownFileType = sourcecode.c.h; path = CharacterInfo.h; sourceTree = "<group>"; };
		A03845D11B7EBE76002CFEDD /* CharacterLoader.cpp */ = {isa = PBXFileReference; fileEncoding = 4; lastKnownFileType = sourcecode.cpp.cpp; path = CharacterLoader.cpp; sourceTree = "<group>"; };
		A03845D21B7EBE76002CFEDD /* CharacterLoader.h */ = {isa = PBXFileReference; fileEncoding = 4; lastKnownFileType = sourcecode.c.h; path = CharacterLoader.h; sourceTree = "<group>"; };
		A03845D31B7EBE76002CFEDD /* StageInfo.cpp */ = {isa = PBXFileReference; fileEncoding = 4; lastKnownFileType = sourcecode.cpp.cpp; path = StageInfo.cpp; sourceTree = "<group>"; };
		A03845D41B7EBE76002CFEDD /* StageInfo.h */ = {isa = PBXFileReference; fileEncoding = 4; lastKnownFileType = sourcecode.c.h; path = StageInfo.h; sourceTree = "<group>"; };
		A03845D51B7EBE76002CFEDD /* StageLoader.cpp */ = {isa = PBXFileReference; fileEncoding = 4; lastKnownFileType = sourcecode.cpp.cpp; path = StageLoader.cpp; sourceTree = "<group>"; };
		A03845D61B7EBE76002CFEDD /* StageLoader.h */ = {isa = PBXFileReference; fileEncoding = 4; lastKnownFileType = sourcecode.c.h; path = StageLoader.h; sourceTree = "<group>"; };
		A03845D81B7EBE76002CFEDD /* FaceDirection.h */ = {isa = PBXFileReference; fileEncoding = 4; lastKnownFileType = sourcecode.c.h; path = FaceDirection.h; sourceTree = "<group>"; };
		A03846A01B7EBE76002CFEDD /* Game.cpp */ = {isa = PBXFileReference; fileEncoding = 4; lastKnownFileType = sourcecode.cpp.cpp; path = Game.cpp; sourceTree = "<group>"; };
		A03846A11B7EBE76002CFEDD /* Game.h */ = {isa = PBXFileReference; fileEncoding = 4; lastKnownFileType = sourcecode.c.h; path = Game.h; sourceTree = "<group>"; };
		A03846A21B7EBE76002CFEDD /* Global.h */ = {isa = PBXFileReference; fileEncoding = 4; lastKnownFileType = sourcecode.c.h; path = Global.h; sourceTree = "<group>"; };
		A03846A41B7EBE76002CFEDD /* InitialLoadListener.cpp */ = {isa = PBXFileReference; fileEncoding = 4; lastKnownFileType = sourcecode.cpp.cpp; path = InitialLoadListener.cpp; sourceTree = "<group>"; };
		A03846A51B7EBE76002CFEDD /* InitialLoadListener.h */ = {isa = PBXFileReference; fileEncoding = 4; lastKnownFileType = sourcecode.c.h; path = InitialLoadListener.h; sourceTree = "<group>"; };
		A03846A61B7EBE76002CFEDD /* MenuLoad.cpp */ = {isa = PBXFileReference; fileEncoding = 4; lastKnownFileType = sourcecode.cpp.cpp; path = MenuLoad.cpp; sourceTree = "<group>"; };
		A03846A71B7EBE76002CFEDD /* MenuLoad.h */ = {isa = PBXFileReference; fileEncoding = 4; lastKnownFileType = sourcecode.c.h; path = MenuLoad.h; sourceTree = "<group>"; };
		A03846A81B7EBE76002CFEDD /* ModuleLoad.cpp */ = {isa = PBXFileReference; fileEncoding = 4; lastKnownFileType = sourcecode.cpp.cpp; path = ModuleLoad.cpp; sourceTree = "<group>"; };
		A03846A91B7EBE76002CFEDD /* ModuleLoad.h */ = {isa = PBXFileReference; fileEncoding = 4; lastKnownFileType = sourcecode.c.h; path = ModuleLoad.h; sourceTree = "<group>"; };
		A03846AA1B7EBE76002CFEDD /* main.cpp */ = {isa = PBXFileReference; fileEncoding = 4; lastKnownFileType = sourcecode.cpp.cpp; path = main.cpp; sourceTree = "<group>"; };
		A03846AD1B7EBE76002CFEDD /* BaseMenuScreen.cpp */ = {isa = PBXFileReference; fileEncoding = 4; lastKnownFileType = sourcecode.cpp.cpp; path = BaseMenuScreen.cpp; sourceTree = "<group>"; };
		A03846AE1B7EBE76002CFEDD /* BaseMenuScreen.h */ = {isa = PBXFileReference; fileEncoding = 4; lastKnownFileType = sourcecode.c.h; path = BaseMenuScreen.h; sourceTree = "<group>"; };
		A03846B01B7EBE76002CFEDD /* CharacterSelect_CharacterIcon.cpp */ = {isa = PBXFileReference; fileEncoding = 4; lastKnownFileType = sourcecode.cpp.cpp; path = CharacterSelect_CharacterIcon.cpp; sourceTree = "<group>"; };
		A03846B11B7EBE76002CFEDD /* CharacterSelect_CharacterIcon.h */ = {isa = PBXFileReference; fileEncoding = 4; lastKnownFileType = sourcecode.c.h; path = CharacterSelect_CharacterIcon.h; sourceTree = "<group>"; };
		A03846B21B7EBE76002CFEDD /* CharacterSelect_PlayerChip.cpp */ = {isa = PBXFileReference; fileEncoding = 4; lastKnownFileType = sourcecode.cpp.cpp; path = CharacterSelect_PlayerChip.cpp; sourceTree = "<group>"; };
		A03846B31B7EBE76002CFEDD /* CharacterSelect_PlayerChip.h */ = {isa = PBXFileReference; fileEncoding = 4; lastKnownFileType = sourcecode.c.h; path = CharacterSelect_PlayerChip.h; sourceTree = "<group>"; };
		A03846B41B7EBE76002CFEDD /* CharacterSelect_PlayerPanel.cpp */ = {isa = PBXFileReference; fileEncoding = 4; lastKnownFileType = sourcecode.cpp.cpp; path = CharacterSelect_PlayerPanel.cpp; sourceTree = "<group>"; };
		A03846B51B7EBE76002CFEDD /* CharacterSelect_PlayerPanel.h */ = {isa = PBXFileReference; fileEncoding = 4; lastKnownFileType = sourcecode.c.h; path = CharacterSelect_PlayerPanel.h; sourceTree = "<group>"; };
		A03846B61B7EBE76002CFEDD /* CharacterSelect_ReadyToFightBanner.cpp */ = {isa = PBXFileReference; fileEncoding = 4; lastKnownFileType = sourcecode.cpp.cpp; path = CharacterSelect_ReadyToFightBanner.cpp; sourceTree = "<group>"; };
		A03846B71B7EBE76002CFEDD /* CharacterSelect_ReadyToFightBanner.h */ = {isa = PBXFileReference; fileEncoding = 4; lastKnownFileType = sourcecode.c.h; path = CharacterSelect_ReadyToFightBanner.h; sourceTree = "<group>"; };
		A03846B81B7EBE76002CFEDD /* CharacterSelectScreen.cpp */ = {isa = PBXFileReference; fileEncoding = 4; lastKnownFileType = sourcecode.cpp.cpp; path = CharacterSelectScreen.cpp; sourceTree = "<group>"; };
		A03846B91B7EBE76002CFEDD /* CharacterSelectScreen.h */ = {isa = PBXFileReference; fileEncoding = 4; lastKnownFileType = sourcecode.c.h; path = CharacterSelectScreen.h; sourceTree = "<group>"; };
		A03846BB1B7EBE76002CFEDD /* StageSelect_StageIcon.cpp */ = {isa = PBXFileReference; fileEncoding = 4; lastKnownFileType = sourcecode.cpp.cpp; path = StageSelect_StageIcon.cpp; sourceTree = "<group>"; };
		A03846BC1B7EBE76002CFEDD /* StageSelect_StageIcon.h */ = {isa = PBXFileReference; fileEncoding = 4; lastKnownFileType = sourcecode.c.h; path = StageSelect_StageIcon.h; sourceTree = "<group>"; };
		A03846BD1B7EBE76002CFEDD /* StageSelect_StagePreview.cpp */ = {isa = PBXFileReference; fileEncoding = 4; lastKnownFileType = sourcecode.cpp.cpp; path = StageSelect_StagePreview.cpp; sourceTree = "<group>"; };
		A03846BE1B7EBE76002CFEDD /* StageSelect_StagePreview.h */ = {isa = PBXFileReference; fileEncoding = 4; lastKnownFileType = sourcecode.c.h; path = StageSelect_StagePreview.h; sourceTree = "<group>"; };
		A03846BF1B7EBE76002CFEDD /* StageSelectScreen.cpp */ = {isa = PBXFileReference; fileEncoding = 4; lastKnownFileType = sourcecode.cpp.cpp; path = StageSelectScreen.cpp; sourceTree = "<group>"; };
		A03846C01B7EBE76002CFEDD /* StageSelectScreen.h */ = {isa = PBXFileReference; fileEncoding = 4; lastKnownFileType = sourcecode.c.h; path = StageSelectScreen.h; sourceTree = "<group>"; };
		A03846C21B7EBE76002CFEDD /* ActorGrid.cpp */ = {isa = PBXFileReference; fileEncoding = 4; lastKnownFileType = sourcecode.cpp.cpp; path = ActorGrid.cpp; sourceTree = "<group>"; };
		A03846C31B7EBE76002CFEDD /* ActorGrid.h */ = {isa = PBXFileReference; fileEncoding = 4; lastKnownFileType = sourcecode.c.h; path = ActorGrid.h; sourceTree = "<group>"; };
		A03846C41B7EBE76002CFEDD /* ArrowButton.cpp */ = {isa = PBXFileReference; fileEncoding = 4; lastKnownFileType = sourcecode.cpp.cpp; path = ArrowButton.cpp; sourceTree = "<group>"; };
		A03846C51B7EBE76002CFEDD /* ArrowButton.h */ = {isa = PBXFileReference; fileEncoding = 4; lastKnownFileType = sourcecode.c.h; path = ArrowButton.h; sourceTree = "<group>"; };
		A03846C61B7EBE76002CFEDD /* MenuBar.cpp */ = {isa = PBXFileReference; fileEncoding = 4; lastKnownFileType = sourcecode.cpp.cpp; path = MenuBar.cpp; sourceTree = "<group>"; };
		A03846C71B7EBE76002CFEDD /* MenuBar.h */ = {isa = PBXFileReference; fileEncoding = 4; lastKnownFileType = sourcecode.c.h; path = MenuBar.h; sourceTree = "<group>"; };
		A03846C81B7EBE76002CFEDD /* MenuBarValueAdjust.cpp */ = {isa = PBXFileReference; fileEncoding = 4; lastKnownFileType = sourcecode.cpp.cpp; path = MenuBarValueAdjust.cpp; sourceTree = "<group>"; };
		A03846C91B7EBE76002CFEDD /* MenuBarValueAdjust.h */ = {isa = PBXFileReference; fileEncoding = 4; lastKnownFileType = sourcecode.c.h; path = MenuBarValueAdjust.h; sourceTree = "<group>"; };
		A03846CA1B7EBE76002CFEDD /* RulesBar.cpp */ = {isa = PBXFileReference; fileEncoding = 4; lastKnownFileType = sourcecode.cpp.cpp; path = RulesBar.cpp; sourceTree = "<group>"; };
		A03846CB1B7EBE76002CFEDD /* RulesBar.h */ = {isa = PBXFileReference; fileEncoding = 4; lastKnownFileType = sourcecode.c.h; path = RulesBar.h; sourceTree = "<group>"; };
		A03846CD1B7EBE76002CFEDD /* GroupMenu.cpp */ = {isa = PBXFileReference; fileEncoding = 4; lastKnownFileType = sourcecode.cpp.cpp; path = GroupMenu.cpp; sourceTree = "<group>"; };
		A03846CE1B7EBE76002CFEDD /* GroupMenu.h */ = {isa = PBXFileReference; fileEncoding = 4; lastKnownFileType = sourcecode.c.h; path = GroupMenu.h; sourceTree = "<group>"; };
		A03846CF1B7EBE76002CFEDD /* GroupRulesMenu.cpp */ = {isa = PBXFileReference; fileEncoding = 4; lastKnownFileType = sourcecode.cpp.cpp; path = GroupRulesMenu.cpp; sourceTree = "<group>"; };
		A03846D01B7EBE76002CFEDD /* GroupRulesMenu.h */ = {isa = PBXFileReference; fileEncoding = 4; lastKnownFileType = sourcecode.c.h; path = GroupRulesMenu.h; sourceTree = "<group>"; };
		A03846D11B7EBE76002CFEDD /* GroupSmashCharacterSelectMenu.cpp */ = {isa = PBXFileReference; fileEncoding = 4; lastKnownFileType = sourcecode.cpp.cpp; path = GroupSmashCharacterSelectMenu.cpp; sourceTree = "<group>"; };
		A03846D21B7EBE76002CFEDD /* GroupSmashCharacterSelectMenu.h */ = {isa = PBXFileReference; fileEncoding = 4; lastKnownFileType = sourcecode.c.h; path = GroupSmashCharacterSelectMenu.h; sourceTree = "<group>"; };
		A03846D31B7EBE76002CFEDD /* GroupSmashStageSelectMenu.cpp */ = {isa = PBXFileReference; fileEncoding = 4; lastKnownFileType = sourcecode.cpp.cpp; path = GroupSmashStageSelectMenu.cpp; sourceTree = "<group>"; };
		A03846D41B7EBE76002CFEDD /* GroupSmashStageSelectMenu.h */ = {isa = PBXFileReference; fileEncoding = 4; lastKnownFileType = sourcecode.c.h; path = GroupSmashStageSelectMenu.h; sourceTree = "<group>"; };
		A03846D51B7EBE76002CFEDD /* MainMenu.cpp */ = {isa = PBXFileReference; fileEncoding = 4; lastKnownFileType = sourcecode.cpp.cpp; path = MainMenu.cpp; sourceTree = "<group>"; };
		A03846D61B7EBE76002CFEDD /* MainMenu.h */ = {isa = PBXFileReference; fileEncoding = 4; lastKnownFileType = sourcecode.c.h; path = MainMenu.h; sourceTree = "<group>"; };
		A03846D81B7EBE76002CFEDD /* GroupSmashData.cpp */ = {isa = PBXFileReference; fileEncoding = 4; lastKnownFileType = sourcecode.cpp.cpp; path = GroupSmashData.cpp; sourceTree = "<group>"; };
		A03846D91B7EBE76002CFEDD /* GroupSmashData.h */ = {isa = PBXFileReference; fileEncoding = 4; lastKnownFileType = sourcecode.c.h; path = GroupSmashData.h; sourceTree = "<group>"; };
		A03846DA1B7EBE76002CFEDD /* SmashData.cpp */ = {isa = PBXFileReference; fileEncoding = 4; lastKnownFileType = sourcecode.cpp.cpp; path = SmashData.cpp; sourceTree = "<group>"; };
		A03846DB1B7EBE76002CFEDD /* SmashData.h */ = {isa = PBXFileReference; fileEncoding = 4; lastKnownFileType = sourcecode.c.h; path = SmashData.h; sourceTree = "<group>"; };
		A03846DD1B7EBE76002CFEDD /* SoloMenu.cpp */ = {isa = PBXFileReference; fileEncoding = 4; lastKnownFileType = sourcecode.cpp.cpp; path = SoloMenu.cpp; sourceTree = "<group>"; };
		A03846DE1B7EBE76002CFEDD /* SoloMenu.h */ = {isa = PBXFileReference; fileEncoding = 4; lastKnownFileType = sourcecode.c.h; path = SoloMenu.h; sourceTree = "<group>"; };
		A03846DF1B7EBE76002CFEDD /* TitleScreen.cpp */ = {isa = PBXFileReference; fileEncoding = 4; lastKnownFileType = sourcecode.cpp.cpp; path = TitleScreen.cpp; sourceTree = "<group>"; };
		A03846E01B7EBE76002CFEDD /* TitleScreen.h */ = {isa = PBXFileReference; fileEncoding = 4; lastKnownFileType = sourcecode.c.h; path = TitleScreen.h; sourceTree = "<group>"; };
		A03847E91B7ED24F002CFEDD /* Foundation.framework */ = {isa = PBXFileReference; lastKnownFileType = wrapper.framework; name = Foundation.framework; path = System/Library/Frameworks/Foundation.framework; sourceTree = SDKROOT; };
		A03847EB1B7ED25C002CFEDD /* UIKit.framework */ = {isa = PBXFileReference; lastKnownFileType = wrapper.framework; name = UIKit.framework; path = System/Library/Frameworks/UIKit.framework; sourceTree = SDKROOT; };
		A03847ED1B7ED266002CFEDD /* CoreGraphics.framework */ = {isa = PBXFileReference; lastKnownFileType = wrapper.framework; name = CoreGraphics.framework; path = System/Library/Frameworks/CoreGraphics.framework; sourceTree = SDKROOT; };
		A03847EF1B7ED27A002CFEDD /* AudioToolbox.framework */ = {isa = PBXFileReference; lastKnownFileType = wrapper.framework; name = AudioToolbox.framework; path = System/Library/Frameworks/AudioToolbox.framework; sourceTree = SDKROOT; };
		A03847F11B7ED294002CFEDD /* CoreAudio.framework */ = {isa = PBXFileReference; lastKnownFileType = wrapper.framework; name = CoreAudio.framework; path = System/Library/Frameworks/CoreAudio.framework; sourceTree = SDKROOT; };
		A03847F31B7ED2AF002CFEDD /* OpenGLES.framework */ = {isa = PBXFileReference; lastKnownFileType = wrapper.framework; name = OpenGLES.framework; path = System/Library/Frameworks/OpenGLES.framework; sourceTree = SDKROOT; };
		A03847F51B7ED2C8002CFEDD /* QuartzCore.framework */ = {isa = PBXFileReference; lastKnownFileType = wrapper.framework; name = QuartzCore.framework; path = System/Library/Frameworks/QuartzCore.framework; sourceTree = SDKROOT; };
		A03847F71B7ED2E2002CFEDD /* GameKit.framework */ = {isa = PBXFileReference; lastKnownFileType = wrapper.framework; name = GameKit.framework; path = System/Library/Frameworks/GameKit.framework; sourceTree = SDKROOT; };
		A03847F91B7ED2FA002CFEDD /* MobileCoreServices.framework */ = {isa = PBXFileReference; lastKnownFileType = wrapper.framework; name = MobileCoreServices.framework; path = System/Library/Frameworks/MobileCoreServices.framework; sourceTree = SDKROOT; };
		A03847FB1B7ED30A002CFEDD /* ImageIO.framework */ = {isa = PBXFileReference; lastKnownFileType = wrapper.framework; name = ImageIO.framework; path = System/Library/Frameworks/ImageIO.framework; sourceTree = SDKROOT; };
		A052EDC31B7F9D8F0048FA55 /* assets */ = {isa = PBXFileReference; lastKnownFileType = folder; name = assets; path = ../../assets; sourceTree = "<group>"; };
/* End PBXFileReference section */

/* Begin PBXFrameworksBuildPhase section */
		A038457A1B7EBD77002CFEDD /* Frameworks */ = {
			isa = PBXFrameworksBuildPhase;
			buildActionMask = 2147483647;
			files = (
				A0298F8A1CCF499A00886B06 /* CoreMotion.framework in Frameworks */,
				A0298DB81CCF3E9600886B06 /* libGameLibrary.a in Frameworks */,
				A03847F01B7ED27A002CFEDD /* AudioToolbox.framework in Frameworks */,
				A03847F21B7ED294002CFEDD /* CoreAudio.framework in Frameworks */,
				A03847EE1B7ED266002CFEDD /* CoreGraphics.framework in Frameworks */,
				A0298F7B1CCF452600886B06 /* libSDL2_mixer.a in Frameworks */,
				A0298F7D1CCF452600886B06 /* libSDL2.a in Frameworks */,
				A03847F81B7ED2E2002CFEDD /* GameKit.framework in Frameworks */,
				A03847EA1B7ED24F002CFEDD /* Foundation.framework in Frameworks */,
				A0298F7C1CCF452600886B06 /* libSDL2_ttf.a in Frameworks */,
				A03847FC1B7ED30A002CFEDD /* ImageIO.framework in Frameworks */,
				A03847FA1B7ED2FA002CFEDD /* MobileCoreServices.framework in Frameworks */,
				A0298F7A1CCF452600886B06 /* libSDL2_image.a in Frameworks */,
				A03847F41B7ED2AF002CFEDD /* OpenGLES.framework in Frameworks */,
				A03847F61B7ED2C8002CFEDD /* QuartzCore.framework in Frameworks */,
				A03847EC1B7ED25C002CFEDD /* UIKit.framework in Frameworks */,
			);
			runOnlyForDeploymentPostprocessing = 0;
		};
/* End PBXFrameworksBuildPhase section */

/* Begin PBXGroup section */
		A0298DB91CCF3F2200886B06 /* external */ = {
			isa = PBXGroup;
			children = (
				A0298DBA1CCF3F2200886B06 /* GameLibrary */,
			);
			name = external;
			path = ../../external;
			sourceTree = "<group>";
		};
		A0298DBA1CCF3F2200886B06 /* GameLibrary */ = {
			isa = PBXGroup;
			children = (
				A0298DBC1CCF3F2200886B06 /* external */,
			);
			path = GameLibrary;
			sourceTree = "<group>";
		};
		A0298DBC1CCF3F2200886B06 /* external */ = {
			isa = PBXGroup;
			children = (
				A0298DC91CCF3F2200886B06 /* SDL */,
			);
			path = external;
			sourceTree = "<group>";
		};
		A0298DC91CCF3F2200886B06 /* SDL */ = {
			isa = PBXGroup;
			children = (
				A0298E1C1CCF3F2200886B06 /* lib */,
			);
			path = SDL;
			sourceTree = "<group>";
		};
		A0298E1C1CCF3F2200886B06 /* lib */ = {
			isa = PBXGroup;
			children = (
				A0298E1D1CCF3F2200886B06 /* iOS */,
			);
			path = lib;
			sourceTree = "<group>";
		};
		A0298E1D1CCF3F2200886B06 /* iOS */ = {
			isa = PBXGroup;
			children = (
				A0298F761CCF452600886B06 /* libSDL2_image.a */,
				A0298F771CCF452600886B06 /* libSDL2_mixer.a */,
				A0298F781CCF452600886B06 /* libSDL2_ttf.a */,
				A0298F791CCF452600886B06 /* libSDL2.a */,
			);
			path = iOS;
			sourceTree = "<group>";
		};
		A03845741B7EBD77002CFEDD = {
			isa = PBXGroup;
			children = (
				A03845A71B7EBE75002CFEDD /* src */,
				A0298DB91CCF3F2200886B06 /* external */,
				A03845A61B7EBE58002CFEDD /* resources */,
				A03847E81B7ED23A002CFEDD /* Frameworks */,
				A038457E1B7EBD77002CFEDD /* Products */,
			);
			sourceTree = "<group>";
		};
		A038457E1B7EBD77002CFEDD /* Products */ = {
			isa = PBXGroup;
			children = (
				A038457D1B7EBD77002CFEDD /* MobileBrawler.app */,
			);
			name = Products;
			sourceTree = "<group>";
		};
		A03845A61B7EBE58002CFEDD /* resources */ = {
			isa = PBXGroup;
			children = (
				A052EDC31B7F9D8F0048FA55 /* assets */,
				A0298F8B1CCF4B1D00886B06 /* Default-568h@2x.png */,
				A03845811B7EBD77002CFEDD /* Info.plist */,
			);
			name = resources;
			sourceTree = "<group>";
		};
		A03845A71B7EBE75002CFEDD /* src */ = {
			isa = PBXGroup;
			children = (
				A03845A81B7EBE75002CFEDD /* BrawlerLibrary */,
				A038469F1B7EBE76002CFEDD /* SmashBros */,
			);
			name = src;
			path = ../../src;
			sourceTree = "<group>";
		};
		A03845A81B7EBE75002CFEDD /* BrawlerLibrary */ = {
			isa = PBXGroup;
			children = (
				A03845AA1B7EBE75002CFEDD /* Game */,
				A03845CE1B7EBE76002CFEDD /* Loader */,
				A03845D71B7EBE76002CFEDD /* Utilities */,
				A03845A91B7EBE75002CFEDD /* BrawlerLibrary.h */,
			);
			path = BrawlerLibrary;
			sourceTree = "<group>";
		};
		A03845AA1B7EBE75002CFEDD /* Game */ = {
			isa = PBXGroup;
			children = (
				A03845AD1B7EBE75002CFEDD /* Elements */,
				A03845BF1B7EBE76002CFEDD /* Rules */,
				A03845CB1B7EBE76002CFEDD /* Utilities */,
				A03845AC1B7EBE75002CFEDD /* BrawlGame.h */,
				A03845AB1B7EBE75002CFEDD /* BrawlGame.cpp */,
			);
			path = Game;
			sourceTree = "<group>";
		};
		A03845AD1B7EBE75002CFEDD /* Elements */ = {
			isa = PBXGroup;
			children = (
				A03845AE1B7EBE75002CFEDD /* ActionPerformer */,
				A03845B61B7EBE76002CFEDD /* Character.h */,
				A03845B51B7EBE76002CFEDD /* Character.cpp */,
				A03845B81B7EBE76002CFEDD /* GameObject.h */,
				A03845B71B7EBE76002CFEDD /* GameObject.cpp */,
				A03845BA1B7EBE76002CFEDD /* PhysicalGameObject.h */,
				A03845B91B7EBE76002CFEDD /* PhysicalGameObject.cpp */,
				A03845BC1B7EBE76002CFEDD /* Platform.h */,
				A03845BB1B7EBE76002CFEDD /* Platform.cpp */,
				A03845BE1B7EBE76002CFEDD /* Stage.h */,
				A03845BD1B7EBE76002CFEDD /* Stage.cpp */,
			);
			path = Elements;
			sourceTree = "<group>";
		};
		A03845AE1B7EBE75002CFEDD /* ActionPerformer */ = {
			isa = PBXGroup;
			children = (
				A03845B01B7EBE75002CFEDD /* Action.h */,
				A03845AF1B7EBE75002CFEDD /* Action.cpp */,
				A03845B21B7EBE76002CFEDD /* ActionPerformer.h */,
				A03845B11B7EBE75002CFEDD /* ActionPerformer.cpp */,
				A03845B41B7EBE76002CFEDD /* Attack.h */,
				A03845B31B7EBE76002CFEDD /* Attack.cpp */,
			);
			path = ActionPerformer;
			sourceTree = "<group>";
		};
		A03845BF1B7EBE76002CFEDD /* Rules */ = {
			isa = PBXGroup;
			children = (
				A03845C41B7EBE76002CFEDD /* WinCondition */,
				A03845C11B7EBE76002CFEDD /* PlayerInfo.h */,
				A03845C01B7EBE76002CFEDD /* PlayerInfo.cpp */,
				A03845C31B7EBE76002CFEDD /* Rules.h */,
				A03845C21B7EBE76002CFEDD /* Rules.cpp */,
			);
			path = Rules;
			sourceTree = "<group>";
		};
		A03845C41B7EBE76002CFEDD /* WinCondition */ = {
			isa = PBXGroup;
			children = (
				A03845C61B7EBE76002CFEDD /* StockWinCondition.h */,
				A03845C51B7EBE76002CFEDD /* StockWinCondition.cpp */,
				A03845C81B7EBE76002CFEDD /* TimeLimitWinCondition.h */,
				A03845C71B7EBE76002CFEDD /* TimeLimitWinCondition.cpp */,
				A03845CA1B7EBE76002CFEDD /* WinCondition.h */,
				A03845C91B7EBE76002CFEDD /* WinCondition.cpp */,
			);
			path = WinCondition;
			sourceTree = "<group>";
		};
		A03845CB1B7EBE76002CFEDD /* Utilities */ = {
			isa = PBXGroup;
			children = (
				A03845CD1B7EBE76002CFEDD /* Camera.h */,
				A03845CC1B7EBE76002CFEDD /* Camera.cpp */,
			);
			path = Utilities;
			sourceTree = "<group>";
		};
		A03845CE1B7EBE76002CFEDD /* Loader */ = {
			isa = PBXGroup;
			children = (
				A03845D01B7EBE76002CFEDD /* CharacterInfo.h */,
				A03845CF1B7EBE76002CFEDD /* CharacterInfo.cpp */,
				A03845D21B7EBE76002CFEDD /* CharacterLoader.h */,
				A03845D11B7EBE76002CFEDD /* CharacterLoader.cpp */,
				A03845D41B7EBE76002CFEDD /* StageInfo.h */,
				A03845D31B7EBE76002CFEDD /* StageInfo.cpp */,
				A03845D61B7EBE76002CFEDD /* StageLoader.h */,
				A03845D51B7EBE76002CFEDD /* StageLoader.cpp */,
			);
			path = Loader;
			sourceTree = "<group>";
		};
		A03845D71B7EBE76002CFEDD /* Utilities */ = {
			isa = PBXGroup;
			children = (
				A03845D81B7EBE76002CFEDD /* FaceDirection.h */,
			);
			path = Utilities;
			sourceTree = "<group>";
		};
		A038469F1B7EBE76002CFEDD /* SmashBros */ = {
			isa = PBXGroup;
			children = (
				A03846A31B7EBE76002CFEDD /* Load */,
				A03846AB1B7EBE76002CFEDD /* Menu */,
				A03846A11B7EBE76002CFEDD /* Game.h */,
				A03846A01B7EBE76002CFEDD /* Game.cpp */,
				A03846A21B7EBE76002CFEDD /* Global.h */,
				A03846AA1B7EBE76002CFEDD /* main.cpp */,
			);
			path = SmashBros;
			sourceTree = "<group>";
		};
		A03846A31B7EBE76002CFEDD /* Load */ = {
			isa = PBXGroup;
			children = (
				A03846A51B7EBE76002CFEDD /* InitialLoadListener.h */,
				A03846A41B7EBE76002CFEDD /* InitialLoadListener.cpp */,
				A03846A71B7EBE76002CFEDD /* MenuLoad.h */,
				A03846A61B7EBE76002CFEDD /* MenuLoad.cpp */,
				A03846A91B7EBE76002CFEDD /* ModuleLoad.h */,
				A03846A81B7EBE76002CFEDD /* ModuleLoad.cpp */,
			);
			path = Load;
			sourceTree = "<group>";
		};
		A03846AB1B7EBE76002CFEDD /* Menu */ = {
			isa = PBXGroup;
			children = (
				A03846AC1B7EBE76002CFEDD /* Base */,
				A03846C11B7EBE76002CFEDD /* Elements */,
				A03846CC1B7EBE76002CFEDD /* GroupMenu */,
				A03846D71B7EBE76002CFEDD /* MenuData */,
				A03846DC1B7EBE76002CFEDD /* SoloMenu */,
				A03846D61B7EBE76002CFEDD /* MainMenu.h */,
				A03846D51B7EBE76002CFEDD /* MainMenu.cpp */,
				A03846E01B7EBE76002CFEDD /* TitleScreen.h */,
				A03846DF1B7EBE76002CFEDD /* TitleScreen.cpp */,
			);
			path = Menu;
			sourceTree = "<group>";
		};
		A03846AC1B7EBE76002CFEDD /* Base */ = {
			isa = PBXGroup;
			children = (
				A03846AF1B7EBE76002CFEDD /* CharacterSelect */,
				A03846BA1B7EBE76002CFEDD /* StageSelect */,
				A03846AE1B7EBE76002CFEDD /* BaseMenuScreen.h */,
				A03846AD1B7EBE76002CFEDD /* BaseMenuScreen.cpp */,
			);
			path = Base;
			sourceTree = "<group>";
		};
		A03846AF1B7EBE76002CFEDD /* CharacterSelect */ = {
			isa = PBXGroup;
			children = (
				A03846B11B7EBE76002CFEDD /* CharacterSelect_CharacterIcon.h */,
				A03846B01B7EBE76002CFEDD /* CharacterSelect_CharacterIcon.cpp */,
				A03846B31B7EBE76002CFEDD /* CharacterSelect_PlayerChip.h */,
				A03846B21B7EBE76002CFEDD /* CharacterSelect_PlayerChip.cpp */,
				A03846B51B7EBE76002CFEDD /* CharacterSelect_PlayerPanel.h */,
				A03846B41B7EBE76002CFEDD /* CharacterSelect_PlayerPanel.cpp */,
				A03846B71B7EBE76002CFEDD /* CharacterSelect_ReadyToFightBanner.h */,
				A03846B61B7EBE76002CFEDD /* CharacterSelect_ReadyToFightBanner.cpp */,
				A03846B91B7EBE76002CFEDD /* CharacterSelectScreen.h */,
				A03846B81B7EBE76002CFEDD /* CharacterSelectScreen.cpp */,
			);
			path = CharacterSelect;
			sourceTree = "<group>";
		};
		A03846BA1B7EBE76002CFEDD /* StageSelect */ = {
			isa = PBXGroup;
			children = (
				A03846BC1B7EBE76002CFEDD /* StageSelect_StageIcon.h */,
				A03846BB1B7EBE76002CFEDD /* StageSelect_StageIcon.cpp */,
				A03846BE1B7EBE76002CFEDD /* StageSelect_StagePreview.h */,
				A03846BD1B7EBE76002CFEDD /* StageSelect_StagePreview.cpp */,
				A03846C01B7EBE76002CFEDD /* StageSelectScreen.h */,
				A03846BF1B7EBE76002CFEDD /* StageSelectScreen.cpp */,
			);
			path = StageSelect;
			sourceTree = "<group>";
		};
		A03846C11B7EBE76002CFEDD /* Elements */ = {
			isa = PBXGroup;
			children = (
				A03846C31B7EBE76002CFEDD /* ActorGrid.h */,
				A03846C21B7EBE76002CFEDD /* ActorGrid.cpp */,
				A03846C51B7EBE76002CFEDD /* ArrowButton.h */,
				A03846C41B7EBE76002CFEDD /* ArrowButton.cpp */,
				A03846C71B7EBE76002CFEDD /* MenuBar.h */,
				A03846C61B7EBE76002CFEDD /* MenuBar.cpp */,
				A03846C91B7EBE76002CFEDD /* MenuBarValueAdjust.h */,
				A03846C81B7EBE76002CFEDD /* MenuBarValueAdjust.cpp */,
				A03846CB1B7EBE76002CFEDD /* RulesBar.h */,
				A03846CA1B7EBE76002CFEDD /* RulesBar.cpp */,
			);
			path = Elements;
			sourceTree = "<group>";
		};
		A03846CC1B7EBE76002CFEDD /* GroupMenu */ = {
			isa = PBXGroup;
			children = (
				A03846CE1B7EBE76002CFEDD /* GroupMenu.h */,
				A03846CD1B7EBE76002CFEDD /* GroupMenu.cpp */,
				A03846D01B7EBE76002CFEDD /* GroupRulesMenu.h */,
				A03846CF1B7EBE76002CFEDD /* GroupRulesMenu.cpp */,
				A03846D21B7EBE76002CFEDD /* GroupSmashCharacterSelectMenu.h */,
				A03846D11B7EBE76002CFEDD /* GroupSmashCharacterSelectMenu.cpp */,
				A03846D41B7EBE76002CFEDD /* GroupSmashStageSelectMenu.h */,
				A03846D31B7EBE76002CFEDD /* GroupSmashStageSelectMenu.cpp */,
			);
			path = GroupMenu;
			sourceTree = "<group>";
		};
		A03846D71B7EBE76002CFEDD /* MenuData */ = {
			isa = PBXGroup;
			children = (
				A03846D91B7EBE76002CFEDD /* GroupSmashData.h */,
				A03846D81B7EBE76002CFEDD /* GroupSmashData.cpp */,
				A03846DB1B7EBE76002CFEDD /* SmashData.h */,
				A03846DA1B7EBE76002CFEDD /* SmashData.cpp */,
			);
			path = MenuData;
			sourceTree = "<group>";
		};
		A03846DC1B7EBE76002CFEDD /* SoloMenu */ = {
			isa = PBXGroup;
			children = (
				A03846DE1B7EBE76002CFEDD /* SoloMenu.h */,
				A03846DD1B7EBE76002CFEDD /* SoloMenu.cpp */,
			);
			path = SoloMenu;
			sourceTree = "<group>";
		};
		A03847E81B7ED23A002CFEDD /* Frameworks */ = {
			isa = PBXGroup;
			children = (
				A0298F891CCF499A00886B06 /* CoreMotion.framework */,
				A0298DB71CCF3E9600886B06 /* libGameLibrary.a */,
				A03847EF1B7ED27A002CFEDD /* AudioToolbox.framework */,
				A03847F11B7ED294002CFEDD /* CoreAudio.framework */,
				A03847ED1B7ED266002CFEDD /* CoreGraphics.framework */,
				A03847E91B7ED24F002CFEDD /* Foundation.framework */,
				A03847F71B7ED2E2002CFEDD /* GameKit.framework */,
				A03847FB1B7ED30A002CFEDD /* ImageIO.framework */,
				A03847F91B7ED2FA002CFEDD /* MobileCoreServices.framework */,
				A03847F31B7ED2AF002CFEDD /* OpenGLES.framework */,
				A03847F51B7ED2C8002CFEDD /* QuartzCore.framework */,
				A03847EB1B7ED25C002CFEDD /* UIKit.framework */,
			);
			name = Frameworks;
			sourceTree = "<group>";
		};
/* End PBXGroup section */

/* Begin PBXNativeTarget section */
		A038457C1B7EBD77002CFEDD /* MobileBrawler */ = {
			isa = PBXNativeTarget;
			buildConfigurationList = A03845A01B7EBD77002CFEDD /* Build configuration list for PBXNativeTarget "MobileBrawler" */;
			buildPhases = (
				A03845791B7EBD77002CFEDD /* Sources */,
				A038457A1B7EBD77002CFEDD /* Frameworks */,
				A038457B1B7EBD77002CFEDD /* Resources */,
			);
			buildRules = (
			);
			dependencies = (
			);
			name = MobileBrawler;
			productName = MobileBrawler;
			productReference = A038457D1B7EBD77002CFEDD /* MobileBrawler.app */;
			productType = "com.apple.product-type.application";
		};
/* End PBXNativeTarget section */

/* Begin PBXProject section */
		A03845751B7EBD77002CFEDD /* Project object */ = {
			isa = PBXProject;
			attributes = {
				LastUpgradeCheck = 0730;
				ORGANIZATIONNAME = "Luis Finke";
				TargetAttributes = {
					A038457C1B7EBD77002CFEDD = {
						CreatedOnToolsVersion = 6.4;
					};
				};
			};
			buildConfigurationList = A03845781B7EBD77002CFEDD /* Build configuration list for PBXProject "MobileBrawler" */;
			compatibilityVersion = "Xcode 3.2";
			developmentRegion = English;
			hasScannedForEncodings = 0;
			knownRegions = (
				en,
				Base,
			);
			mainGroup = A03845741B7EBD77002CFEDD;
			productRefGroup = A038457E1B7EBD77002CFEDD /* Products */;
			projectDirPath = "";
			projectRoot = "";
			targets = (
				A038457C1B7EBD77002CFEDD /* MobileBrawler */,
			);
		};
/* End PBXProject section */

/* Begin PBXResourcesBuildPhase section */
		A038457B1B7EBD77002CFEDD /* Resources */ = {
			isa = PBXResourcesBuildPhase;
			buildActionMask = 2147483647;
			files = (
				A052EDC41B7F9D8F0048FA55 /* assets in Resources */,
				A0298F8C1CCF4B1D00886B06 /* Default-568h@2x.png in Resources */,
			);
			runOnlyForDeploymentPostprocessing = 0;
		};
/* End PBXResourcesBuildPhase section */

/* Begin PBXSourcesBuildPhase section */
		A03845791B7EBD77002CFEDD /* Sources */ = {
			isa = PBXSourcesBuildPhase;
			buildActionMask = 2147483647;
			files = (
				A03846E31B7EBE76002CFEDD /* ActionPerformer.cpp in Sources */,
				A03847521B7EBE76002CFEDD /* StageSelect_StagePreview.cpp in Sources */,
				A03846E11B7EBE76002CFEDD /* BrawlGame.cpp in Sources */,
				A03847541B7EBE76002CFEDD /* ActorGrid.cpp in Sources */,
				A03847591B7EBE76002CFEDD /* GroupMenu.cpp in Sources */,
				A03846EE1B7EBE76002CFEDD /* WinCondition.cpp in Sources */,
				A038475D1B7EBE76002CFEDD /* MainMenu.cpp in Sources */,
				A03846F11B7EBE76002CFEDD /* CharacterLoader.cpp in Sources */,
				A03846EA1B7EBE76002CFEDD /* PlayerInfo.cpp in Sources */,
				A03846E81B7EBE76002CFEDD /* Platform.cpp in Sources */,
				A03846E61B7EBE76002CFEDD /* GameObject.cpp in Sources */,
				A03846ED1B7EBE76002CFEDD /* TimeLimitWinCondition.cpp in Sources */,
				A03846EF1B7EBE76002CFEDD /* Camera.cpp in Sources */,
				A03847501B7EBE76002CFEDD /* CharacterSelectScreen.cpp in Sources */,
				A038475C1B7EBE76002CFEDD /* GroupSmashStageSelectMenu.cpp in Sources */,
				A03846E71B7EBE76002CFEDD /* PhysicalGameObject.cpp in Sources */,
				A03846E21B7EBE76002CFEDD /* Action.cpp in Sources */,
				A038475F1B7EBE76002CFEDD /* SmashData.cpp in Sources */,
				A03846EC1B7EBE76002CFEDD /* StockWinCondition.cpp in Sources */,
				A03846F31B7EBE76002CFEDD /* StageLoader.cpp in Sources */,
				A038474C1B7EBE76002CFEDD /* CharacterSelect_CharacterIcon.cpp in Sources */,
				A03846F21B7EBE76002CFEDD /* StageInfo.cpp in Sources */,
				A03846F01B7EBE76002CFEDD /* CharacterInfo.cpp in Sources */,
				A03847601B7EBE76002CFEDD /* SoloMenu.cpp in Sources */,
				A038474D1B7EBE76002CFEDD /* CharacterSelect_PlayerChip.cpp in Sources */,
				A03847461B7EBE76002CFEDD /* Game.cpp in Sources */,
				A03847581B7EBE76002CFEDD /* RulesBar.cpp in Sources */,
				A038474A1B7EBE76002CFEDD /* main.cpp in Sources */,
				A038475A1B7EBE76002CFEDD /* GroupRulesMenu.cpp in Sources */,
				A03846E51B7EBE76002CFEDD /* Character.cpp in Sources */,
				A038474F1B7EBE76002CFEDD /* CharacterSelect_ReadyToFightBanner.cpp in Sources */,
				A03847481B7EBE76002CFEDD /* MenuLoad.cpp in Sources */,
				A03847571B7EBE76002CFEDD /* MenuBarValueAdjust.cpp in Sources */,
				A03846E41B7EBE76002CFEDD /* Attack.cpp in Sources */,
				A03847471B7EBE76002CFEDD /* InitialLoadListener.cpp in Sources */,
				A03847561B7EBE76002CFEDD /* MenuBar.cpp in Sources */,
				A038475B1B7EBE76002CFEDD /* GroupSmashCharacterSelectMenu.cpp in Sources */,
				A03847611B7EBE76002CFEDD /* TitleScreen.cpp in Sources */,
				A03847491B7EBE76002CFEDD /* ModuleLoad.cpp in Sources */,
				A038475E1B7EBE76002CFEDD /* GroupSmashData.cpp in Sources */,
				A03847511B7EBE76002CFEDD /* StageSelect_StageIcon.cpp in Sources */,
				A03847551B7EBE76002CFEDD /* ArrowButton.cpp in Sources */,
				A03847531B7EBE76002CFEDD /* StageSelectScreen.cpp in Sources */,
				A03846E91B7EBE76002CFEDD /* Stage.cpp in Sources */,
				A038474E1B7EBE76002CFEDD /* CharacterSelect_PlayerPanel.cpp in Sources */,
				A03846EB1B7EBE76002CFEDD /* Rules.cpp in Sources */,
				A038474B1B7EBE76002CFEDD /* BaseMenuScreen.cpp in Sources */,
			);
			runOnlyForDeploymentPostprocessing = 0;
		};
/* End PBXSourcesBuildPhase section */

/* Begin XCBuildConfiguration section */
		A038459E1B7EBD77002CFEDD /* Debug */ = {
			isa = XCBuildConfiguration;
			buildSettings = {
				ALWAYS_SEARCH_USER_PATHS = NO;
				CLANG_CXX_LANGUAGE_STANDARD = "gnu++0x";
				CLANG_CXX_LIBRARY = "libc++";
				CLANG_ENABLE_MODULES = YES;
				CLANG_ENABLE_OBJC_ARC = YES;
				CLANG_WARN_BOOL_CONVERSION = YES;
				CLANG_WARN_CONSTANT_CONVERSION = YES;
				CLANG_WARN_DIRECT_OBJC_ISA_USAGE = YES_ERROR;
				CLANG_WARN_EMPTY_BODY = YES;
				CLANG_WARN_ENUM_CONVERSION = YES;
				CLANG_WARN_INT_CONVERSION = YES;
				CLANG_WARN_OBJC_ROOT_CLASS = YES_ERROR;
				CLANG_WARN_UNREACHABLE_CODE = YES;
				CLANG_WARN__DUPLICATE_METHOD_MATCH = YES;
				"CODE_SIGN_IDENTITY[sdk=iphoneos*]" = "iPhone Developer";
				COPY_PHASE_STRIP = NO;
				DEBUG_INFORMATION_FORMAT = "dwarf-with-dsym";
				ENABLE_STRICT_OBJC_MSGSEND = YES;
				ENABLE_TESTABILITY = YES;
				GCC_C_LANGUAGE_STANDARD = gnu99;
				GCC_DYNAMIC_NO_PIC = NO;
				GCC_NO_COMMON_BLOCKS = YES;
				GCC_OPTIMIZATION_LEVEL = 0;
				GCC_PREPROCESSOR_DEFINITIONS = (
					"DEBUG=1",
					"$(inherited)",
				);
				GCC_SYMBOLS_PRIVATE_EXTERN = NO;
				GCC_WARN_64_TO_32_BIT_CONVERSION = YES;
				GCC_WARN_ABOUT_RETURN_TYPE = YES_ERROR;
				GCC_WARN_UNDECLARED_SELECTOR = YES;
				GCC_WARN_UNINITIALIZED_AUTOS = YES_AGGRESSIVE;
				GCC_WARN_UNUSED_FUNCTION = YES;
				GCC_WARN_UNUSED_VARIABLE = YES;
				IPHONEOS_DEPLOYMENT_TARGET = 8.4;
				MTL_ENABLE_DEBUG_INFO = YES;
				ONLY_ACTIVE_ARCH = YES;
				SDKROOT = iphoneos;
				TARGETED_DEVICE_FAMILY = "1,2";
			};
			name = Debug;
		};
		A038459F1B7EBD77002CFEDD /* Release */ = {
			isa = XCBuildConfiguration;
			buildSettings = {
				ALWAYS_SEARCH_USER_PATHS = NO;
				CLANG_CXX_LANGUAGE_STANDARD = "gnu++0x";
				CLANG_CXX_LIBRARY = "libc++";
				CLANG_ENABLE_MODULES = YES;
				CLANG_ENABLE_OBJC_ARC = YES;
				CLANG_WARN_BOOL_CONVERSION = YES;
				CLANG_WARN_CONSTANT_CONVERSION = YES;
				CLANG_WARN_DIRECT_OBJC_ISA_USAGE = YES_ERROR;
				CLANG_WARN_EMPTY_BODY = YES;
				CLANG_WARN_ENUM_CONVERSION = YES;
				CLANG_WARN_INT_CONVERSION = YES;
				CLANG_WARN_OBJC_ROOT_CLASS = YES_ERROR;
				CLANG_WARN_UNREACHABLE_CODE = YES;
				CLANG_WARN__DUPLICATE_METHOD_MATCH = YES;
				"CODE_SIGN_IDENTITY[sdk=iphoneos*]" = "iPhone Developer";
				COPY_PHASE_STRIP = NO;
				DEBUG_INFORMATION_FORMAT = "dwarf-with-dsym";
				ENABLE_NS_ASSERTIONS = NO;
				ENABLE_STRICT_OBJC_MSGSEND = YES;
				GCC_C_LANGUAGE_STANDARD = gnu99;
				GCC_NO_COMMON_BLOCKS = YES;
				GCC_WARN_64_TO_32_BIT_CONVERSION = YES;
				GCC_WARN_ABOUT_RETURN_TYPE = YES_ERROR;
				GCC_WARN_UNDECLARED_SELECTOR = YES;
				GCC_WARN_UNINITIALIZED_AUTOS = YES_AGGRESSIVE;
				GCC_WARN_UNUSED_FUNCTION = YES;
				GCC_WARN_UNUSED_VARIABLE = YES;
				IPHONEOS_DEPLOYMENT_TARGET = 8.4;
				MTL_ENABLE_DEBUG_INFO = NO;
				SDKROOT = iphoneos;
				TARGETED_DEVICE_FAMILY = "1,2";
				VALIDATE_PRODUCT = YES;
			};
			name = Release;
		};
		A03845A11B7EBD77002CFEDD /* Debug */ = {
			isa = XCBuildConfiguration;
			buildSettings = {
				HEADER_SEARCH_PATHS = (
					"$(inherited)",
					../../external/GameLibrary/include,
					../../src,
				);
				INFOPLIST_FILE = Info.plist;
				LD_RUNPATH_SEARCH_PATHS = "$(inherited) @executable_path/Frameworks";
				LIBRARY_SEARCH_PATHS = (
					"$(inherited)",
					../../external/GameLibrary/external/SDL/lib/iOS,
				);
				PRODUCT_BUNDLE_IDENTIFIER = "com.brokenphysics.${PRODUCT_NAME:rfc1034identifier}";
				PRODUCT_NAME = "$(TARGET_NAME)";
			};
			name = Debug;
		};
		A03845A21B7EBD77002CFEDD /* Release */ = {
			isa = XCBuildConfiguration;
			buildSettings = {
				HEADER_SEARCH_PATHS = (
					"$(inherited)",
					../../external/GameLibrary/include,
					../../src,
				);
				INFOPLIST_FILE = Info.plist;
				LD_RUNPATH_SEARCH_PATHS = "$(inherited) @executable_path/Frameworks";
				LIBRARY_SEARCH_PATHS = (
					"$(inherited)",
					../../external/GameLibrary/external/SDL/lib/iOS,
				);
				PRODUCT_BUNDLE_IDENTIFIER = "com.brokenphysics.${PRODUCT_NAME:rfc1034identifier}";
				PRODUCT_NAME = "$(TARGET_NAME)";
			};
			name = Release;
		};
/* End XCBuildConfiguration section */

/* Begin XCConfigurationList section */
		A03845781B7EBD77002CFEDD /* Build configuration list for PBXProject "MobileBrawler" */ = {
			isa = XCConfigurationList;
			buildConfigurations = (
				A038459E1B7EBD77002CFEDD /* Debug */,
				A038459F1B7EBD77002CFEDD /* Release */,
			);
			defaultConfigurationIsVisible = 0;
			defaultConfigurationName = Release;
		};
		A03845A01B7EBD77002CFEDD /* Build configuration list for PBXNativeTarget "MobileBrawler" */ = {
			isa = XCConfigurationList;
			buildConfigurations = (
				A03845A11B7EBD77002CFEDD /* Debug */,
				A03845A21B7EBD77002CFEDD /* Release */,
			);
			defaultConfigurationIsVisible = 0;
			defaultConfigurationName = Release;
		};
/* End XCConfigurationList section */
	};
	rootObject = A03845751B7EBD77002CFEDD /* Project object */;
}
