// !$*UTF8*$!
{
	archiveVersion = 1;
	classes = {
	};
	objectVersion = 46;
	objects = {

/* Begin PBXBuildFile section */
		F16C34331EA9076B00EDA131 /* Assets.xcassets in Resources */ = {isa = PBXBuildFile; fileRef = F16C34321EA9076B00EDA131 /* Assets.xcassets */; };
		F16C34361EA9076B00EDA131 /* Main.storyboard in Resources */ = {isa = PBXBuildFile; fileRef = F16C34341EA9076B00EDA131 /* Main.storyboard */; };
		F16C344F1EA9082900EDA131 /* AudioToolbox.framework in Frameworks */ = {isa = PBXBuildFile; fileRef = F16C34491EA9082900EDA131 /* AudioToolbox.framework */; };
		F16C34501EA9082900EDA131 /* Carbon.framework in Frameworks */ = {isa = PBXBuildFile; fileRef = F16C344A1EA9082900EDA131 /* Carbon.framework */; };
		F16C34511EA9082900EDA131 /* CoreAudio.framework in Frameworks */ = {isa = PBXBuildFile; fileRef = F16C344B1EA9082900EDA131 /* CoreAudio.framework */; };
		F16C34521EA9082900EDA131 /* ForceFeedback.framework in Frameworks */ = {isa = PBXBuildFile; fileRef = F16C344C1EA9082900EDA131 /* ForceFeedback.framework */; };
		F16C34531EA9082900EDA131 /* ImageIO.framework in Frameworks */ = {isa = PBXBuildFile; fileRef = F16C344D1EA9082900EDA131 /* ImageIO.framework */; };
		F16C34541EA9082900EDA131 /* IOKit.framework in Frameworks */ = {isa = PBXBuildFile; fileRef = F16C344E1EA9082900EDA131 /* IOKit.framework */; };
		F16C345B1EA9087800EDA131 /* CoreGraphics.framework in Frameworks */ = {isa = PBXBuildFile; fileRef = F16C34591EA9087700EDA131 /* CoreGraphics.framework */; };
		F16C345C1EA9087800EDA131 /* CoreVideo.framework in Frameworks */ = {isa = PBXBuildFile; fileRef = F16C345A1EA9087700EDA131 /* CoreVideo.framework */; };
		F16C345E1EA9088B00EDA131 /* CoreFoundation.framework in Frameworks */ = {isa = PBXBuildFile; fileRef = F16C345D1EA9088B00EDA131 /* CoreFoundation.framework */; };
		F16C34601EA9089000EDA131 /* AppKit.framework in Frameworks */ = {isa = PBXBuildFile; fileRef = F16C345F1EA9089000EDA131 /* AppKit.framework */; };
		F16C34621EA9089800EDA131 /* Foundation.framework in Frameworks */ = {isa = PBXBuildFile; fileRef = F16C34611EA9089700EDA131 /* Foundation.framework */; };
		F16C34E71EA908C800EDA131 /* CharacterInfo.cpp in Sources */ = {isa = PBXBuildFile; fileRef = F16C348D1EA908C800EDA131 /* CharacterInfo.cpp */; };
		F16C34E81EA908C800EDA131 /* CharacterLoader.cpp in Sources */ = {isa = PBXBuildFile; fileRef = F16C348F1EA908C800EDA131 /* CharacterLoader.cpp */; };
		F16C34E91EA908C800EDA131 /* StageInfo.cpp in Sources */ = {isa = PBXBuildFile; fileRef = F16C34911EA908C800EDA131 /* StageInfo.cpp */; };
		F16C34EA1EA908C800EDA131 /* StageLoader.cpp in Sources */ = {isa = PBXBuildFile; fileRef = F16C34931EA908C800EDA131 /* StageLoader.cpp */; };
		F16C34EB1EA908C800EDA131 /* Game.cpp in Sources */ = {isa = PBXBuildFile; fileRef = F16C34981EA908C800EDA131 /* Game.cpp */; };
		F16C34EC1EA908C800EDA131 /* InitialLoadListener.cpp in Sources */ = {isa = PBXBuildFile; fileRef = F16C349B1EA908C800EDA131 /* InitialLoadListener.cpp */; };
		F16C34ED1EA908C800EDA131 /* MenuLoad.cpp in Sources */ = {isa = PBXBuildFile; fileRef = F16C349D1EA908C800EDA131 /* MenuLoad.cpp */; };
		F16C34EE1EA908C800EDA131 /* ModuleLoad.cpp in Sources */ = {isa = PBXBuildFile; fileRef = F16C349F1EA908C800EDA131 /* ModuleLoad.cpp */; };
		F16C34EF1EA908C800EDA131 /* main.cpp in Sources */ = {isa = PBXBuildFile; fileRef = F16C34A11EA908C800EDA131 /* main.cpp */; };
		F16C34F01EA908C800EDA131 /* BaseMenuScreen.cpp in Sources */ = {isa = PBXBuildFile; fileRef = F16C34A41EA908C800EDA131 /* BaseMenuScreen.cpp */; };
		F16C34F11EA908C800EDA131 /* CharacterSelect_CharacterIcon.cpp in Sources */ = {isa = PBXBuildFile; fileRef = F16C34A71EA908C800EDA131 /* CharacterSelect_CharacterIcon.cpp */; };
		F16C34F21EA908C800EDA131 /* CharacterSelect_PlayerChip.cpp in Sources */ = {isa = PBXBuildFile; fileRef = F16C34A91EA908C800EDA131 /* CharacterSelect_PlayerChip.cpp */; };
		F16C34F31EA908C800EDA131 /* CharacterSelect_PlayerPanel.cpp in Sources */ = {isa = PBXBuildFile; fileRef = F16C34AB1EA908C800EDA131 /* CharacterSelect_PlayerPanel.cpp */; };
		F16C34F41EA908C800EDA131 /* CharacterSelect_ReadyToFightBanner.cpp in Sources */ = {isa = PBXBuildFile; fileRef = F16C34AD1EA908C800EDA131 /* CharacterSelect_ReadyToFightBanner.cpp */; };
		F16C34F51EA908C800EDA131 /* CharacterSelectScreen.cpp in Sources */ = {isa = PBXBuildFile; fileRef = F16C34AF1EA908C800EDA131 /* CharacterSelectScreen.cpp */; };
		F16C34F61EA908C800EDA131 /* StageSelect_StageIcon.cpp in Sources */ = {isa = PBXBuildFile; fileRef = F16C34B21EA908C800EDA131 /* StageSelect_StageIcon.cpp */; };
		F16C34F71EA908C800EDA131 /* StageSelect_StagePreview.cpp in Sources */ = {isa = PBXBuildFile; fileRef = F16C34B41EA908C800EDA131 /* StageSelect_StagePreview.cpp */; };
		F16C34F81EA908C800EDA131 /* StageSelectScreen.cpp in Sources */ = {isa = PBXBuildFile; fileRef = F16C34B61EA908C800EDA131 /* StageSelectScreen.cpp */; };
		F16C34F91EA908C800EDA131 /* ActorGrid.cpp in Sources */ = {isa = PBXBuildFile; fileRef = F16C34B91EA908C800EDA131 /* ActorGrid.cpp */; };
		F16C34FA1EA908C800EDA131 /* ArrowButton.cpp in Sources */ = {isa = PBXBuildFile; fileRef = F16C34BB1EA908C800EDA131 /* ArrowButton.cpp */; };
		F16C34FB1EA908C800EDA131 /* MenuBar.cpp in Sources */ = {isa = PBXBuildFile; fileRef = F16C34BD1EA908C800EDA131 /* MenuBar.cpp */; };
		F16C34FC1EA908C800EDA131 /* MenuBarValueAdjust.cpp in Sources */ = {isa = PBXBuildFile; fileRef = F16C34BF1EA908C800EDA131 /* MenuBarValueAdjust.cpp */; };
		F16C34FD1EA908C800EDA131 /* RulesBar.cpp in Sources */ = {isa = PBXBuildFile; fileRef = F16C34C11EA908C800EDA131 /* RulesBar.cpp */; };
		F16C34FE1EA908C800EDA131 /* GroupMenu.cpp in Sources */ = {isa = PBXBuildFile; fileRef = F16C34C41EA908C800EDA131 /* GroupMenu.cpp */; };
		F16C34FF1EA908C800EDA131 /* GroupRulesMenu.cpp in Sources */ = {isa = PBXBuildFile; fileRef = F16C34C61EA908C800EDA131 /* GroupRulesMenu.cpp */; };
		F16C35001EA908C800EDA131 /* GroupSmashCharacterSelectMenu.cpp in Sources */ = {isa = PBXBuildFile; fileRef = F16C34C81EA908C800EDA131 /* GroupSmashCharacterSelectMenu.cpp */; };
		F16C35011EA908C800EDA131 /* GroupSmashStageSelectMenu.cpp in Sources */ = {isa = PBXBuildFile; fileRef = F16C34CA1EA908C800EDA131 /* GroupSmashStageSelectMenu.cpp */; };
		F16C35021EA908C800EDA131 /* MainMenu.cpp in Sources */ = {isa = PBXBuildFile; fileRef = F16C34CC1EA908C800EDA131 /* MainMenu.cpp */; };
		F16C35031EA908C800EDA131 /* GroupSmashData.cpp in Sources */ = {isa = PBXBuildFile; fileRef = F16C34CF1EA908C800EDA131 /* GroupSmashData.cpp */; };
		F16C35041EA908C800EDA131 /* SmashData.cpp in Sources */ = {isa = PBXBuildFile; fileRef = F16C34D11EA908C800EDA131 /* SmashData.cpp */; };
		F16C35051EA908C800EDA131 /* SoloMenu.cpp in Sources */ = {isa = PBXBuildFile; fileRef = F16C34D41EA908C800EDA131 /* SoloMenu.cpp */; };
		F16C35061EA908C800EDA131 /* TitleScreen.cpp in Sources */ = {isa = PBXBuildFile; fileRef = F16C34D61EA908C800EDA131 /* TitleScreen.cpp */; };
		F16C35081EA908D000EDA131 /* assets in Resources */ = {isa = PBXBuildFile; fileRef = F16C35071EA908D000EDA131 /* assets */; };
		F16C35231EA916BE00EDA131 /* PlayerInfo.cpp in Sources */ = {isa = PBXBuildFile; fileRef = F16C35181EA916BE00EDA131 /* PlayerInfo.cpp */; };
		F16C35241EA916BE00EDA131 /* Rules.cpp in Sources */ = {isa = PBXBuildFile; fileRef = F16C351A1EA916BE00EDA131 /* Rules.cpp */; };
		F16C35251EA916BE00EDA131 /* StockWinCondition.cpp in Sources */ = {isa = PBXBuildFile; fileRef = F16C351D1EA916BE00EDA131 /* StockWinCondition.cpp */; };
		F16C35261EA916BE00EDA131 /* TimeLimitWinCondition.cpp in Sources */ = {isa = PBXBuildFile; fileRef = F16C351F1EA916BE00EDA131 /* TimeLimitWinCondition.cpp */; };
		F16C35271EA916BE00EDA131 /* WinCondition.cpp in Sources */ = {isa = PBXBuildFile; fileRef = F16C35211EA916BE00EDA131 /* WinCondition.cpp */; };
		F17717451EAA3963005D9CD1 /* FreeType.framework in Frameworks */ = {isa = PBXBuildFile; fileRef = F17717431EAA3963005D9CD1 /* FreeType.framework */; };
		F17717461EAA3963005D9CD1 /* FreeType.framework in Embed Frameworks */ = {isa = PBXBuildFile; fileRef = F17717431EAA3963005D9CD1 /* FreeType.framework */; settings = {ATTRIBUTES = (CodeSignOnCopy, RemoveHeadersOnCopy, ); }; };
		F17717471EAA3963005D9CD1 /* webp.framework in Frameworks */ = {isa = PBXBuildFile; fileRef = F17717441EAA3963005D9CD1 /* webp.framework */; };
		F17717481EAA3963005D9CD1 /* webp.framework in Embed Frameworks */ = {isa = PBXBuildFile; fileRef = F17717441EAA3963005D9CD1 /* webp.framework */; settings = {ATTRIBUTES = (CodeSignOnCopy, RemoveHeadersOnCopy, ); }; };
		F177174C1EAA398A005D9CD1 /* libFightLib.a in Frameworks */ = {isa = PBXBuildFile; fileRef = F177174A1EAA398A005D9CD1 /* libFightLib.a */; };
		F177174D1EAA398A005D9CD1 /* libGameLibrary.a in Frameworks */ = {isa = PBXBuildFile; fileRef = F177174B1EAA398A005D9CD1 /* libGameLibrary.a */; };
		F17717541EAA573E005D9CD1 /* MenuButton.cpp in Sources */ = {isa = PBXBuildFile; fileRef = F17717521EAA573E005D9CD1 /* MenuButton.cpp */; };
/* End PBXBuildFile section */

/* Begin PBXCopyFilesBuildPhase section */
		F17717491EAA3963005D9CD1 /* Embed Frameworks */ = {
			isa = PBXCopyFilesBuildPhase;
			buildActionMask = 2147483647;
			dstPath = "";
			dstSubfolderSpec = 10;
			files = (
				F17717481EAA3963005D9CD1 /* webp.framework in Embed Frameworks */,
				F17717461EAA3963005D9CD1 /* FreeType.framework in Embed Frameworks */,
			);
			name = "Embed Frameworks";
			runOnlyForDeploymentPostprocessing = 0;
		};
/* End PBXCopyFilesBuildPhase section */

/* Begin PBXFileReference section */
		F16C34261EA9076B00EDA131 /* MobileBrawler.app */ = {isa = PBXFileReference; explicitFileType = wrapper.application; includeInIndex = 0; path = MobileBrawler.app; sourceTree = BUILT_PRODUCTS_DIR; };
		F16C34321EA9076B00EDA131 /* Assets.xcassets */ = {isa = PBXFileReference; lastKnownFileType = folder.assetcatalog; path = Assets.xcassets; sourceTree = "<group>"; };
		F16C34351EA9076B00EDA131 /* Base */ = {isa = PBXFileReference; lastKnownFileType = file.storyboard; name = Base; path = Base.lproj/Main.storyboard; sourceTree = "<group>"; };
		F16C34371EA9076B00EDA131 /* Info.plist */ = {isa = PBXFileReference; lastKnownFileType = text.plist.xml; path = Info.plist; sourceTree = "<group>"; };
		F16C34491EA9082900EDA131 /* AudioToolbox.framework */ = {isa = PBXFileReference; lastKnownFileType = wrapper.framework; name = AudioToolbox.framework; path = System/Library/Frameworks/AudioToolbox.framework; sourceTree = SDKROOT; };
		F16C344A1EA9082900EDA131 /* Carbon.framework */ = {isa = PBXFileReference; lastKnownFileType = wrapper.framework; name = Carbon.framework; path = System/Library/Frameworks/Carbon.framework; sourceTree = SDKROOT; };
		F16C344B1EA9082900EDA131 /* CoreAudio.framework */ = {isa = PBXFileReference; lastKnownFileType = wrapper.framework; name = CoreAudio.framework; path = System/Library/Frameworks/CoreAudio.framework; sourceTree = SDKROOT; };
		F16C344C1EA9082900EDA131 /* ForceFeedback.framework */ = {isa = PBXFileReference; lastKnownFileType = wrapper.framework; name = ForceFeedback.framework; path = System/Library/Frameworks/ForceFeedback.framework; sourceTree = SDKROOT; };
		F16C344D1EA9082900EDA131 /* ImageIO.framework */ = {isa = PBXFileReference; lastKnownFileType = wrapper.framework; name = ImageIO.framework; path = System/Library/Frameworks/ImageIO.framework; sourceTree = SDKROOT; };
		F16C344E1EA9082900EDA131 /* IOKit.framework */ = {isa = PBXFileReference; lastKnownFileType = wrapper.framework; name = IOKit.framework; path = System/Library/Frameworks/IOKit.framework; sourceTree = SDKROOT; };
		F16C34591EA9087700EDA131 /* CoreGraphics.framework */ = {isa = PBXFileReference; lastKnownFileType = wrapper.framework; name = CoreGraphics.framework; path = System/Library/Frameworks/CoreGraphics.framework; sourceTree = SDKROOT; };
		F16C345A1EA9087700EDA131 /* CoreVideo.framework */ = {isa = PBXFileReference; lastKnownFileType = wrapper.framework; name = CoreVideo.framework; path = System/Library/Frameworks/CoreVideo.framework; sourceTree = SDKROOT; };
		F16C345D1EA9088B00EDA131 /* CoreFoundation.framework */ = {isa = PBXFileReference; lastKnownFileType = wrapper.framework; name = CoreFoundation.framework; path = System/Library/Frameworks/CoreFoundation.framework; sourceTree = SDKROOT; };
		F16C345F1EA9089000EDA131 /* AppKit.framework */ = {isa = PBXFileReference; lastKnownFileType = wrapper.framework; name = AppKit.framework; path = System/Library/Frameworks/AppKit.framework; sourceTree = SDKROOT; };
		F16C34611EA9089700EDA131 /* Foundation.framework */ = {isa = PBXFileReference; lastKnownFileType = wrapper.framework; name = Foundation.framework; path = System/Library/Frameworks/Foundation.framework; sourceTree = SDKROOT; };
		F16C34671EA908C800EDA131 /* SmashLib.hpp */ = {isa = PBXFileReference; fileEncoding = 4; lastKnownFileType = sourcecode.cpp.h; path = SmashLib.hpp; sourceTree = "<group>"; };
		F16C348D1EA908C800EDA131 /* CharacterInfo.cpp */ = {isa = PBXFileReference; fileEncoding = 4; lastKnownFileType = sourcecode.cpp.cpp; path = CharacterInfo.cpp; sourceTree = "<group>"; };
		F16C348E1EA908C800EDA131 /* CharacterInfo.hpp */ = {isa = PBXFileReference; fileEncoding = 4; lastKnownFileType = sourcecode.cpp.h; path = CharacterInfo.hpp; sourceTree = "<group>"; };
		F16C348F1EA908C800EDA131 /* CharacterLoader.cpp */ = {isa = PBXFileReference; fileEncoding = 4; lastKnownFileType = sourcecode.cpp.cpp; path = CharacterLoader.cpp; sourceTree = "<group>"; };
		F16C34901EA908C800EDA131 /* CharacterLoader.hpp */ = {isa = PBXFileReference; fileEncoding = 4; lastKnownFileType = sourcecode.cpp.h; path = CharacterLoader.hpp; sourceTree = "<group>"; };
		F16C34911EA908C800EDA131 /* StageInfo.cpp */ = {isa = PBXFileReference; fileEncoding = 4; lastKnownFileType = sourcecode.cpp.cpp; path = StageInfo.cpp; sourceTree = "<group>"; };
		F16C34921EA908C800EDA131 /* StageInfo.hpp */ = {isa = PBXFileReference; fileEncoding = 4; lastKnownFileType = sourcecode.cpp.h; path = StageInfo.hpp; sourceTree = "<group>"; };
		F16C34931EA908C800EDA131 /* StageLoader.cpp */ = {isa = PBXFileReference; fileEncoding = 4; lastKnownFileType = sourcecode.cpp.cpp; path = StageLoader.cpp; sourceTree = "<group>"; };
		F16C34941EA908C800EDA131 /* StageLoader.hpp */ = {isa = PBXFileReference; fileEncoding = 4; lastKnownFileType = sourcecode.cpp.h; path = StageLoader.hpp; sourceTree = "<group>"; };
		F16C34981EA908C800EDA131 /* Game.cpp */ = {isa = PBXFileReference; fileEncoding = 4; lastKnownFileType = sourcecode.cpp.cpp; path = Game.cpp; sourceTree = "<group>"; };
		F16C34991EA908C800EDA131 /* Game.hpp */ = {isa = PBXFileReference; fileEncoding = 4; lastKnownFileType = sourcecode.cpp.h; path = Game.hpp; sourceTree = "<group>"; };
		F16C349B1EA908C800EDA131 /* InitialLoadListener.cpp */ = {isa = PBXFileReference; fileEncoding = 4; lastKnownFileType = sourcecode.cpp.cpp; path = InitialLoadListener.cpp; sourceTree = "<group>"; };
		F16C349C1EA908C800EDA131 /* InitialLoadListener.hpp */ = {isa = PBXFileReference; fileEncoding = 4; lastKnownFileType = sourcecode.cpp.h; path = InitialLoadListener.hpp; sourceTree = "<group>"; };
		F16C349D1EA908C800EDA131 /* MenuLoad.cpp */ = {isa = PBXFileReference; fileEncoding = 4; lastKnownFileType = sourcecode.cpp.cpp; path = MenuLoad.cpp; sourceTree = "<group>"; };
		F16C349E1EA908C800EDA131 /* MenuLoad.hpp */ = {isa = PBXFileReference; fileEncoding = 4; lastKnownFileType = sourcecode.cpp.h; path = MenuLoad.hpp; sourceTree = "<group>"; };
		F16C349F1EA908C800EDA131 /* ModuleLoad.cpp */ = {isa = PBXFileReference; fileEncoding = 4; lastKnownFileType = sourcecode.cpp.cpp; path = ModuleLoad.cpp; sourceTree = "<group>"; };
		F16C34A01EA908C800EDA131 /* ModuleLoad.hpp */ = {isa = PBXFileReference; fileEncoding = 4; lastKnownFileType = sourcecode.cpp.h; path = ModuleLoad.hpp; sourceTree = "<group>"; };
		F16C34A11EA908C800EDA131 /* main.cpp */ = {isa = PBXFileReference; fileEncoding = 4; lastKnownFileType = sourcecode.cpp.cpp; path = main.cpp; sourceTree = "<group>"; };
		F16C34A41EA908C800EDA131 /* BaseMenuScreen.cpp */ = {isa = PBXFileReference; fileEncoding = 4; lastKnownFileType = sourcecode.cpp.cpp; path = BaseMenuScreen.cpp; sourceTree = "<group>"; };
		F16C34A51EA908C800EDA131 /* BaseMenuScreen.hpp */ = {isa = PBXFileReference; fileEncoding = 4; lastKnownFileType = sourcecode.cpp.h; path = BaseMenuScreen.hpp; sourceTree = "<group>"; };
		F16C34A71EA908C800EDA131 /* CharacterSelect_CharacterIcon.cpp */ = {isa = PBXFileReference; fileEncoding = 4; lastKnownFileType = sourcecode.cpp.cpp; path = CharacterSelect_CharacterIcon.cpp; sourceTree = "<group>"; };
		F16C34A81EA908C800EDA131 /* CharacterSelect_CharacterIcon.hpp */ = {isa = PBXFileReference; fileEncoding = 4; lastKnownFileType = sourcecode.cpp.h; path = CharacterSelect_CharacterIcon.hpp; sourceTree = "<group>"; };
		F16C34A91EA908C800EDA131 /* CharacterSelect_PlayerChip.cpp */ = {isa = PBXFileReference; fileEncoding = 4; lastKnownFileType = sourcecode.cpp.cpp; path = CharacterSelect_PlayerChip.cpp; sourceTree = "<group>"; };
		F16C34AA1EA908C800EDA131 /* CharacterSelect_PlayerChip.hpp */ = {isa = PBXFileReference; fileEncoding = 4; lastKnownFileType = sourcecode.cpp.h; path = CharacterSelect_PlayerChip.hpp; sourceTree = "<group>"; };
		F16C34AB1EA908C800EDA131 /* CharacterSelect_PlayerPanel.cpp */ = {isa = PBXFileReference; fileEncoding = 4; lastKnownFileType = sourcecode.cpp.cpp; path = CharacterSelect_PlayerPanel.cpp; sourceTree = "<group>"; };
		F16C34AC1EA908C800EDA131 /* CharacterSelect_PlayerPanel.hpp */ = {isa = PBXFileReference; fileEncoding = 4; lastKnownFileType = sourcecode.cpp.h; path = CharacterSelect_PlayerPanel.hpp; sourceTree = "<group>"; };
		F16C34AD1EA908C800EDA131 /* CharacterSelect_ReadyToFightBanner.cpp */ = {isa = PBXFileReference; fileEncoding = 4; lastKnownFileType = sourcecode.cpp.cpp; path = CharacterSelect_ReadyToFightBanner.cpp; sourceTree = "<group>"; };
		F16C34AE1EA908C800EDA131 /* CharacterSelect_ReadyToFightBanner.hpp */ = {isa = PBXFileReference; fileEncoding = 4; lastKnownFileType = sourcecode.cpp.h; path = CharacterSelect_ReadyToFightBanner.hpp; sourceTree = "<group>"; };
		F16C34AF1EA908C800EDA131 /* CharacterSelectScreen.cpp */ = {isa = PBXFileReference; fileEncoding = 4; lastKnownFileType = sourcecode.cpp.cpp; path = CharacterSelectScreen.cpp; sourceTree = "<group>"; };
		F16C34B01EA908C800EDA131 /* CharacterSelectScreen.hpp */ = {isa = PBXFileReference; fileEncoding = 4; lastKnownFileType = sourcecode.cpp.h; path = CharacterSelectScreen.hpp; sourceTree = "<group>"; };
		F16C34B21EA908C800EDA131 /* StageSelect_StageIcon.cpp */ = {isa = PBXFileReference; fileEncoding = 4; lastKnownFileType = sourcecode.cpp.cpp; path = StageSelect_StageIcon.cpp; sourceTree = "<group>"; };
		F16C34B31EA908C800EDA131 /* StageSelect_StageIcon.hpp */ = {isa = PBXFileReference; fileEncoding = 4; lastKnownFileType = sourcecode.cpp.h; path = StageSelect_StageIcon.hpp; sourceTree = "<group>"; };
		F16C34B41EA908C800EDA131 /* StageSelect_StagePreview.cpp */ = {isa = PBXFileReference; fileEncoding = 4; lastKnownFileType = sourcecode.cpp.cpp; path = StageSelect_StagePreview.cpp; sourceTree = "<group>"; };
		F16C34B51EA908C800EDA131 /* StageSelect_StagePreview.hpp */ = {isa = PBXFileReference; fileEncoding = 4; lastKnownFileType = sourcecode.cpp.h; path = StageSelect_StagePreview.hpp; sourceTree = "<group>"; };
		F16C34B61EA908C800EDA131 /* StageSelectScreen.cpp */ = {isa = PBXFileReference; fileEncoding = 4; lastKnownFileType = sourcecode.cpp.cpp; path = StageSelectScreen.cpp; sourceTree = "<group>"; };
		F16C34B71EA908C800EDA131 /* StageSelectScreen.hpp */ = {isa = PBXFileReference; fileEncoding = 4; lastKnownFileType = sourcecode.cpp.h; path = StageSelectScreen.hpp; sourceTree = "<group>"; };
		F16C34B91EA908C800EDA131 /* ActorGrid.cpp */ = {isa = PBXFileReference; fileEncoding = 4; lastKnownFileType = sourcecode.cpp.cpp; path = ActorGrid.cpp; sourceTree = "<group>"; };
		F16C34BA1EA908C800EDA131 /* ActorGrid.hpp */ = {isa = PBXFileReference; fileEncoding = 4; lastKnownFileType = sourcecode.cpp.h; path = ActorGrid.hpp; sourceTree = "<group>"; };
		F16C34BB1EA908C800EDA131 /* ArrowButton.cpp */ = {isa = PBXFileReference; fileEncoding = 4; lastKnownFileType = sourcecode.cpp.cpp; path = ArrowButton.cpp; sourceTree = "<group>"; };
		F16C34BC1EA908C800EDA131 /* ArrowButton.hpp */ = {isa = PBXFileReference; fileEncoding = 4; lastKnownFileType = sourcecode.cpp.h; path = ArrowButton.hpp; sourceTree = "<group>"; };
		F16C34BD1EA908C800EDA131 /* MenuBar.cpp */ = {isa = PBXFileReference; fileEncoding = 4; lastKnownFileType = sourcecode.cpp.cpp; path = MenuBar.cpp; sourceTree = "<group>"; };
		F16C34BE1EA908C800EDA131 /* MenuBar.hpp */ = {isa = PBXFileReference; fileEncoding = 4; lastKnownFileType = sourcecode.cpp.h; path = MenuBar.hpp; sourceTree = "<group>"; };
		F16C34BF1EA908C800EDA131 /* MenuBarValueAdjust.cpp */ = {isa = PBXFileReference; fileEncoding = 4; lastKnownFileType = sourcecode.cpp.cpp; path = MenuBarValueAdjust.cpp; sourceTree = "<group>"; };
		F16C34C01EA908C800EDA131 /* MenuBarValueAdjust.hpp */ = {isa = PBXFileReference; fileEncoding = 4; lastKnownFileType = sourcecode.cpp.h; path = MenuBarValueAdjust.hpp; sourceTree = "<group>"; };
		F16C34C11EA908C800EDA131 /* RulesBar.cpp */ = {isa = PBXFileReference; fileEncoding = 4; lastKnownFileType = sourcecode.cpp.cpp; path = RulesBar.cpp; sourceTree = "<group>"; };
		F16C34C21EA908C800EDA131 /* RulesBar.hpp */ = {isa = PBXFileReference; fileEncoding = 4; lastKnownFileType = sourcecode.cpp.h; path = RulesBar.hpp; sourceTree = "<group>"; };
		F16C34C41EA908C800EDA131 /* GroupMenu.cpp */ = {isa = PBXFileReference; fileEncoding = 4; lastKnownFileType = sourcecode.cpp.cpp; path = GroupMenu.cpp; sourceTree = "<group>"; };
		F16C34C51EA908C800EDA131 /* GroupMenu.hpp */ = {isa = PBXFileReference; fileEncoding = 4; lastKnownFileType = sourcecode.cpp.h; path = GroupMenu.hpp; sourceTree = "<group>"; };
		F16C34C61EA908C800EDA131 /* GroupRulesMenu.cpp */ = {isa = PBXFileReference; fileEncoding = 4; lastKnownFileType = sourcecode.cpp.cpp; path = GroupRulesMenu.cpp; sourceTree = "<group>"; };
		F16C34C71EA908C800EDA131 /* GroupRulesMenu.hpp */ = {isa = PBXFileReference; fileEncoding = 4; lastKnownFileType = sourcecode.cpp.h; path = GroupRulesMenu.hpp; sourceTree = "<group>"; };
		F16C34C81EA908C800EDA131 /* GroupSmashCharacterSelectMenu.cpp */ = {isa = PBXFileReference; fileEncoding = 4; lastKnownFileType = sourcecode.cpp.cpp; path = GroupSmashCharacterSelectMenu.cpp; sourceTree = "<group>"; };
		F16C34C91EA908C800EDA131 /* GroupSmashCharacterSelectMenu.hpp */ = {isa = PBXFileReference; fileEncoding = 4; lastKnownFileType = sourcecode.cpp.h; path = GroupSmashCharacterSelectMenu.hpp; sourceTree = "<group>"; };
		F16C34CA1EA908C800EDA131 /* GroupSmashStageSelectMenu.cpp */ = {isa = PBXFileReference; fileEncoding = 4; lastKnownFileType = sourcecode.cpp.cpp; path = GroupSmashStageSelectMenu.cpp; sourceTree = "<group>"; };
		F16C34CB1EA908C800EDA131 /* GroupSmashStageSelectMenu.hpp */ = {isa = PBXFileReference; fileEncoding = 4; lastKnownFileType = sourcecode.cpp.h; path = GroupSmashStageSelectMenu.hpp; sourceTree = "<group>"; };
		F16C34CC1EA908C800EDA131 /* MainMenu.cpp */ = {isa = PBXFileReference; fileEncoding = 4; lastKnownFileType = sourcecode.cpp.cpp; path = MainMenu.cpp; sourceTree = "<group>"; };
		F16C34CD1EA908C800EDA131 /* MainMenu.hpp */ = {isa = PBXFileReference; fileEncoding = 4; lastKnownFileType = sourcecode.cpp.h; path = MainMenu.hpp; sourceTree = "<group>"; };
		F16C34CF1EA908C800EDA131 /* GroupSmashData.cpp */ = {isa = PBXFileReference; fileEncoding = 4; lastKnownFileType = sourcecode.cpp.cpp; path = GroupSmashData.cpp; sourceTree = "<group>"; };
		F16C34D01EA908C800EDA131 /* GroupSmashData.hpp */ = {isa = PBXFileReference; fileEncoding = 4; lastKnownFileType = sourcecode.cpp.h; path = GroupSmashData.hpp; sourceTree = "<group>"; };
		F16C34D11EA908C800EDA131 /* SmashData.cpp */ = {isa = PBXFileReference; fileEncoding = 4; lastKnownFileType = sourcecode.cpp.cpp; path = SmashData.cpp; sourceTree = "<group>"; };
		F16C34D21EA908C800EDA131 /* SmashData.hpp */ = {isa = PBXFileReference; fileEncoding = 4; lastKnownFileType = sourcecode.cpp.h; path = SmashData.hpp; sourceTree = "<group>"; };
		F16C34D41EA908C800EDA131 /* SoloMenu.cpp */ = {isa = PBXFileReference; fileEncoding = 4; lastKnownFileType = sourcecode.cpp.cpp; path = SoloMenu.cpp; sourceTree = "<group>"; };
		F16C34D51EA908C800EDA131 /* SoloMenu.hpp */ = {isa = PBXFileReference; fileEncoding = 4; lastKnownFileType = sourcecode.cpp.h; path = SoloMenu.hpp; sourceTree = "<group>"; };
		F16C34D61EA908C800EDA131 /* TitleScreen.cpp */ = {isa = PBXFileReference; fileEncoding = 4; lastKnownFileType = sourcecode.cpp.cpp; path = TitleScreen.cpp; sourceTree = "<group>"; };
		F16C34D71EA908C800EDA131 /* TitleScreen.hpp */ = {isa = PBXFileReference; fileEncoding = 4; lastKnownFileType = sourcecode.cpp.h; path = TitleScreen.hpp; sourceTree = "<group>"; };
		F16C35071EA908D000EDA131 /* assets */ = {isa = PBXFileReference; lastKnownFileType = folder; name = assets; path = ../../assets; sourceTree = "<group>"; };
		F16C35181EA916BE00EDA131 /* PlayerInfo.cpp */ = {isa = PBXFileReference; fileEncoding = 4; lastKnownFileType = sourcecode.cpp.cpp; path = PlayerInfo.cpp; sourceTree = "<group>"; };
		F16C35191EA916BE00EDA131 /* PlayerInfo.hpp */ = {isa = PBXFileReference; fileEncoding = 4; lastKnownFileType = sourcecode.cpp.h; path = PlayerInfo.hpp; sourceTree = "<group>"; };
		F16C351A1EA916BE00EDA131 /* Rules.cpp */ = {isa = PBXFileReference; fileEncoding = 4; lastKnownFileType = sourcecode.cpp.cpp; path = Rules.cpp; sourceTree = "<group>"; };
		F16C351B1EA916BE00EDA131 /* Rules.hpp */ = {isa = PBXFileReference; fileEncoding = 4; lastKnownFileType = sourcecode.cpp.h; path = Rules.hpp; sourceTree = "<group>"; };
		F16C351D1EA916BE00EDA131 /* StockWinCondition.cpp */ = {isa = PBXFileReference; fileEncoding = 4; lastKnownFileType = sourcecode.cpp.cpp; path = StockWinCondition.cpp; sourceTree = "<group>"; };
		F16C351E1EA916BE00EDA131 /* StockWinCondition.hpp */ = {isa = PBXFileReference; fileEncoding = 4; lastKnownFileType = sourcecode.cpp.h; path = StockWinCondition.hpp; sourceTree = "<group>"; };
		F16C351F1EA916BE00EDA131 /* TimeLimitWinCondition.cpp */ = {isa = PBXFileReference; fileEncoding = 4; lastKnownFileType = sourcecode.cpp.cpp; path = TimeLimitWinCondition.cpp; sourceTree = "<group>"; };
		F16C35201EA916BE00EDA131 /* TimeLimitWinCondition.hpp */ = {isa = PBXFileReference; fileEncoding = 4; lastKnownFileType = sourcecode.cpp.h; path = TimeLimitWinCondition.hpp; sourceTree = "<group>"; };
		F16C35211EA916BE00EDA131 /* WinCondition.cpp */ = {isa = PBXFileReference; fileEncoding = 4; lastKnownFileType = sourcecode.cpp.cpp; path = WinCondition.cpp; sourceTree = "<group>"; };
		F16C35221EA916BE00EDA131 /* WinCondition.hpp */ = {isa = PBXFileReference; fileEncoding = 4; lastKnownFileType = sourcecode.cpp.h; path = WinCondition.hpp; sourceTree = "<group>"; };
		F17717431EAA3963005D9CD1 /* FreeType.framework */ = {isa = PBXFileReference; lastKnownFileType = wrapper.framework; name = FreeType.framework; path = ../../external/FightLib/external/GameLibrary/external/SDL/SDL_ttf/Xcode/Frameworks/FreeType.framework; sourceTree = "<group>"; };
		F17717441EAA3963005D9CD1 /* webp.framework */ = {isa = PBXFileReference; lastKnownFileType = wrapper.framework; name = webp.framework; path = ../../external/FightLib/external/GameLibrary/external/SDL/SDL_image/Xcode/Frameworks/webp.framework; sourceTree = "<group>"; };
		F177174A1EAA398A005D9CD1 /* libFightLib.a */ = {isa = PBXFileReference; lastKnownFileType = archive.ar; name = libFightLib.a; path = "../../../../../Library/Developer/Xcode/DerivedData/MobileBrawler-dzjxftvgiiuofgbpoxbbmwtndodd/Build/Products/Debug/libFightLib.a"; sourceTree = "<group>"; };
		F177174B1EAA398A005D9CD1 /* libGameLibrary.a */ = {isa = PBXFileReference; lastKnownFileType = archive.ar; name = libGameLibrary.a; path = "../../../../../Library/Developer/Xcode/DerivedData/MobileBrawler-dzjxftvgiiuofgbpoxbbmwtndodd/Build/Products/Debug/libGameLibrary.a"; sourceTree = "<group>"; };
		F17717521EAA573E005D9CD1 /* MenuButton.cpp */ = {isa = PBXFileReference; fileEncoding = 4; lastKnownFileType = sourcecode.cpp.cpp; path = MenuButton.cpp; sourceTree = "<group>"; };
		F17717531EAA573E005D9CD1 /* MenuButton.hpp */ = {isa = PBXFileReference; fileEncoding = 4; lastKnownFileType = sourcecode.cpp.h; path = MenuButton.hpp; sourceTree = "<group>"; };
/* End PBXFileReference section */

/* Begin PBXFrameworksBuildPhase section */
		F16C34231EA9076B00EDA131 /* Frameworks */ = {
			isa = PBXFrameworksBuildPhase;
			buildActionMask = 2147483647;
			files = (
				F177174C1EAA398A005D9CD1 /* libFightLib.a in Frameworks */,
				F177174D1EAA398A005D9CD1 /* libGameLibrary.a in Frameworks */,
				F16C34621EA9089800EDA131 /* Foundation.framework in Frameworks */,
				F16C34601EA9089000EDA131 /* AppKit.framework in Frameworks */,
				F16C345E1EA9088B00EDA131 /* CoreFoundation.framework in Frameworks */,
				F16C345B1EA9087800EDA131 /* CoreGraphics.framework in Frameworks */,
				F16C345C1EA9087800EDA131 /* CoreVideo.framework in Frameworks */,
				F16C34511EA9082900EDA131 /* CoreAudio.framework in Frameworks */,
				F16C344F1EA9082900EDA131 /* AudioToolbox.framework in Frameworks */,
				F16C34501EA9082900EDA131 /* Carbon.framework in Frameworks */,
				F16C34521EA9082900EDA131 /* ForceFeedback.framework in Frameworks */,
				F16C34531EA9082900EDA131 /* ImageIO.framework in Frameworks */,
				F16C34541EA9082900EDA131 /* IOKit.framework in Frameworks */,
				F17717451EAA3963005D9CD1 /* FreeType.framework in Frameworks */,
				F17717471EAA3963005D9CD1 /* webp.framework in Frameworks */,
			);
			runOnlyForDeploymentPostprocessing = 0;
		};
/* End PBXFrameworksBuildPhase section */

/* Begin PBXGroup section */
		F16C341D1EA9076B00EDA131 = {
			isa = PBXGroup;
			children = (
				F16C34281EA9076B00EDA131 /* project_assets */,
				F16C35071EA908D000EDA131 /* assets */,
				F16C34651EA908C800EDA131 /* src */,
				F16C34271EA9076B00EDA131 /* Products */,
				F16C34481EA9082900EDA131 /* Frameworks */,
			);
			sourceTree = "<group>";
		};
		F16C34271EA9076B00EDA131 /* Products */ = {
			isa = PBXGroup;
			children = (
				F16C34261EA9076B00EDA131 /* MobileBrawler.app */,
			);
			name = Products;
			sourceTree = "<group>";
		};
		F16C34281EA9076B00EDA131 /* project_assets */ = {
			isa = PBXGroup;
			children = (
				F16C34321EA9076B00EDA131 /* Assets.xcassets */,
				F16C34341EA9076B00EDA131 /* Main.storyboard */,
				F16C34371EA9076B00EDA131 /* Info.plist */,
			);
			path = project_assets;
			sourceTree = "<group>";
		};
		F16C34481EA9082900EDA131 /* Frameworks */ = {
			isa = PBXGroup;
			children = (
				F177174A1EAA398A005D9CD1 /* libFightLib.a */,
				F177174B1EAA398A005D9CD1 /* libGameLibrary.a */,
				F16C34611EA9089700EDA131 /* Foundation.framework */,
				F16C345F1EA9089000EDA131 /* AppKit.framework */,
				F16C345D1EA9088B00EDA131 /* CoreFoundation.framework */,
				F16C34591EA9087700EDA131 /* CoreGraphics.framework */,
				F16C345A1EA9087700EDA131 /* CoreVideo.framework */,
				F16C344B1EA9082900EDA131 /* CoreAudio.framework */,
				F16C34491EA9082900EDA131 /* AudioToolbox.framework */,
				F16C344A1EA9082900EDA131 /* Carbon.framework */,
				F16C344C1EA9082900EDA131 /* ForceFeedback.framework */,
				F16C344D1EA9082900EDA131 /* ImageIO.framework */,
				F16C344E1EA9082900EDA131 /* IOKit.framework */,
				F17717431EAA3963005D9CD1 /* FreeType.framework */,
				F17717441EAA3963005D9CD1 /* webp.framework */,
			);
			name = Frameworks;
			sourceTree = "<group>";
		};
		F16C34651EA908C800EDA131 /* src */ = {
			isa = PBXGroup;
			children = (
				F16C34661EA908C800EDA131 /* SmashLib */,
				F16C34971EA908C800EDA131 /* SmashBros */,
			);
			name = src;
			path = ../../src;
			sourceTree = "<group>";
		};
		F16C34661EA908C800EDA131 /* SmashLib */ = {
			isa = PBXGroup;
			children = (
				F16C34671EA908C800EDA131 /* SmashLib.hpp */,
				F16C35171EA916BE00EDA131 /* Rules */,
				F16C348C1EA908C800EDA131 /* Loader */,
			);
			path = SmashLib;
			sourceTree = "<group>";
		};
		F16C348C1EA908C800EDA131 /* Loader */ = {
			isa = PBXGroup;
			children = (
				F16C348D1EA908C800EDA131 /* CharacterInfo.cpp */,
				F16C348E1EA908C800EDA131 /* CharacterInfo.hpp */,
				F16C348F1EA908C800EDA131 /* CharacterLoader.cpp */,
				F16C34901EA908C800EDA131 /* CharacterLoader.hpp */,
				F16C34911EA908C800EDA131 /* StageInfo.cpp */,
				F16C34921EA908C800EDA131 /* StageInfo.hpp */,
				F16C34931EA908C800EDA131 /* StageLoader.cpp */,
				F16C34941EA908C800EDA131 /* StageLoader.hpp */,
			);
			path = Loader;
			sourceTree = "<group>";
		};
		F16C34971EA908C800EDA131 /* SmashBros */ = {
			isa = PBXGroup;
			children = (
				F16C349A1EA908C800EDA131 /* Load */,
				F16C34A21EA908C800EDA131 /* Menu */,
				F16C34981EA908C800EDA131 /* Game.cpp */,
				F16C34991EA908C800EDA131 /* Game.hpp */,
				F16C34A11EA908C800EDA131 /* main.cpp */,
			);
			path = SmashBros;
			sourceTree = "<group>";
		};
		F16C349A1EA908C800EDA131 /* Load */ = {
			isa = PBXGroup;
			children = (
				F16C349B1EA908C800EDA131 /* InitialLoadListener.cpp */,
				F16C349C1EA908C800EDA131 /* InitialLoadListener.hpp */,
				F16C349D1EA908C800EDA131 /* MenuLoad.cpp */,
				F16C349E1EA908C800EDA131 /* MenuLoad.hpp */,
				F16C349F1EA908C800EDA131 /* ModuleLoad.cpp */,
				F16C34A01EA908C800EDA131 /* ModuleLoad.hpp */,
			);
			path = Load;
			sourceTree = "<group>";
		};
		F16C34A21EA908C800EDA131 /* Menu */ = {
			isa = PBXGroup;
			children = (
				F16C34A31EA908C800EDA131 /* Base */,
				F16C34B81EA908C800EDA131 /* Elements */,
				F16C34C31EA908C800EDA131 /* GroupMenu */,
				F16C34CE1EA908C800EDA131 /* MenuData */,
				F16C34D31EA908C800EDA131 /* SoloMenu */,
				F16C34D61EA908C800EDA131 /* TitleScreen.cpp */,
				F16C34D71EA908C800EDA131 /* TitleScreen.hpp */,
				F16C34CC1EA908C800EDA131 /* MainMenu.cpp */,
				F16C34CD1EA908C800EDA131 /* MainMenu.hpp */,
			);
			path = Menu;
			sourceTree = "<group>";
		};
		F16C34A31EA908C800EDA131 /* Base */ = {
			isa = PBXGroup;
			children = (
				F16C34A41EA908C800EDA131 /* BaseMenuScreen.cpp */,
				F16C34A51EA908C800EDA131 /* BaseMenuScreen.hpp */,
				F16C34A61EA908C800EDA131 /* CharacterSelect */,
				F16C34B11EA908C800EDA131 /* StageSelect */,
			);
			path = Base;
			sourceTree = "<group>";
		};
		F16C34A61EA908C800EDA131 /* CharacterSelect */ = {
			isa = PBXGroup;
			children = (
				F16C34A71EA908C800EDA131 /* CharacterSelect_CharacterIcon.cpp */,
				F16C34A81EA908C800EDA131 /* CharacterSelect_CharacterIcon.hpp */,
				F16C34A91EA908C800EDA131 /* CharacterSelect_PlayerChip.cpp */,
				F16C34AA1EA908C800EDA131 /* CharacterSelect_PlayerChip.hpp */,
				F16C34AB1EA908C800EDA131 /* CharacterSelect_PlayerPanel.cpp */,
				F16C34AC1EA908C800EDA131 /* CharacterSelect_PlayerPanel.hpp */,
				F16C34AD1EA908C800EDA131 /* CharacterSelect_ReadyToFightBanner.cpp */,
				F16C34AE1EA908C800EDA131 /* CharacterSelect_ReadyToFightBanner.hpp */,
				F16C34AF1EA908C800EDA131 /* CharacterSelectScreen.cpp */,
				F16C34B01EA908C800EDA131 /* CharacterSelectScreen.hpp */,
			);
			path = CharacterSelect;
			sourceTree = "<group>";
		};
		F16C34B11EA908C800EDA131 /* StageSelect */ = {
			isa = PBXGroup;
			children = (
				F16C34B21EA908C800EDA131 /* StageSelect_StageIcon.cpp */,
				F16C34B31EA908C800EDA131 /* StageSelect_StageIcon.hpp */,
				F16C34B41EA908C800EDA131 /* StageSelect_StagePreview.cpp */,
				F16C34B51EA908C800EDA131 /* StageSelect_StagePreview.hpp */,
				F16C34B61EA908C800EDA131 /* StageSelectScreen.cpp */,
				F16C34B71EA908C800EDA131 /* StageSelectScreen.hpp */,
			);
			path = StageSelect;
			sourceTree = "<group>";
		};
		F16C34B81EA908C800EDA131 /* Elements */ = {
			isa = PBXGroup;
			children = (
				F17717521EAA573E005D9CD1 /* MenuButton.cpp */,
				F17717531EAA573E005D9CD1 /* MenuButton.hpp */,
				F16C34B91EA908C800EDA131 /* ActorGrid.cpp */,
				F16C34BA1EA908C800EDA131 /* ActorGrid.hpp */,
				F16C34BB1EA908C800EDA131 /* ArrowButton.cpp */,
				F16C34BC1EA908C800EDA131 /* ArrowButton.hpp */,
				F16C34BD1EA908C800EDA131 /* MenuBar.cpp */,
				F16C34BE1EA908C800EDA131 /* MenuBar.hpp */,
				F16C34BF1EA908C800EDA131 /* MenuBarValueAdjust.cpp */,
				F16C34C01EA908C800EDA131 /* MenuBarValueAdjust.hpp */,
				F16C34C11EA908C800EDA131 /* RulesBar.cpp */,
				F16C34C21EA908C800EDA131 /* RulesBar.hpp */,
			);
			path = Elements;
			sourceTree = "<group>";
		};
		F16C34C31EA908C800EDA131 /* GroupMenu */ = {
			isa = PBXGroup;
			children = (
				F16C34C41EA908C800EDA131 /* GroupMenu.cpp */,
				F16C34C51EA908C800EDA131 /* GroupMenu.hpp */,
				F16C34C61EA908C800EDA131 /* GroupRulesMenu.cpp */,
				F16C34C71EA908C800EDA131 /* GroupRulesMenu.hpp */,
				F16C34C81EA908C800EDA131 /* GroupSmashCharacterSelectMenu.cpp */,
				F16C34C91EA908C800EDA131 /* GroupSmashCharacterSelectMenu.hpp */,
				F16C34CA1EA908C800EDA131 /* GroupSmashStageSelectMenu.cpp */,
				F16C34CB1EA908C800EDA131 /* GroupSmashStageSelectMenu.hpp */,
			);
			path = GroupMenu;
			sourceTree = "<group>";
		};
		F16C34CE1EA908C800EDA131 /* MenuData */ = {
			isa = PBXGroup;
			children = (
				F16C34CF1EA908C800EDA131 /* GroupSmashData.cpp */,
				F16C34D01EA908C800EDA131 /* GroupSmashData.hpp */,
				F16C34D11EA908C800EDA131 /* SmashData.cpp */,
				F16C34D21EA908C800EDA131 /* SmashData.hpp */,
			);
			path = MenuData;
			sourceTree = "<group>";
		};
		F16C34D31EA908C800EDA131 /* SoloMenu */ = {
			isa = PBXGroup;
			children = (
				F16C34D41EA908C800EDA131 /* SoloMenu.cpp */,
				F16C34D51EA908C800EDA131 /* SoloMenu.hpp */,
			);
			path = SoloMenu;
			sourceTree = "<group>";
		};
		F16C35171EA916BE00EDA131 /* Rules */ = {
			isa = PBXGroup;
			children = (
				F16C351C1EA916BE00EDA131 /* WinCondition */,
				F16C35181EA916BE00EDA131 /* PlayerInfo.cpp */,
				F16C35191EA916BE00EDA131 /* PlayerInfo.hpp */,
				F16C351A1EA916BE00EDA131 /* Rules.cpp */,
				F16C351B1EA916BE00EDA131 /* Rules.hpp */,
			);
			path = Rules;
			sourceTree = "<group>";
		};
		F16C351C1EA916BE00EDA131 /* WinCondition */ = {
			isa = PBXGroup;
			children = (
				F16C351D1EA916BE00EDA131 /* StockWinCondition.cpp */,
				F16C351E1EA916BE00EDA131 /* StockWinCondition.hpp */,
				F16C351F1EA916BE00EDA131 /* TimeLimitWinCondition.cpp */,
				F16C35201EA916BE00EDA131 /* TimeLimitWinCondition.hpp */,
				F16C35211EA916BE00EDA131 /* WinCondition.cpp */,
				F16C35221EA916BE00EDA131 /* WinCondition.hpp */,
			);
			path = WinCondition;
			sourceTree = "<group>";
		};
/* End PBXGroup section */

/* Begin PBXNativeTarget section */
		F16C34251EA9076B00EDA131 /* MobileBrawler */ = {
			isa = PBXNativeTarget;
			buildConfigurationList = F16C343A1EA9076B00EDA131 /* Build configuration list for PBXNativeTarget "MobileBrawler" */;
			buildPhases = (
				F16C34221EA9076B00EDA131 /* Sources */,
				F16C34231EA9076B00EDA131 /* Frameworks */,
				F16C34241EA9076B00EDA131 /* Resources */,
				F17717491EAA3963005D9CD1 /* Embed Frameworks */,
			);
			buildRules = (
			);
			dependencies = (
			);
			name = MobileBrawler;
			productName = MobileBrawler;
			productReference = F16C34261EA9076B00EDA131 /* MobileBrawler.app */;
			productType = "com.apple.product-type.application";
		};
/* End PBXNativeTarget section */

/* Begin PBXProject section */
		F16C341E1EA9076B00EDA131 /* Project object */ = {
			isa = PBXProject;
			attributes = {
				LastUpgradeCheck = 0830;
				ORGANIZATIONNAME = "Luis Finke";
				TargetAttributes = {
					F16C34251EA9076B00EDA131 = {
						CreatedOnToolsVersion = 8.3.1;
						ProvisioningStyle = Automatic;
					};
				};
			};
			buildConfigurationList = F16C34211EA9076B00EDA131 /* Build configuration list for PBXProject "MobileBrawler" */;
			compatibilityVersion = "Xcode 3.2";
			developmentRegion = English;
			hasScannedForEncodings = 0;
			knownRegions = (
				en,
				Base,
			);
			mainGroup = F16C341D1EA9076B00EDA131;
			productRefGroup = F16C34271EA9076B00EDA131 /* Products */;
			projectDirPath = "";
			projectRoot = "";
			targets = (
				F16C34251EA9076B00EDA131 /* MobileBrawler */,
			);
		};
/* End PBXProject section */

/* Begin PBXResourcesBuildPhase section */
		F16C34241EA9076B00EDA131 /* Resources */ = {
			isa = PBXResourcesBuildPhase;
			buildActionMask = 2147483647;
			files = (
				F16C35081EA908D000EDA131 /* assets in Resources */,
				F16C34331EA9076B00EDA131 /* Assets.xcassets in Resources */,
				F16C34361EA9076B00EDA131 /* Main.storyboard in Resources */,
			);
			runOnlyForDeploymentPostprocessing = 0;
		};
/* End PBXResourcesBuildPhase section */

/* Begin PBXSourcesBuildPhase section */
		F16C34221EA9076B00EDA131 /* Sources */ = {
			isa = PBXSourcesBuildPhase;
			buildActionMask = 2147483647;
			files = (
				F16C34E81EA908C800EDA131 /* CharacterLoader.cpp in Sources */,
				F16C34F81EA908C800EDA131 /* StageSelectScreen.cpp in Sources */,
				F16C34F31EA908C800EDA131 /* CharacterSelect_PlayerPanel.cpp in Sources */,
				F16C35041EA908C800EDA131 /* SmashData.cpp in Sources */,
				F16C34F41EA908C800EDA131 /* CharacterSelect_ReadyToFightBanner.cpp in Sources */,
				F16C34F91EA908C800EDA131 /* ActorGrid.cpp in Sources */,
				F16C34ED1EA908C800EDA131 /* MenuLoad.cpp in Sources */,
				F16C35241EA916BE00EDA131 /* Rules.cpp in Sources */,
				F16C35061EA908C800EDA131 /* TitleScreen.cpp in Sources */,
				F16C34EC1EA908C800EDA131 /* InitialLoadListener.cpp in Sources */,
				F16C35001EA908C800EDA131 /* GroupSmashCharacterSelectMenu.cpp in Sources */,
				F16C35021EA908C800EDA131 /* MainMenu.cpp in Sources */,
				F16C34F61EA908C800EDA131 /* StageSelect_StageIcon.cpp in Sources */,
				F16C35261EA916BE00EDA131 /* TimeLimitWinCondition.cpp in Sources */,
				F16C35271EA916BE00EDA131 /* WinCondition.cpp in Sources */,
				F16C34FE1EA908C800EDA131 /* GroupMenu.cpp in Sources */,
				F16C34EF1EA908C800EDA131 /* main.cpp in Sources */,
				F16C35231EA916BE00EDA131 /* PlayerInfo.cpp in Sources */,
				F16C34FC1EA908C800EDA131 /* MenuBarValueAdjust.cpp in Sources */,
				F16C34FD1EA908C800EDA131 /* RulesBar.cpp in Sources */,
				F16C34EA1EA908C800EDA131 /* StageLoader.cpp in Sources */,
				F16C34F11EA908C800EDA131 /* CharacterSelect_CharacterIcon.cpp in Sources */,
				F16C34FB1EA908C800EDA131 /* MenuBar.cpp in Sources */,
				F16C34F21EA908C800EDA131 /* CharacterSelect_PlayerChip.cpp in Sources */,
				F16C34E91EA908C800EDA131 /* StageInfo.cpp in Sources */,
				F16C34F71EA908C800EDA131 /* StageSelect_StagePreview.cpp in Sources */,
				F16C34E71EA908C800EDA131 /* CharacterInfo.cpp in Sources */,
				F16C35251EA916BE00EDA131 /* StockWinCondition.cpp in Sources */,
				F17717541EAA573E005D9CD1 /* MenuButton.cpp in Sources */,
				F16C34EE1EA908C800EDA131 /* ModuleLoad.cpp in Sources */,
				F16C35051EA908C800EDA131 /* SoloMenu.cpp in Sources */,
				F16C34FF1EA908C800EDA131 /* GroupRulesMenu.cpp in Sources */,
				F16C34F51EA908C800EDA131 /* CharacterSelectScreen.cpp in Sources */,
				F16C35031EA908C800EDA131 /* GroupSmashData.cpp in Sources */,
				F16C35011EA908C800EDA131 /* GroupSmashStageSelectMenu.cpp in Sources */,
				F16C34FA1EA908C800EDA131 /* ArrowButton.cpp in Sources */,
				F16C34EB1EA908C800EDA131 /* Game.cpp in Sources */,
				F16C34F01EA908C800EDA131 /* BaseMenuScreen.cpp in Sources */,
			);
			runOnlyForDeploymentPostprocessing = 0;
		};
/* End PBXSourcesBuildPhase section */

/* Begin PBXVariantGroup section */
		F16C34341EA9076B00EDA131 /* Main.storyboard */ = {
			isa = PBXVariantGroup;
			children = (
				F16C34351EA9076B00EDA131 /* Base */,
			);
			name = Main.storyboard;
			sourceTree = "<group>";
		};
/* End PBXVariantGroup section */

/* Begin XCBuildConfiguration section */
		F16C34381EA9076B00EDA131 /* Debug */ = {
			isa = XCBuildConfiguration;
			buildSettings = {
				ALWAYS_SEARCH_USER_PATHS = NO;
				CLANG_ANALYZER_NONNULL = YES;
				CLANG_ANALYZER_NUMBER_OBJECT_CONVERSION = YES_AGGRESSIVE;
				CLANG_CXX_LANGUAGE_STANDARD = "gnu++0x";
				CLANG_CXX_LIBRARY = "libc++";
				CLANG_ENABLE_MODULES = YES;
				CLANG_ENABLE_OBJC_ARC = YES;
				CLANG_WARN_BOOL_CONVERSION = YES;
				CLANG_WARN_CONSTANT_CONVERSION = YES;
				CLANG_WARN_DIRECT_OBJC_ISA_USAGE = YES_ERROR;
				CLANG_WARN_DOCUMENTATION_COMMENTS = YES;
				CLANG_WARN_EMPTY_BODY = YES;
				CLANG_WARN_ENUM_CONVERSION = YES;
				CLANG_WARN_INFINITE_RECURSION = YES;
				CLANG_WARN_INT_CONVERSION = YES;
				CLANG_WARN_OBJC_ROOT_CLASS = YES_ERROR;
				CLANG_WARN_SUSPICIOUS_MOVE = YES;
				CLANG_WARN_UNREACHABLE_CODE = YES;
				CLANG_WARN__DUPLICATE_METHOD_MATCH = YES;
				CODE_SIGN_IDENTITY = "-";
				COPY_PHASE_STRIP = NO;
				DEBUG_INFORMATION_FORMAT = dwarf;
				ENABLE_STRICT_OBJC_MSGSEND = YES;
				ENABLE_TESTABILITY = YES;
				GCC_C_LANGUAGE_STANDARD = gnu99;
				GCC_DYNAMIC_NO_PIC = NO;
				GCC_NO_COMMON_BLOCKS = YES;
				GCC_OPTIMIZATION_LEVEL = 0;
				GCC_PREPROCESSOR_DEFINITIONS = (
					"DEBUG=1",
					"$(inherited)",
				);
				GCC_WARN_64_TO_32_BIT_CONVERSION = YES;
				GCC_WARN_ABOUT_RETURN_TYPE = YES_ERROR;
				GCC_WARN_UNDECLARED_SELECTOR = YES;
				GCC_WARN_UNINITIALIZED_AUTOS = YES_AGGRESSIVE;
				GCC_WARN_UNUSED_FUNCTION = YES;
				GCC_WARN_UNUSED_VARIABLE = YES;
				MACOSX_DEPLOYMENT_TARGET = 10.12;
				MTL_ENABLE_DEBUG_INFO = YES;
				ONLY_ACTIVE_ARCH = YES;
				SDKROOT = macosx;
			};
			name = Debug;
		};
		F16C34391EA9076B00EDA131 /* Release */ = {
			isa = XCBuildConfiguration;
			buildSettings = {
				ALWAYS_SEARCH_USER_PATHS = NO;
				CLANG_ANALYZER_NONNULL = YES;
				CLANG_ANALYZER_NUMBER_OBJECT_CONVERSION = YES_AGGRESSIVE;
				CLANG_CXX_LANGUAGE_STANDARD = "gnu++0x";
				CLANG_CXX_LIBRARY = "libc++";
				CLANG_ENABLE_MODULES = YES;
				CLANG_ENABLE_OBJC_ARC = YES;
				CLANG_WARN_BOOL_CONVERSION = YES;
				CLANG_WARN_CONSTANT_CONVERSION = YES;
				CLANG_WARN_DIRECT_OBJC_ISA_USAGE = YES_ERROR;
				CLANG_WARN_DOCUMENTATION_COMMENTS = YES;
				CLANG_WARN_EMPTY_BODY = YES;
				CLANG_WARN_ENUM_CONVERSION = YES;
				CLANG_WARN_INFINITE_RECURSION = YES;
				CLANG_WARN_INT_CONVERSION = YES;
				CLANG_WARN_OBJC_ROOT_CLASS = YES_ERROR;
				CLANG_WARN_SUSPICIOUS_MOVE = YES;
				CLANG_WARN_UNREACHABLE_CODE = YES;
				CLANG_WARN__DUPLICATE_METHOD_MATCH = YES;
				CODE_SIGN_IDENTITY = "-";
				COPY_PHASE_STRIP = NO;
				DEBUG_INFORMATION_FORMAT = "dwarf-with-dsym";
				ENABLE_NS_ASSERTIONS = NO;
				ENABLE_STRICT_OBJC_MSGSEND = YES;
				GCC_C_LANGUAGE_STANDARD = gnu99;
				GCC_NO_COMMON_BLOCKS = YES;
				GCC_WARN_64_TO_32_BIT_CONVERSION = YES;
				GCC_WARN_ABOUT_RETURN_TYPE = YES_ERROR;
				GCC_WARN_UNDECLARED_SELECTOR = YES;
				GCC_WARN_UNINITIALIZED_AUTOS = YES_AGGRESSIVE;
				GCC_WARN_UNUSED_FUNCTION = YES;
				GCC_WARN_UNUSED_VARIABLE = YES;
				MACOSX_DEPLOYMENT_TARGET = 10.12;
				MTL_ENABLE_DEBUG_INFO = NO;
				SDKROOT = macosx;
			};
			name = Release;
		};
		F16C343B1EA9076B00EDA131 /* Debug */ = {
			isa = XCBuildConfiguration;
			buildSettings = {
				ASSETCATALOG_COMPILER_APPICON_NAME = AppIcon;
				COMBINE_HIDPI_IMAGES = YES;
				FRAMEWORK_SEARCH_PATHS = ../../external/FightLib/external/GameLibrary/projects/xcode/EmbeddedFrameworks;
				HEADER_SEARCH_PATHS = (
					../../external/FightLib/include,
					../../external/FightLib/external/GameLibrary/include,
					../../src,
				);
				INFOPLIST_FILE = "$(SRCROOT)/project_assets/Info.plist";
				LD_RUNPATH_SEARCH_PATHS = "$(inherited) @executable_path/../Frameworks";
				PRODUCT_BUNDLE_IDENTIFIER = com.lufinkey.MobileBrawler;
				PRODUCT_NAME = "$(TARGET_NAME)";
			};
			name = Debug;
		};
		F16C343C1EA9076B00EDA131 /* Release */ = {
			isa = XCBuildConfiguration;
			buildSettings = {
				ASSETCATALOG_COMPILER_APPICON_NAME = AppIcon;
				COMBINE_HIDPI_IMAGES = YES;
				FRAMEWORK_SEARCH_PATHS = ../../external/FightLib/external/GameLibrary/projects/xcode/EmbeddedFrameworks;
				HEADER_SEARCH_PATHS = (
					../../external/FightLib/include,
					../../external/FightLib/external/GameLibrary/include,
					../../src,
				);
				INFOPLIST_FILE = "$(SRCROOT)/project_assets/Info.plist";
				LD_RUNPATH_SEARCH_PATHS = "$(inherited) @executable_path/../Frameworks";
				PRODUCT_BUNDLE_IDENTIFIER = com.lufinkey.MobileBrawler;
				PRODUCT_NAME = "$(TARGET_NAME)";
			};
			name = Release;
		};
/* End XCBuildConfiguration section */

/* Begin XCConfigurationList section */
		F16C34211EA9076B00EDA131 /* Build configuration list for PBXProject "MobileBrawler" */ = {
			isa = XCConfigurationList;
			buildConfigurations = (
				F16C34381EA9076B00EDA131 /* Debug */,
				F16C34391EA9076B00EDA131 /* Release */,
			);
			defaultConfigurationIsVisible = 0;
			defaultConfigurationName = Release;
		};
		F16C343A1EA9076B00EDA131 /* Build configuration list for PBXNativeTarget "MobileBrawler" */ = {
			isa = XCConfigurationList;
			buildConfigurations = (
				F16C343B1EA9076B00EDA131 /* Debug */,
				F16C343C1EA9076B00EDA131 /* Release */,
			);
			defaultConfigurationIsVisible = 0;
			defaultConfigurationName = Release;
		};
/* End XCConfigurationList section */
	};
	rootObject = F16C341E1EA9076B00EDA131 /* Project object */;
}
