// !$*UTF8*$!
{
	archiveVersion = 1;
	classes = {
	};
	objectVersion = 46;
	objects = {

/* Begin PBXBuildFile section */
		A01656681A70A6F6007D0BA1 /* UIKit.framework in Frameworks */ = {isa = PBXBuildFile; fileRef = A01656671A70A6F6007D0BA1 /* UIKit.framework */; };
		A016566A1A70A6F6007D0BA1 /* Foundation.framework in Frameworks */ = {isa = PBXBuildFile; fileRef = A01656691A70A6F6007D0BA1 /* Foundation.framework */; };
		A016566C1A70A6F6007D0BA1 /* CoreGraphics.framework in Frameworks */ = {isa = PBXBuildFile; fileRef = A016566B1A70A6F6007D0BA1 /* CoreGraphics.framework */; };
		A016567A1A70A6F6007D0BA1 /* Default.png in Resources */ = {isa = PBXBuildFile; fileRef = A01656791A70A6F6007D0BA1 /* Default.png */; };
		A016567C1A70A6F6007D0BA1 /* Default@2x.png in Resources */ = {isa = PBXBuildFile; fileRef = A016567B1A70A6F6007D0BA1 /* Default@2x.png */; };
		A016567E1A70A6F6007D0BA1 /* Default-568h@2x.png in Resources */ = {isa = PBXBuildFile; fileRef = A016567D1A70A6F6007D0BA1 /* Default-568h@2x.png */; };
		A01656861A70AB8D007D0BA1 /* assets in Resources */ = {isa = PBXBuildFile; fileRef = A01656851A70AB8D007D0BA1 /* assets */; };
		A01657691A70C16B007D0BA1 /* Rules.cpp in Sources */ = {isa = PBXBuildFile; fileRef = A016568D1A70C16B007D0BA1 /* Rules.cpp */; };
		A016576A1A70C16B007D0BA1 /* WinCondition.cpp in Sources */ = {isa = PBXBuildFile; fileRef = A016568F1A70C16B007D0BA1 /* WinCondition.cpp */; };
		A016576B1A70C16B007D0BA1 /* CharacterInfo.cpp in Sources */ = {isa = PBXBuildFile; fileRef = A01656921A70C16B007D0BA1 /* CharacterInfo.cpp */; };
		A016576C1A70C16B007D0BA1 /* CharacterLoader.cpp in Sources */ = {isa = PBXBuildFile; fileRef = A01656941A70C16B007D0BA1 /* CharacterLoader.cpp */; };
		A016576D1A70C16B007D0BA1 /* Actor.cpp in Sources */ = {isa = PBXBuildFile; fileRef = A01656981A70C16B007D0BA1 /* Actor.cpp */; };
		A016576E1A70C16B007D0BA1 /* Animation.cpp in Sources */ = {isa = PBXBuildFile; fileRef = A016569A1A70C16B007D0BA1 /* Animation.cpp */; };
		A016576F1A70C16B007D0BA1 /* SpriteActor.cpp in Sources */ = {isa = PBXBuildFile; fileRef = A016569C1A70C16B007D0BA1 /* SpriteActor.cpp */; };
		A01657701A70C16B007D0BA1 /* TextActor.cpp in Sources */ = {isa = PBXBuildFile; fileRef = A016569E1A70C16B007D0BA1 /* TextActor.cpp */; };
		A01657711A70C16B007D0BA1 /* WireframeActor.cpp in Sources */ = {isa = PBXBuildFile; fileRef = A01656A01A70C16B007D0BA1 /* WireframeActor.cpp */; };
		A01657721A70C16B007D0BA1 /* Application.cpp in Sources */ = {isa = PBXBuildFile; fileRef = A01656A31A70C16B007D0BA1 /* Application.cpp */; };
		A01657731A70C16B007D0BA1 /* ApplicationData.cpp in Sources */ = {isa = PBXBuildFile; fileRef = A01656A51A70C16B007D0BA1 /* ApplicationData.cpp */; };
		A01657741A70C16B007D0BA1 /* AssetManager.cpp in Sources */ = {isa = PBXBuildFile; fileRef = A01656A71A70C16B007D0BA1 /* AssetManager.cpp */; };
		A01657751A70C16B007D0BA1 /* BatchLoader.cpp in Sources */ = {isa = PBXBuildFile; fileRef = A01656A91A70C16B007D0BA1 /* BatchLoader.cpp */; };
		A01657761A70C16B007D0BA1 /* EventManager.cpp in Sources */ = {isa = PBXBuildFile; fileRef = A01656AB1A70C16B007D0BA1 /* EventManager.cpp */; };
		A01657771A70C16B007D0BA1 /* Music.cpp in Sources */ = {isa = PBXBuildFile; fileRef = A01656AE1A70C16B007D0BA1 /* Music.cpp */; };
		A01657781A70C16B007D0BA1 /* Sound.cpp in Sources */ = {isa = PBXBuildFile; fileRef = A01656B01A70C16B007D0BA1 /* Sound.cpp */; };
		A01657791A70C16B007D0BA1 /* BadCastException.cpp in Sources */ = {isa = PBXBuildFile; fileRef = A01656B31A70C16B007D0BA1 /* BadCastException.cpp */; };
		A016577A1A70C16B007D0BA1 /* Exception.cpp in Sources */ = {isa = PBXBuildFile; fileRef = A01656B51A70C16B007D0BA1 /* Exception.cpp */; };
		A016577B1A70C16B007D0BA1 /* ImageOutOfBoundsException.cpp in Sources */ = {isa = PBXBuildFile; fileRef = A01656B81A70C16B007D0BA1 /* ImageOutOfBoundsException.cpp */; };
		A016577C1A70C16B007D0BA1 /* TextureImageCreateException.cpp in Sources */ = {isa = PBXBuildFile; fileRef = A01656BA1A70C16B007D0BA1 /* TextureImageCreateException.cpp */; };
		A016577D1A70C16B007D0BA1 /* TextureImageUpdateException.cpp in Sources */ = {isa = PBXBuildFile; fileRef = A01656BC1A70C16B007D0BA1 /* TextureImageUpdateException.cpp */; };
		A016577E1A70C16B007D0BA1 /* UnsupportedImageFormatException.cpp in Sources */ = {isa = PBXBuildFile; fileRef = A01656BE1A70C16B007D0BA1 /* UnsupportedImageFormatException.cpp */; };
		A016577F1A70C16B007D0BA1 /* IllegalArgumentException.cpp in Sources */ = {isa = PBXBuildFile; fileRef = A01656C01A70C16B007D0BA1 /* IllegalArgumentException.cpp */; };
		A01657801A70C16B007D0BA1 /* IllegalFormatException.cpp in Sources */ = {isa = PBXBuildFile; fileRef = A01656C21A70C16B007D0BA1 /* IllegalFormatException.cpp */; };
		A01657811A70C16B007D0BA1 /* IllegalStateException.cpp in Sources */ = {isa = PBXBuildFile; fileRef = A01656C41A70C16B007D0BA1 /* IllegalStateException.cpp */; };
		A01657821A70C16B007D0BA1 /* InitializeLibraryException.cpp in Sources */ = {isa = PBXBuildFile; fileRef = A01656C61A70C16B007D0BA1 /* InitializeLibraryException.cpp */; };
		A01657831A70C16B007D0BA1 /* NumberFormatException.cpp in Sources */ = {isa = PBXBuildFile; fileRef = A01656C81A70C16B007D0BA1 /* NumberFormatException.cpp */; };
		A01657841A70C16B007D0BA1 /* OutOfBoundsException.cpp in Sources */ = {isa = PBXBuildFile; fileRef = A01656CA1A70C16B007D0BA1 /* OutOfBoundsException.cpp */; };
		A01657851A70C16B007D0BA1 /* ScreenNavigationException.cpp in Sources */ = {isa = PBXBuildFile; fileRef = A01656CD1A70C16B007D0BA1 /* ScreenNavigationException.cpp */; };
		A01657861A70C16B007D0BA1 /* ArrayListOutOfBoundsException.cpp in Sources */ = {isa = PBXBuildFile; fileRef = A01656D01A70C16B007D0BA1 /* ArrayListOutOfBoundsException.cpp */; };
		A01657871A70C16B007D0BA1 /* BadAnyCastException.cpp in Sources */ = {isa = PBXBuildFile; fileRef = A01656D21A70C16B007D0BA1 /* BadAnyCastException.cpp */; };
		A01657881A70C16B007D0BA1 /* BitListOutOfBoundsException.cpp in Sources */ = {isa = PBXBuildFile; fileRef = A01656D41A70C16B007D0BA1 /* BitListOutOfBoundsException.cpp */; };
		A01657891A70C16B007D0BA1 /* BitSetOutOfBoundsException.cpp in Sources */ = {isa = PBXBuildFile; fileRef = A01656D61A70C16B007D0BA1 /* BitSetOutOfBoundsException.cpp */; };
		A016578A1A70C16B007D0BA1 /* DataPacketOutOfBoundsException.cpp in Sources */ = {isa = PBXBuildFile; fileRef = A01656D81A70C16B007D0BA1 /* DataPacketOutOfBoundsException.cpp */; };
		A016578B1A70C16B007D0BA1 /* RenderGlyphException.cpp in Sources */ = {isa = PBXBuildFile; fileRef = A01656DB1A70C16B007D0BA1 /* RenderGlyphException.cpp */; };
		A016578C1A70C16B007D0BA1 /* IllegalNumberOperationException.cpp in Sources */ = {isa = PBXBuildFile; fileRef = A01656DD1A70C16B007D0BA1 /* IllegalNumberOperationException.cpp */; };
		A016578D1A70C16B007D0BA1 /* StringOutOfBoundsException.cpp in Sources */ = {isa = PBXBuildFile; fileRef = A01656DF1A70C16B007D0BA1 /* StringOutOfBoundsException.cpp */; };
		A016578E1A70C16B007D0BA1 /* IllegalDateTimeFormatException.cpp in Sources */ = {isa = PBXBuildFile; fileRef = A01656E21A70C16B007D0BA1 /* IllegalDateTimeFormatException.cpp */; };
		A016578F1A70C16B007D0BA1 /* GameLibrary.cpp in Sources */ = {isa = PBXBuildFile; fileRef = A01656E41A70C16B007D0BA1 /* GameLibrary.cpp */; };
		A01657901A70C16B007D0BA1 /* Color.cpp in Sources */ = {isa = PBXBuildFile; fileRef = A01656E71A70C16B007D0BA1 /* Color.cpp */; };
		A01657911A70C16B007D0BA1 /* Graphics.cpp in Sources */ = {isa = PBXBuildFile; fileRef = A01656E91A70C16B007D0BA1 /* Graphics.cpp */; };
		A01657921A70C16B007D0BA1 /* Image.cpp in Sources */ = {isa = PBXBuildFile; fileRef = A01656EB1A70C16B007D0BA1 /* Image.cpp */; };
		A01657931A70C16B007D0BA1 /* PixelIterator.cpp in Sources */ = {isa = PBXBuildFile; fileRef = A01656ED1A70C16B007D0BA1 /* PixelIterator.cpp */; };
		A01657941A70C16B007D0BA1 /* TextureImage.cpp in Sources */ = {isa = PBXBuildFile; fileRef = A01656EF1A70C16B007D0BA1 /* TextureImage.cpp */; };
		A01657951A70C16B007D0BA1 /* Keyboard.cpp in Sources */ = {isa = PBXBuildFile; fileRef = A01656F21A70C16B007D0BA1 /* Keyboard.cpp */; };
		A01657961A70C16B007D0BA1 /* Mouse.cpp in Sources */ = {isa = PBXBuildFile; fileRef = A01656F41A70C16B007D0BA1 /* Mouse.cpp */; };
		A01657971A70C16B007D0BA1 /* Multitouch.cpp in Sources */ = {isa = PBXBuildFile; fileRef = A01656F61A70C16B007D0BA1 /* Multitouch.cpp */; };
		A01657981A70C16B007D0BA1 /* Console.cpp in Sources */ = {isa = PBXBuildFile; fileRef = A01656F91A70C16B007D0BA1 /* Console.cpp */; };
		A01657991A70C16B007D0BA1 /* FileTools.cpp in Sources */ = {isa = PBXBuildFile; fileRef = A01656FB1A70C16B007D0BA1 /* FileTools.cpp */; };
		A016579A1A70C16B007D0BA1 /* NetworkProtocol.cpp in Sources */ = {isa = PBXBuildFile; fileRef = A01656FE1A70C16B007D0BA1 /* NetworkProtocol.cpp */; };
		A016579B1A70C16B007D0BA1 /* MenuScreen.cpp in Sources */ = {isa = PBXBuildFile; fileRef = A01657021A70C16B007D0BA1 /* MenuScreen.cpp */; };
		A016579C1A70C16B007D0BA1 /* Screen.cpp in Sources */ = {isa = PBXBuildFile; fileRef = A01657041A70C16B007D0BA1 /* Screen.cpp */; };
		A016579D1A70C16B007D0BA1 /* ScreenElement.cpp in Sources */ = {isa = PBXBuildFile; fileRef = A01657061A70C16B007D0BA1 /* ScreenElement.cpp */; };
		A016579E1A70C16B007D0BA1 /* ScreenManager.cpp in Sources */ = {isa = PBXBuildFile; fileRef = A01657081A70C16B007D0BA1 /* ScreenManager.cpp */; };
		A016579F1A70C16B007D0BA1 /* FadeColorTransition.cpp in Sources */ = {isa = PBXBuildFile; fileRef = A016570B1A70C16B007D0BA1 /* FadeColorTransition.cpp */; };
		A01657A01A70C16B007D0BA1 /* FadeZoomTransition.cpp in Sources */ = {isa = PBXBuildFile; fileRef = A016570D1A70C16B007D0BA1 /* FadeZoomTransition.cpp */; };
		A01657A11A70C16B007D0BA1 /* PopoverTransition.cpp in Sources */ = {isa = PBXBuildFile; fileRef = A016570F1A70C16B007D0BA1 /* PopoverTransition.cpp */; };
		A01657A21A70C16B007D0BA1 /* SlideTransition.cpp in Sources */ = {isa = PBXBuildFile; fileRef = A01657111A70C16B007D0BA1 /* SlideTransition.cpp */; };
		A01657A31A70C16B007D0BA1 /* Transition.cpp in Sources */ = {isa = PBXBuildFile; fileRef = A01657131A70C16B007D0BA1 /* Transition.cpp */; };
		A01657A41A70C16B007D0BA1 /* ImageElement.cpp in Sources */ = {isa = PBXBuildFile; fileRef = A01657161A70C16B007D0BA1 /* ImageElement.cpp */; };
		A01657A51A70C16B007D0BA1 /* TextInputElement.cpp in Sources */ = {isa = PBXBuildFile; fileRef = A01657181A70C16B007D0BA1 /* TextInputElement.cpp */; };
		A01657A61A70C16B007D0BA1 /* BitList.cpp in Sources */ = {isa = PBXBuildFile; fileRef = A016571E1A70C16B007D0BA1 /* BitList.cpp */; };
		A01657A71A70C16B007D0BA1 /* BitSet.cpp in Sources */ = {isa = PBXBuildFile; fileRef = A01657201A70C16B007D0BA1 /* BitSet.cpp */; };
		A01657A81A70C16B007D0BA1 /* DataPacket.cpp in Sources */ = {isa = PBXBuildFile; fileRef = A01657221A70C16B007D0BA1 /* DataPacket.cpp */; };
		A01657A91A70C16B007D0BA1 /* Dictionary.cpp in Sources */ = {isa = PBXBuildFile; fileRef = A01657241A70C16B007D0BA1 /* Dictionary.cpp */; };
		A01657AA1A70C16B007D0BA1 /* Font.cpp in Sources */ = {isa = PBXBuildFile; fileRef = A01657271A70C16B007D0BA1 /* Font.cpp */; };
		A01657AB1A70C16B007D0BA1 /* RenderedGlyphContainer.cpp in Sources */ = {isa = PBXBuildFile; fileRef = A01657291A70C16B007D0BA1 /* RenderedGlyphContainer.cpp */; };
		A01657AC1A70C16B007D0BA1 /* Circle.cpp in Sources */ = {isa = PBXBuildFile; fileRef = A016572C1A70C16B007D0BA1 /* Circle.cpp */; };
		A01657AD1A70C16B007D0BA1 /* Polygon.cpp in Sources */ = {isa = PBXBuildFile; fileRef = A016572E1A70C16B007D0BA1 /* Polygon.cpp */; };
		A01657AE1A70C16B007D0BA1 /* Transform.cpp in Sources */ = {isa = PBXBuildFile; fileRef = A01657311A70C16B007D0BA1 /* Transform.cpp */; };
		A01657AF1A70C16B007D0BA1 /* Math.cpp in Sources */ = {isa = PBXBuildFile; fileRef = A01657341A70C16B007D0BA1 /* Math.cpp */; };
		A01657B01A70C16B007D0BA1 /* Number.cpp in Sources */ = {isa = PBXBuildFile; fileRef = A01657361A70C16B007D0BA1 /* Number.cpp */; };
		A01657B11A70C16B007D0BA1 /* String.cpp in Sources */ = {isa = PBXBuildFile; fileRef = A016573A1A70C16B007D0BA1 /* String.cpp */; };
		A01657B21A70C16B007D0BA1 /* Thread.cpp in Sources */ = {isa = PBXBuildFile; fileRef = A016573C1A70C16B007D0BA1 /* Thread.cpp */; };
		A01657B31A70C16B007D0BA1 /* DateTime.cpp in Sources */ = {isa = PBXBuildFile; fileRef = A016573F1A70C16B007D0BA1 /* DateTime.cpp */; };
		A01657B41A70C16B007D0BA1 /* posixtime.cpp in Sources */ = {isa = PBXBuildFile; fileRef = A01657411A70C16B007D0BA1 /* posixtime.cpp */; };
		A01657B51A70C16B007D0BA1 /* time64.c in Sources */ = {isa = PBXBuildFile; fileRef = A01657441A70C16B007D0BA1 /* time64.c */; };
		A01657B61A70C16B007D0BA1 /* TimeInterval.cpp in Sources */ = {isa = PBXBuildFile; fileRef = A01657481A70C16B007D0BA1 /* TimeInterval.cpp */; };
		A01657B71A70C16B007D0BA1 /* View.cpp in Sources */ = {isa = PBXBuildFile; fileRef = A016574B1A70C16B007D0BA1 /* View.cpp */; };
		A01657B81A70C16B007D0BA1 /* Window.cpp in Sources */ = {isa = PBXBuildFile; fileRef = A016574D1A70C16B007D0BA1 /* Window.cpp */; };
		A01657B91A70C16B007D0BA1 /* Game.cpp in Sources */ = {isa = PBXBuildFile; fileRef = A01657501A70C16B007D0BA1 /* Game.cpp */; };
		A01657BA1A70C16B007D0BA1 /* main.cpp in Sources */ = {isa = PBXBuildFile; fileRef = A01657531A70C16B007D0BA1 /* main.cpp */; };
		A01657BB1A70C16B007D0BA1 /* BaseMenuScreen.cpp in Sources */ = {isa = PBXBuildFile; fileRef = A01657561A70C16B007D0BA1 /* BaseMenuScreen.cpp */; };
		A01657BC1A70C16B007D0BA1 /* CharacterSelectScreen.cpp in Sources */ = {isa = PBXBuildFile; fileRef = A01657581A70C16B007D0BA1 /* CharacterSelectScreen.cpp */; };
		A01657BD1A70C16B007D0BA1 /* ActorGrid.cpp in Sources */ = {isa = PBXBuildFile; fileRef = A016575B1A70C16B007D0BA1 /* ActorGrid.cpp */; };
		A01657BE1A70C16B007D0BA1 /* GroupMenu.cpp in Sources */ = {isa = PBXBuildFile; fileRef = A016575D1A70C16B007D0BA1 /* GroupMenu.cpp */; };
		A01657BF1A70C16B007D0BA1 /* GroupSmashCharacterSelectMenu.cpp in Sources */ = {isa = PBXBuildFile; fileRef = A016575F1A70C16B007D0BA1 /* GroupSmashCharacterSelectMenu.cpp */; };
		A01657C01A70C16B007D0BA1 /* MainMenu.cpp in Sources */ = {isa = PBXBuildFile; fileRef = A01657611A70C16B007D0BA1 /* MainMenu.cpp */; };
		A01657C11A70C16B007D0BA1 /* SoloMenu.cpp in Sources */ = {isa = PBXBuildFile; fileRef = A01657631A70C16B007D0BA1 /* SoloMenu.cpp */; };
		A01657C21A70C16B007D0BA1 /* TitleScreen.cpp in Sources */ = {isa = PBXBuildFile; fileRef = A01657651A70C16B007D0BA1 /* TitleScreen.cpp */; };
		A01657C31A70C16B007D0BA1 /* SmashData.cpp in Sources */ = {isa = PBXBuildFile; fileRef = A01657671A70C16B007D0BA1 /* SmashData.cpp */; };
		A01658361A70C291007D0BA1 /* pugixml.cpp in Sources */ = {isa = PBXBuildFile; fileRef = A01657D01A70C291007D0BA1 /* pugixml.cpp */; };
		A01658371A70C291007D0BA1 /* libSDL.a in Frameworks */ = {isa = PBXBuildFile; fileRef = A01658241A70C291007D0BA1 /* libSDL.a */; };
		A01658381A70C291007D0BA1 /* libSDL_image.a in Frameworks */ = {isa = PBXBuildFile; fileRef = A01658251A70C291007D0BA1 /* libSDL_image.a */; };
		A01658391A70C291007D0BA1 /* libSDL_mixer.a in Frameworks */ = {isa = PBXBuildFile; fileRef = A01658261A70C291007D0BA1 /* libSDL_mixer.a */; };
		A016583A1A70C291007D0BA1 /* libSDL_p2p.a in Frameworks */ = {isa = PBXBuildFile; fileRef = A01658271A70C291007D0BA1 /* libSDL_p2p.a */; };
		A016583B1A70C291007D0BA1 /* libSDL_ttf.a in Frameworks */ = {isa = PBXBuildFile; fileRef = A01658281A70C291007D0BA1 /* libSDL_ttf.a */; };
		A016584A1A714C69007D0BA1 /* AudioToolbox.framework in Frameworks */ = {isa = PBXBuildFile; fileRef = A01658491A714C69007D0BA1 /* AudioToolbox.framework */; };
		A016584C1A714D01007D0BA1 /* CoreAudio.framework in Frameworks */ = {isa = PBXBuildFile; fileRef = A016584B1A714D01007D0BA1 /* CoreAudio.framework */; };
		A016584E1A714D4E007D0BA1 /* OpenGLES.framework in Frameworks */ = {isa = PBXBuildFile; fileRef = A016584D1A714D4E007D0BA1 /* OpenGLES.framework */; };
		A01658501A714D75007D0BA1 /* QuartzCore.framework in Frameworks */ = {isa = PBXBuildFile; fileRef = A016584F1A714D75007D0BA1 /* QuartzCore.framework */; };
		A01658521A714D93007D0BA1 /* GameKit.framework in Frameworks */ = {isa = PBXBuildFile; fileRef = A01658511A714D93007D0BA1 /* GameKit.framework */; };
		A01658541A714DB0007D0BA1 /* MobileCoreServices.framework in Frameworks */ = {isa = PBXBuildFile; fileRef = A01658531A714DB0007D0BA1 /* MobileCoreServices.framework */; };
		A01658561A714DD4007D0BA1 /* ImageIO.framework in Frameworks */ = {isa = PBXBuildFile; fileRef = A01658551A714DD4007D0BA1 /* ImageIO.framework */; };
/* End PBXBuildFile section */

/* Begin PBXFileReference section */
		A01656641A70A6F6007D0BA1 /* MobileBrawler.app */ = {isa = PBXFileReference; explicitFileType = wrapper.application; includeInIndex = 0; path = MobileBrawler.app; sourceTree = BUILT_PRODUCTS_DIR; };
		A01656671A70A6F6007D0BA1 /* UIKit.framework */ = {isa = PBXFileReference; lastKnownFileType = wrapper.framework; name = UIKit.framework; path = System/Library/Frameworks/UIKit.framework; sourceTree = SDKROOT; };
		A01656691A70A6F6007D0BA1 /* Foundation.framework */ = {isa = PBXFileReference; lastKnownFileType = wrapper.framework; name = Foundation.framework; path = System/Library/Frameworks/Foundation.framework; sourceTree = SDKROOT; };
		A016566B1A70A6F6007D0BA1 /* CoreGraphics.framework */ = {isa = PBXFileReference; lastKnownFileType = wrapper.framework; name = CoreGraphics.framework; path = System/Library/Frameworks/CoreGraphics.framework; sourceTree = SDKROOT; };
		A016566F1A70A6F6007D0BA1 /* MobileBrawler-Info.plist */ = {isa = PBXFileReference; lastKnownFileType = text.plist.xml; path = "MobileBrawler-Info.plist"; sourceTree = "<group>"; };
		A01656751A70A6F6007D0BA1 /* MobileBrawler-Prefix.pch */ = {isa = PBXFileReference; lastKnownFileType = sourcecode.c.h; path = "MobileBrawler-Prefix.pch"; sourceTree = "<group>"; };
		A01656791A70A6F6007D0BA1 /* Default.png */ = {isa = PBXFileReference; lastKnownFileType = image.png; path = Default.png; sourceTree = "<group>"; };
		A016567B1A70A6F6007D0BA1 /* Default@2x.png */ = {isa = PBXFileReference; lastKnownFileType = image.png; path = "Default@2x.png"; sourceTree = "<group>"; };
		A016567D1A70A6F6007D0BA1 /* Default-568h@2x.png */ = {isa = PBXFileReference; lastKnownFileType = image.png; path = "Default-568h@2x.png"; sourceTree = "<group>"; };
		A01656851A70AB8D007D0BA1 /* assets */ = {isa = PBXFileReference; lastKnownFileType = folder; path = assets; sourceTree = "<group>"; };
		A016568B1A70C16B007D0BA1 /* BrawlerLibrary.h */ = {isa = PBXFileReference; fileEncoding = 4; lastKnownFileType = sourcecode.c.h; path = BrawlerLibrary.h; sourceTree = "<group>"; };
		A016568D1A70C16B007D0BA1 /* Rules.cpp */ = {isa = PBXFileReference; fileEncoding = 4; lastKnownFileType = sourcecode.cpp.cpp; path = Rules.cpp; sourceTree = "<group>"; };
		A016568E1A70C16B007D0BA1 /* Rules.h */ = {isa = PBXFileReference; fileEncoding = 4; lastKnownFileType = sourcecode.c.h; path = Rules.h; sourceTree = "<group>"; };
		A016568F1A70C16B007D0BA1 /* WinCondition.cpp */ = {isa = PBXFileReference; fileEncoding = 4; lastKnownFileType = sourcecode.cpp.cpp; path = WinCondition.cpp; sourceTree = "<group>"; };
		A01656901A70C16B007D0BA1 /* WinCondition.h */ = {isa = PBXFileReference; fileEncoding = 4; lastKnownFileType = sourcecode.c.h; path = WinCondition.h; sourceTree = "<group>"; };
		A01656921A70C16B007D0BA1 /* CharacterInfo.cpp */ = {isa = PBXFileReference; fileEncoding = 4; lastKnownFileType = sourcecode.cpp.cpp; path = CharacterInfo.cpp; sourceTree = "<group>"; };
		A01656931A70C16B007D0BA1 /* CharacterInfo.h */ = {isa = PBXFileReference; fileEncoding = 4; lastKnownFileType = sourcecode.c.h; path = CharacterInfo.h; sourceTree = "<group>"; };
		A01656941A70C16B007D0BA1 /* CharacterLoader.cpp */ = {isa = PBXFileReference; fileEncoding = 4; lastKnownFileType = sourcecode.cpp.cpp; path = CharacterLoader.cpp; sourceTree = "<group>"; };
		A01656951A70C16B007D0BA1 /* CharacterLoader.h */ = {isa = PBXFileReference; fileEncoding = 4; lastKnownFileType = sourcecode.c.h; path = CharacterLoader.h; sourceTree = "<group>"; };
		A01656981A70C16B007D0BA1 /* Actor.cpp */ = {isa = PBXFileReference; fileEncoding = 4; lastKnownFileType = sourcecode.cpp.cpp; path = Actor.cpp; sourceTree = "<group>"; };
		A01656991A70C16B007D0BA1 /* Actor.h */ = {isa = PBXFileReference; fileEncoding = 4; lastKnownFileType = sourcecode.c.h; path = Actor.h; sourceTree = "<group>"; };
		A016569A1A70C16B007D0BA1 /* Animation.cpp */ = {isa = PBXFileReference; fileEncoding = 4; lastKnownFileType = sourcecode.cpp.cpp; path = Animation.cpp; sourceTree = "<group>"; };
		A016569B1A70C16B007D0BA1 /* Animation.h */ = {isa = PBXFileReference; fileEncoding = 4; lastKnownFileType = sourcecode.c.h; path = Animation.h; sourceTree = "<group>"; };
		A016569C1A70C16B007D0BA1 /* SpriteActor.cpp */ = {isa = PBXFileReference; fileEncoding = 4; lastKnownFileType = sourcecode.cpp.cpp; path = SpriteActor.cpp; sourceTree = "<group>"; };
		A016569D1A70C16B007D0BA1 /* SpriteActor.h */ = {isa = PBXFileReference; fileEncoding = 4; lastKnownFileType = sourcecode.c.h; path = SpriteActor.h; sourceTree = "<group>"; };
		A016569E1A70C16B007D0BA1 /* TextActor.cpp */ = {isa = PBXFileReference; fileEncoding = 4; lastKnownFileType = sourcecode.cpp.cpp; path = TextActor.cpp; sourceTree = "<group>"; };
		A016569F1A70C16B007D0BA1 /* TextActor.h */ = {isa = PBXFileReference; fileEncoding = 4; lastKnownFileType = sourcecode.c.h; path = TextActor.h; sourceTree = "<group>"; };
		A01656A01A70C16B007D0BA1 /* WireframeActor.cpp */ = {isa = PBXFileReference; fileEncoding = 4; lastKnownFileType = sourcecode.cpp.cpp; path = WireframeActor.cpp; sourceTree = "<group>"; };
		A01656A11A70C16B007D0BA1 /* WireframeActor.h */ = {isa = PBXFileReference; fileEncoding = 4; lastKnownFileType = sourcecode.c.h; path = WireframeActor.h; sourceTree = "<group>"; };
		A01656A31A70C16B007D0BA1 /* Application.cpp */ = {isa = PBXFileReference; fileEncoding = 4; lastKnownFileType = sourcecode.cpp.cpp; path = Application.cpp; sourceTree = "<group>"; };
		A01656A41A70C16B007D0BA1 /* Application.h */ = {isa = PBXFileReference; fileEncoding = 4; lastKnownFileType = sourcecode.c.h; path = Application.h; sourceTree = "<group>"; };
		A01656A51A70C16B007D0BA1 /* ApplicationData.cpp */ = {isa = PBXFileReference; fileEncoding = 4; lastKnownFileType = sourcecode.cpp.cpp; path = ApplicationData.cpp; sourceTree = "<group>"; };
		A01656A61A70C16B007D0BA1 /* ApplicationData.h */ = {isa = PBXFileReference; fileEncoding = 4; lastKnownFileType = sourcecode.c.h; path = ApplicationData.h; sourceTree = "<group>"; };
		A01656A71A70C16B007D0BA1 /* AssetManager.cpp */ = {isa = PBXFileReference; fileEncoding = 4; lastKnownFileType = sourcecode.cpp.cpp; path = AssetManager.cpp; sourceTree = "<group>"; };
		A01656A81A70C16B007D0BA1 /* AssetManager.h */ = {isa = PBXFileReference; fileEncoding = 4; lastKnownFileType = sourcecode.c.h; path = AssetManager.h; sourceTree = "<group>"; };
		A01656A91A70C16B007D0BA1 /* BatchLoader.cpp */ = {isa = PBXFileReference; fileEncoding = 4; lastKnownFileType = sourcecode.cpp.cpp; path = BatchLoader.cpp; sourceTree = "<group>"; };
		A01656AA1A70C16B007D0BA1 /* BatchLoader.h */ = {isa = PBXFileReference; fileEncoding = 4; lastKnownFileType = sourcecode.c.h; path = BatchLoader.h; sourceTree = "<group>"; };
		A01656AB1A70C16B007D0BA1 /* EventManager.cpp */ = {isa = PBXFileReference; fileEncoding = 4; lastKnownFileType = sourcecode.cpp.cpp; path = EventManager.cpp; sourceTree = "<group>"; };
		A01656AC1A70C16B007D0BA1 /* EventManager.h */ = {isa = PBXFileReference; fileEncoding = 4; lastKnownFileType = sourcecode.c.h; path = EventManager.h; sourceTree = "<group>"; };
		A01656AE1A70C16B007D0BA1 /* Music.cpp */ = {isa = PBXFileReference; fileEncoding = 4; lastKnownFileType = sourcecode.cpp.cpp; path = Music.cpp; sourceTree = "<group>"; };
		A01656AF1A70C16B007D0BA1 /* Music.h */ = {isa = PBXFileReference; fileEncoding = 4; lastKnownFileType = sourcecode.c.h; path = Music.h; sourceTree = "<group>"; };
		A01656B01A70C16B007D0BA1 /* Sound.cpp */ = {isa = PBXFileReference; fileEncoding = 4; lastKnownFileType = sourcecode.cpp.cpp; path = Sound.cpp; sourceTree = "<group>"; };
		A01656B11A70C16B007D0BA1 /* Sound.h */ = {isa = PBXFileReference; fileEncoding = 4; lastKnownFileType = sourcecode.c.h; path = Sound.h; sourceTree = "<group>"; };
		A01656B31A70C16B007D0BA1 /* BadCastException.cpp */ = {isa = PBXFileReference; fileEncoding = 4; lastKnownFileType = sourcecode.cpp.cpp; path = BadCastException.cpp; sourceTree = "<group>"; };
		A01656B41A70C16B007D0BA1 /* BadCastException.h */ = {isa = PBXFileReference; fileEncoding = 4; lastKnownFileType = sourcecode.c.h; path = BadCastException.h; sourceTree = "<group>"; };
		A01656B51A70C16B007D0BA1 /* Exception.cpp */ = {isa = PBXFileReference; fileEncoding = 4; lastKnownFileType = sourcecode.cpp.cpp; path = Exception.cpp; sourceTree = "<group>"; };
		A01656B61A70C16B007D0BA1 /* Exception.h */ = {isa = PBXFileReference; fileEncoding = 4; lastKnownFileType = sourcecode.c.h; path = Exception.h; sourceTree = "<group>"; };
		A01656B81A70C16B007D0BA1 /* ImageOutOfBoundsException.cpp */ = {isa = PBXFileReference; fileEncoding = 4; lastKnownFileType = sourcecode.cpp.cpp; path = ImageOutOfBoundsException.cpp; sourceTree = "<group>"; };
		A01656B91A70C16B007D0BA1 /* ImageOutOfBoundsException.h */ = {isa = PBXFileReference; fileEncoding = 4; lastKnownFileType = sourcecode.c.h; path = ImageOutOfBoundsException.h; sourceTree = "<group>"; };
		A01656BA1A70C16B007D0BA1 /* TextureImageCreateException.cpp */ = {isa = PBXFileReference; fileEncoding = 4; lastKnownFileType = sourcecode.cpp.cpp; path = TextureImageCreateException.cpp; sourceTree = "<group>"; };
		A01656BB1A70C16B007D0BA1 /* TextureImageCreateException.h */ = {isa = PBXFileReference; fileEncoding = 4; lastKnownFileType = sourcecode.c.h; path = TextureImageCreateException.h; sourceTree = "<group>"; };
		A01656BC1A70C16B007D0BA1 /* TextureImageUpdateException.cpp */ = {isa = PBXFileReference; fileEncoding = 4; lastKnownFileType = sourcecode.cpp.cpp; path = TextureImageUpdateException.cpp; sourceTree = "<group>"; };
		A01656BD1A70C16B007D0BA1 /* TextureImageUpdateException.h */ = {isa = PBXFileReference; fileEncoding = 4; lastKnownFileType = sourcecode.c.h; path = TextureImageUpdateException.h; sourceTree = "<group>"; };
		A01656BE1A70C16B007D0BA1 /* UnsupportedImageFormatException.cpp */ = {isa = PBXFileReference; fileEncoding = 4; lastKnownFileType = sourcecode.cpp.cpp; path = UnsupportedImageFormatException.cpp; sourceTree = "<group>"; };
		A01656BF1A70C16B007D0BA1 /* UnsupportedImageFormatException.h */ = {isa = PBXFileReference; fileEncoding = 4; lastKnownFileType = sourcecode.c.h; path = UnsupportedImageFormatException.h; sourceTree = "<group>"; };
		A01656C01A70C16B007D0BA1 /* IllegalArgumentException.cpp */ = {isa = PBXFileReference; fileEncoding = 4; lastKnownFileType = sourcecode.cpp.cpp; path = IllegalArgumentException.cpp; sourceTree = "<group>"; };
		A01656C11A70C16B007D0BA1 /* IllegalArgumentException.h */ = {isa = PBXFileReference; fileEncoding = 4; lastKnownFileType = sourcecode.c.h; path = IllegalArgumentException.h; sourceTree = "<group>"; };
		A01656C21A70C16B007D0BA1 /* IllegalFormatException.cpp */ = {isa = PBXFileReference; fileEncoding = 4; lastKnownFileType = sourcecode.cpp.cpp; path = IllegalFormatException.cpp; sourceTree = "<group>"; };
		A01656C31A70C16B007D0BA1 /* IllegalFormatException.h */ = {isa = PBXFileReference; fileEncoding = 4; lastKnownFileType = sourcecode.c.h; path = IllegalFormatException.h; sourceTree = "<group>"; };
		A01656C41A70C16B007D0BA1 /* IllegalStateException.cpp */ = {isa = PBXFileReference; fileEncoding = 4; lastKnownFileType = sourcecode.cpp.cpp; path = IllegalStateException.cpp; sourceTree = "<group>"; };
		A01656C51A70C16B007D0BA1 /* IllegalStateException.h */ = {isa = PBXFileReference; fileEncoding = 4; lastKnownFileType = sourcecode.c.h; path = IllegalStateException.h; sourceTree = "<group>"; };
		A01656C61A70C16B007D0BA1 /* InitializeLibraryException.cpp */ = {isa = PBXFileReference; fileEncoding = 4; lastKnownFileType = sourcecode.cpp.cpp; path = InitializeLibraryException.cpp; sourceTree = "<group>"; };
		A01656C71A70C16B007D0BA1 /* InitializeLibraryException.h */ = {isa = PBXFileReference; fileEncoding = 4; lastKnownFileType = sourcecode.c.h; path = InitializeLibraryException.h; sourceTree = "<group>"; };
		A01656C81A70C16B007D0BA1 /* NumberFormatException.cpp */ = {isa = PBXFileReference; fileEncoding = 4; lastKnownFileType = sourcecode.cpp.cpp; path = NumberFormatException.cpp; sourceTree = "<group>"; };
		A01656C91A70C16B007D0BA1 /* NumberFormatException.h */ = {isa = PBXFileReference; fileEncoding = 4; lastKnownFileType = sourcecode.c.h; path = NumberFormatException.h; sourceTree = "<group>"; };
		A01656CA1A70C16B007D0BA1 /* OutOfBoundsException.cpp */ = {isa = PBXFileReference; fileEncoding = 4; lastKnownFileType = sourcecode.cpp.cpp; path = OutOfBoundsException.cpp; sourceTree = "<group>"; };
		A01656CB1A70C16B007D0BA1 /* OutOfBoundsException.h */ = {isa = PBXFileReference; fileEncoding = 4; lastKnownFileType = sourcecode.c.h; path = OutOfBoundsException.h; sourceTree = "<group>"; };
		A01656CD1A70C16B007D0BA1 /* ScreenNavigationException.cpp */ = {isa = PBXFileReference; fileEncoding = 4; lastKnownFileType = sourcecode.cpp.cpp; path = ScreenNavigationException.cpp; sourceTree = "<group>"; };
		A01656CE1A70C16B007D0BA1 /* ScreenNavigationException.h */ = {isa = PBXFileReference; fileEncoding = 4; lastKnownFileType = sourcecode.c.h; path = ScreenNavigationException.h; sourceTree = "<group>"; };
		A01656D01A70C16B007D0BA1 /* ArrayListOutOfBoundsException.cpp */ = {isa = PBXFileReference; fileEncoding = 4; lastKnownFileType = sourcecode.cpp.cpp; path = ArrayListOutOfBoundsException.cpp; sourceTree = "<group>"; };
		A01656D11A70C16B007D0BA1 /* ArrayListOutOfBoundsException.h */ = {isa = PBXFileReference; fileEncoding = 4; lastKnownFileType = sourcecode.c.h; path = ArrayListOutOfBoundsException.h; sourceTree = "<group>"; };
		A01656D21A70C16B007D0BA1 /* BadAnyCastException.cpp */ = {isa = PBXFileReference; fileEncoding = 4; lastKnownFileType = sourcecode.cpp.cpp; path = BadAnyCastException.cpp; sourceTree = "<group>"; };
		A01656D31A70C16B007D0BA1 /* BadAnyCastException.h */ = {isa = PBXFileReference; fileEncoding = 4; lastKnownFileType = sourcecode.c.h; path = BadAnyCastException.h; sourceTree = "<group>"; };
		A01656D41A70C16B007D0BA1 /* BitListOutOfBoundsException.cpp */ = {isa = PBXFileReference; fileEncoding = 4; lastKnownFileType = sourcecode.cpp.cpp; path = BitListOutOfBoundsException.cpp; sourceTree = "<group>"; };
		A01656D51A70C16B007D0BA1 /* BitListOutOfBoundsException.h */ = {isa = PBXFileReference; fileEncoding = 4; lastKnownFileType = sourcecode.c.h; path = BitListOutOfBoundsException.h; sourceTree = "<group>"; };
		A01656D61A70C16B007D0BA1 /* BitSetOutOfBoundsException.cpp */ = {isa = PBXFileReference; fileEncoding = 4; lastKnownFileType = sourcecode.cpp.cpp; path = BitSetOutOfBoundsException.cpp; sourceTree = "<group>"; };
		A01656D71A70C16B007D0BA1 /* BitSetOutOfBoundsException.h */ = {isa = PBXFileReference; fileEncoding = 4; lastKnownFileType = sourcecode.c.h; path = BitSetOutOfBoundsException.h; sourceTree = "<group>"; };
		A01656D81A70C16B007D0BA1 /* DataPacketOutOfBoundsException.cpp */ = {isa = PBXFileReference; fileEncoding = 4; lastKnownFileType = sourcecode.cpp.cpp; path = DataPacketOutOfBoundsException.cpp; sourceTree = "<group>"; };
		A01656D91A70C16B007D0BA1 /* DataPacketOutOfBoundsException.h */ = {isa = PBXFileReference; fileEncoding = 4; lastKnownFileType = sourcecode.c.h; path = DataPacketOutOfBoundsException.h; sourceTree = "<group>"; };
		A01656DB1A70C16B007D0BA1 /* RenderGlyphException.cpp */ = {isa = PBXFileReference; fileEncoding = 4; lastKnownFileType = sourcecode.cpp.cpp; path = RenderGlyphException.cpp; sourceTree = "<group>"; };
		A01656DC1A70C16B007D0BA1 /* RenderGlyphException.h */ = {isa = PBXFileReference; fileEncoding = 4; lastKnownFileType = sourcecode.c.h; path = RenderGlyphException.h; sourceTree = "<group>"; };
		A01656DD1A70C16B007D0BA1 /* IllegalNumberOperationException.cpp */ = {isa = PBXFileReference; fileEncoding = 4; lastKnownFileType = sourcecode.cpp.cpp; path = IllegalNumberOperationException.cpp; sourceTree = "<group>"; };
		A01656DE1A70C16B007D0BA1 /* IllegalNumberOperationException.h */ = {isa = PBXFileReference; fileEncoding = 4; lastKnownFileType = sourcecode.c.h; path = IllegalNumberOperationException.h; sourceTree = "<group>"; };
		A01656DF1A70C16B007D0BA1 /* StringOutOfBoundsException.cpp */ = {isa = PBXFileReference; fileEncoding = 4; lastKnownFileType = sourcecode.cpp.cpp; path = StringOutOfBoundsException.cpp; sourceTree = "<group>"; };
		A01656E01A70C16B007D0BA1 /* StringOutOfBoundsException.h */ = {isa = PBXFileReference; fileEncoding = 4; lastKnownFileType = sourcecode.c.h; path = StringOutOfBoundsException.h; sourceTree = "<group>"; };
		A01656E21A70C16B007D0BA1 /* IllegalDateTimeFormatException.cpp */ = {isa = PBXFileReference; fileEncoding = 4; lastKnownFileType = sourcecode.cpp.cpp; path = IllegalDateTimeFormatException.cpp; sourceTree = "<group>"; };
		A01656E31A70C16B007D0BA1 /* IllegalDateTimeFormatException.h */ = {isa = PBXFileReference; fileEncoding = 4; lastKnownFileType = sourcecode.c.h; path = IllegalDateTimeFormatException.h; sourceTree = "<group>"; };
		A01656E41A70C16B007D0BA1 /* GameLibrary.cpp */ = {isa = PBXFileReference; fileEncoding = 4; lastKnownFileType = sourcecode.cpp.cpp; path = GameLibrary.cpp; sourceTree = "<group>"; };
		A01656E51A70C16B007D0BA1 /* GameLibrary.h */ = {isa = PBXFileReference; fileEncoding = 4; lastKnownFileType = sourcecode.c.h; path = GameLibrary.h; sourceTree = "<group>"; };
		A01656E71A70C16B007D0BA1 /* Color.cpp */ = {isa = PBXFileReference; fileEncoding = 4; lastKnownFileType = sourcecode.cpp.cpp; path = Color.cpp; sourceTree = "<group>"; };
		A01656E81A70C16B007D0BA1 /* Color.h */ = {isa = PBXFileReference; fileEncoding = 4; lastKnownFileType = sourcecode.c.h; path = Color.h; sourceTree = "<group>"; };
		A01656E91A70C16B007D0BA1 /* Graphics.cpp */ = {isa = PBXFileReference; fileEncoding = 4; lastKnownFileType = sourcecode.cpp.cpp; path = Graphics.cpp; sourceTree = "<group>"; };
		A01656EA1A70C16B007D0BA1 /* Graphics.h */ = {isa = PBXFileReference; fileEncoding = 4; lastKnownFileType = sourcecode.c.h; path = Graphics.h; sourceTree = "<group>"; };
		A01656EB1A70C16B007D0BA1 /* Image.cpp */ = {isa = PBXFileReference; fileEncoding = 4; lastKnownFileType = sourcecode.cpp.cpp; path = Image.cpp; sourceTree = "<group>"; };
		A01656EC1A70C16B007D0BA1 /* Image.h */ = {isa = PBXFileReference; fileEncoding = 4; lastKnownFileType = sourcecode.c.h; path = Image.h; sourceTree = "<group>"; };
		A01656ED1A70C16B007D0BA1 /* PixelIterator.cpp */ = {isa = PBXFileReference; fileEncoding = 4; lastKnownFileType = sourcecode.cpp.cpp; path = PixelIterator.cpp; sourceTree = "<group>"; };
		A01656EE1A70C16B007D0BA1 /* PixelIterator.h */ = {isa = PBXFileReference; fileEncoding = 4; lastKnownFileType = sourcecode.c.h; path = PixelIterator.h; sourceTree = "<group>"; };
		A01656EF1A70C16B007D0BA1 /* TextureImage.cpp */ = {isa = PBXFileReference; fileEncoding = 4; lastKnownFileType = sourcecode.cpp.cpp; path = TextureImage.cpp; sourceTree = "<group>"; };
		A01656F01A70C16B007D0BA1 /* TextureImage.h */ = {isa = PBXFileReference; fileEncoding = 4; lastKnownFileType = sourcecode.c.h; path = TextureImage.h; sourceTree = "<group>"; };
		A01656F21A70C16B007D0BA1 /* Keyboard.cpp */ = {isa = PBXFileReference; fileEncoding = 4; lastKnownFileType = sourcecode.cpp.cpp; path = Keyboard.cpp; sourceTree = "<group>"; };
		A01656F31A70C16B007D0BA1 /* Keyboard.h */ = {isa = PBXFileReference; fileEncoding = 4; lastKnownFileType = sourcecode.c.h; path = Keyboard.h; sourceTree = "<group>"; };
		A01656F41A70C16B007D0BA1 /* Mouse.cpp */ = {isa = PBXFileReference; fileEncoding = 4; lastKnownFileType = sourcecode.cpp.cpp; path = Mouse.cpp; sourceTree = "<group>"; };
		A01656F51A70C16B007D0BA1 /* Mouse.h */ = {isa = PBXFileReference; fileEncoding = 4; lastKnownFileType = sourcecode.c.h; path = Mouse.h; sourceTree = "<group>"; };
		A01656F61A70C16B007D0BA1 /* Multitouch.cpp */ = {isa = PBXFileReference; fileEncoding = 4; lastKnownFileType = sourcecode.cpp.cpp; path = Multitouch.cpp; sourceTree = "<group>"; };
		A01656F71A70C16B007D0BA1 /* Multitouch.h */ = {isa = PBXFileReference; fileEncoding = 4; lastKnownFileType = sourcecode.c.h; path = Multitouch.h; sourceTree = "<group>"; };
		A01656F91A70C16B007D0BA1 /* Console.cpp */ = {isa = PBXFileReference; fileEncoding = 4; lastKnownFileType = sourcecode.cpp.cpp; path = Console.cpp; sourceTree = "<group>"; };
		A01656FA1A70C16B007D0BA1 /* Console.h */ = {isa = PBXFileReference; fileEncoding = 4; lastKnownFileType = sourcecode.c.h; path = Console.h; sourceTree = "<group>"; };
		A01656FB1A70C16B007D0BA1 /* FileTools.cpp */ = {isa = PBXFileReference; fileEncoding = 4; lastKnownFileType = sourcecode.cpp.cpp; path = FileTools.cpp; sourceTree = "<group>"; };
		A01656FC1A70C16B007D0BA1 /* FileTools.h */ = {isa = PBXFileReference; fileEncoding = 4; lastKnownFileType = sourcecode.c.h; path = FileTools.h; sourceTree = "<group>"; };
		A01656FE1A70C16B007D0BA1 /* NetworkProtocol.cpp */ = {isa = PBXFileReference; fileEncoding = 4; lastKnownFileType = sourcecode.cpp.cpp; path = NetworkProtocol.cpp; sourceTree = "<group>"; };
		A01656FF1A70C16B007D0BA1 /* NetworkProtocol.h */ = {isa = PBXFileReference; fileEncoding = 4; lastKnownFileType = sourcecode.c.h; path = NetworkProtocol.h; sourceTree = "<group>"; };
		A01657011A70C16B007D0BA1 /* Drawable.h */ = {isa = PBXFileReference; fileEncoding = 4; lastKnownFileType = sourcecode.c.h; path = Drawable.h; sourceTree = "<group>"; };
		A01657021A70C16B007D0BA1 /* MenuScreen.cpp */ = {isa = PBXFileReference; fileEncoding = 4; lastKnownFileType = sourcecode.cpp.cpp; path = MenuScreen.cpp; sourceTree = "<group>"; };
		A01657031A70C16B007D0BA1 /* MenuScreen.h */ = {isa = PBXFileReference; fileEncoding = 4; lastKnownFileType = sourcecode.c.h; path = MenuScreen.h; sourceTree = "<group>"; };
		A01657041A70C16B007D0BA1 /* Screen.cpp */ = {isa = PBXFileReference; fileEncoding = 4; lastKnownFileType = sourcecode.cpp.cpp; path = Screen.cpp; sourceTree = "<group>"; };
		A01657051A70C16B007D0BA1 /* Screen.h */ = {isa = PBXFileReference; fileEncoding = 4; lastKnownFileType = sourcecode.c.h; path = Screen.h; sourceTree = "<group>"; };
		A01657061A70C16B007D0BA1 /* ScreenElement.cpp */ = {isa = PBXFileReference; fileEncoding = 4; lastKnownFileType = sourcecode.cpp.cpp; path = ScreenElement.cpp; sourceTree = "<group>"; };
		A01657071A70C16B007D0BA1 /* ScreenElement.h */ = {isa = PBXFileReference; fileEncoding = 4; lastKnownFileType = sourcecode.c.h; path = ScreenElement.h; sourceTree = "<group>"; };
		A01657081A70C16B007D0BA1 /* ScreenManager.cpp */ = {isa = PBXFileReference; fileEncoding = 4; lastKnownFileType = sourcecode.cpp.cpp; path = ScreenManager.cpp; sourceTree = "<group>"; };
		A01657091A70C16B007D0BA1 /* ScreenManager.h */ = {isa = PBXFileReference; fileEncoding = 4; lastKnownFileType = sourcecode.c.h; path = ScreenManager.h; sourceTree = "<group>"; };
		A016570B1A70C16B007D0BA1 /* FadeColorTransition.cpp */ = {isa = PBXFileReference; fileEncoding = 4; lastKnownFileType = sourcecode.cpp.cpp; path = FadeColorTransition.cpp; sourceTree = "<group>"; };
		A016570C1A70C16B007D0BA1 /* FadeColorTransition.h */ = {isa = PBXFileReference; fileEncoding = 4; lastKnownFileType = sourcecode.c.h; path = FadeColorTransition.h; sourceTree = "<group>"; };
		A016570D1A70C16B007D0BA1 /* FadeZoomTransition.cpp */ = {isa = PBXFileReference; fileEncoding = 4; lastKnownFileType = sourcecode.cpp.cpp; path = FadeZoomTransition.cpp; sourceTree = "<group>"; };
		A016570E1A70C16B007D0BA1 /* FadeZoomTransition.h */ = {isa = PBXFileReference; fileEncoding = 4; lastKnownFileType = sourcecode.c.h; path = FadeZoomTransition.h; sourceTree = "<group>"; };
		A016570F1A70C16B007D0BA1 /* PopoverTransition.cpp */ = {isa = PBXFileReference; fileEncoding = 4; lastKnownFileType = sourcecode.cpp.cpp; path = PopoverTransition.cpp; sourceTree = "<group>"; };
		A01657101A70C16B007D0BA1 /* PopoverTransition.h */ = {isa = PBXFileReference; fileEncoding = 4; lastKnownFileType = sourcecode.c.h; path = PopoverTransition.h; sourceTree = "<group>"; };
		A01657111A70C16B007D0BA1 /* SlideTransition.cpp */ = {isa = PBXFileReference; fileEncoding = 4; lastKnownFileType = sourcecode.cpp.cpp; path = SlideTransition.cpp; sourceTree = "<group>"; };
		A01657121A70C16B007D0BA1 /* SlideTransition.h */ = {isa = PBXFileReference; fileEncoding = 4; lastKnownFileType = sourcecode.c.h; path = SlideTransition.h; sourceTree = "<group>"; };
		A01657131A70C16B007D0BA1 /* Transition.cpp */ = {isa = PBXFileReference; fileEncoding = 4; lastKnownFileType = sourcecode.cpp.cpp; path = Transition.cpp; sourceTree = "<group>"; };
		A01657141A70C16B007D0BA1 /* Transition.h */ = {isa = PBXFileReference; fileEncoding = 4; lastKnownFileType = sourcecode.c.h; path = Transition.h; sourceTree = "<group>"; };
		A01657161A70C16B007D0BA1 /* ImageElement.cpp */ = {isa = PBXFileReference; fileEncoding = 4; lastKnownFileType = sourcecode.cpp.cpp; path = ImageElement.cpp; sourceTree = "<group>"; };
		A01657171A70C16B007D0BA1 /* ImageElement.h */ = {isa = PBXFileReference; fileEncoding = 4; lastKnownFileType = sourcecode.c.h; path = ImageElement.h; sourceTree = "<group>"; };
		A01657181A70C16B007D0BA1 /* TextInputElement.cpp */ = {isa = PBXFileReference; fileEncoding = 4; lastKnownFileType = sourcecode.cpp.cpp; path = TextInputElement.cpp; sourceTree = "<group>"; };
		A01657191A70C16B007D0BA1 /* TextInputElement.h */ = {isa = PBXFileReference; fileEncoding = 4; lastKnownFileType = sourcecode.c.h; path = TextInputElement.h; sourceTree = "<group>"; };
		A016571A1A70C16B007D0BA1 /* Types.h */ = {isa = PBXFileReference; fileEncoding = 4; lastKnownFileType = sourcecode.c.h; path = Types.h; sourceTree = "<group>"; };
		A016571C1A70C16B007D0BA1 /* Any.h */ = {isa = PBXFileReference; fileEncoding = 4; lastKnownFileType = sourcecode.c.h; path = Any.h; sourceTree = "<group>"; };
		A016571D1A70C16B007D0BA1 /* ArrayList.h */ = {isa = PBXFileReference; fileEncoding = 4; lastKnownFileType = sourcecode.c.h; path = ArrayList.h; sourceTree = "<group>"; };
		A016571E1A70C16B007D0BA1 /* BitList.cpp */ = {isa = PBXFileReference; fileEncoding = 4; lastKnownFileType = sourcecode.cpp.cpp; path = BitList.cpp; sourceTree = "<group>"; };
		A016571F1A70C16B007D0BA1 /* BitList.h */ = {isa = PBXFileReference; fileEncoding = 4; lastKnownFileType = sourcecode.c.h; path = BitList.h; sourceTree = "<group>"; };
		A01657201A70C16B007D0BA1 /* BitSet.cpp */ = {isa = PBXFileReference; fileEncoding = 4; lastKnownFileType = sourcecode.cpp.cpp; path = BitSet.cpp; sourceTree = "<group>"; };
		A01657211A70C16B007D0BA1 /* BitSet.h */ = {isa = PBXFileReference; fileEncoding = 4; lastKnownFileType = sourcecode.c.h; path = BitSet.h; sourceTree = "<group>"; };
		A01657221A70C16B007D0BA1 /* DataPacket.cpp */ = {isa = PBXFileReference; fileEncoding = 4; lastKnownFileType = sourcecode.cpp.cpp; path = DataPacket.cpp; sourceTree = "<group>"; };
		A01657231A70C16B007D0BA1 /* DataPacket.h */ = {isa = PBXFileReference; fileEncoding = 4; lastKnownFileType = sourcecode.c.h; path = DataPacket.h; sourceTree = "<group>"; };
		A01657241A70C16B007D0BA1 /* Dictionary.cpp */ = {isa = PBXFileReference; fileEncoding = 4; lastKnownFileType = sourcecode.cpp.cpp; path = Dictionary.cpp; sourceTree = "<group>"; };
		A01657251A70C16B007D0BA1 /* Dictionary.h */ = {isa = PBXFileReference; fileEncoding = 4; lastKnownFileType = sourcecode.c.h; path = Dictionary.h; sourceTree = "<group>"; };
		A01657271A70C16B007D0BA1 /* Font.cpp */ = {isa = PBXFileReference; fileEncoding = 4; lastKnownFileType = sourcecode.cpp.cpp; path = Font.cpp; sourceTree = "<group>"; };
		A01657281A70C16B007D0BA1 /* Font.h */ = {isa = PBXFileReference; fileEncoding = 4; lastKnownFileType = sourcecode.c.h; path = Font.h; sourceTree = "<group>"; };
		A01657291A70C16B007D0BA1 /* RenderedGlyphContainer.cpp */ = {isa = PBXFileReference; fileEncoding = 4; lastKnownFileType = sourcecode.cpp.cpp; path = RenderedGlyphContainer.cpp; sourceTree = "<group>"; };
		A016572A1A70C16B007D0BA1 /* RenderedGlyphContainer.h */ = {isa = PBXFileReference; fileEncoding = 4; lastKnownFileType = sourcecode.c.h; path = RenderedGlyphContainer.h; sourceTree = "<group>"; };
		A016572C1A70C16B007D0BA1 /* Circle.cpp */ = {isa = PBXFileReference; fileEncoding = 4; lastKnownFileType = sourcecode.cpp.cpp; path = Circle.cpp; sourceTree = "<group>"; };
		A016572D1A70C16B007D0BA1 /* Circle.h */ = {isa = PBXFileReference; fileEncoding = 4; lastKnownFileType = sourcecode.c.h; path = Circle.h; sourceTree = "<group>"; };
		A016572E1A70C16B007D0BA1 /* Polygon.cpp */ = {isa = PBXFileReference; fileEncoding = 4; lastKnownFileType = sourcecode.cpp.cpp; path = Polygon.cpp; sourceTree = "<group>"; };
		A016572F1A70C16B007D0BA1 /* Polygon.h */ = {isa = PBXFileReference; fileEncoding = 4; lastKnownFileType = sourcecode.c.h; path = Polygon.h; sourceTree = "<group>"; };
		A01657301A70C16B007D0BA1 /* Rectangle.h */ = {isa = PBXFileReference; fileEncoding = 4; lastKnownFileType = sourcecode.c.h; path = Rectangle.h; sourceTree = "<group>"; };
		A01657311A70C16B007D0BA1 /* Transform.cpp */ = {isa = PBXFileReference; fileEncoding = 4; lastKnownFileType = sourcecode.cpp.cpp; path = Transform.cpp; sourceTree = "<group>"; };
		A01657321A70C16B007D0BA1 /* Transform.h */ = {isa = PBXFileReference; fileEncoding = 4; lastKnownFileType = sourcecode.c.h; path = Transform.h; sourceTree = "<group>"; };
		A01657331A70C16B007D0BA1 /* Vector2.h */ = {isa = PBXFileReference; fileEncoding = 4; lastKnownFileType = sourcecode.c.h; path = Vector2.h; sourceTree = "<group>"; };
		A01657341A70C16B007D0BA1 /* Math.cpp */ = {isa = PBXFileReference; fileEncoding = 4; lastKnownFileType = sourcecode.cpp.cpp; path = Math.cpp; sourceTree = "<group>"; };
		A01657351A70C16B007D0BA1 /* Math.h */ = {isa = PBXFileReference; fileEncoding = 4; lastKnownFileType = sourcecode.c.h; path = Math.h; sourceTree = "<group>"; };
		A01657361A70C16B007D0BA1 /* Number.cpp */ = {isa = PBXFileReference; fileEncoding = 4; lastKnownFileType = sourcecode.cpp.cpp; path = Number.cpp; sourceTree = "<group>"; };
		A01657371A70C16B007D0BA1 /* Number.h */ = {isa = PBXFileReference; fileEncoding = 4; lastKnownFileType = sourcecode.c.h; path = Number.h; sourceTree = "<group>"; };
		A01657381A70C16B007D0BA1 /* Pair.h */ = {isa = PBXFileReference; fileEncoding = 4; lastKnownFileType = sourcecode.c.h; path = Pair.h; sourceTree = "<group>"; };
		A01657391A70C16B007D0BA1 /* PlatformChecks.h */ = {isa = PBXFileReference; fileEncoding = 4; lastKnownFileType = sourcecode.c.h; path = PlatformChecks.h; sourceTree = "<group>"; };
		A016573A1A70C16B007D0BA1 /* String.cpp */ = {isa = PBXFileReference; fileEncoding = 4; lastKnownFileType = sourcecode.cpp.cpp; path = String.cpp; sourceTree = "<group>"; };
		A016573B1A70C16B007D0BA1 /* String.h */ = {isa = PBXFileReference; fileEncoding = 4; lastKnownFileType = sourcecode.c.h; path = String.h; sourceTree = "<group>"; };
		A016573C1A70C16B007D0BA1 /* Thread.cpp */ = {isa = PBXFileReference; fileEncoding = 4; lastKnownFileType = sourcecode.cpp.cpp; path = Thread.cpp; sourceTree = "<group>"; };
		A016573D1A70C16B007D0BA1 /* Thread.h */ = {isa = PBXFileReference; fileEncoding = 4; lastKnownFileType = sourcecode.c.h; path = Thread.h; sourceTree = "<group>"; };
		A016573F1A70C16B007D0BA1 /* DateTime.cpp */ = {isa = PBXFileReference; fileEncoding = 4; lastKnownFileType = sourcecode.cpp.cpp; path = DateTime.cpp; sourceTree = "<group>"; };
		A01657401A70C16B007D0BA1 /* DateTime.h */ = {isa = PBXFileReference; fileEncoding = 4; lastKnownFileType = sourcecode.c.h; path = DateTime.h; sourceTree = "<group>"; };
		A01657411A70C16B007D0BA1 /* posixtime.cpp */ = {isa = PBXFileReference; fileEncoding = 4; lastKnownFileType = sourcecode.cpp.cpp; path = posixtime.cpp; sourceTree = "<group>"; };
		A01657421A70C16B007D0BA1 /* posixtime.h */ = {isa = PBXFileReference; fileEncoding = 4; lastKnownFileType = sourcecode.c.h; path = posixtime.h; sourceTree = "<group>"; };
		A01657441A70C16B007D0BA1 /* time64.c */ = {isa = PBXFileReference; fileEncoding = 4; lastKnownFileType = sourcecode.c.c; path = time64.c; sourceTree = "<group>"; };
		A01657451A70C16B007D0BA1 /* time64.h */ = {isa = PBXFileReference; fileEncoding = 4; lastKnownFileType = sourcecode.c.h; path = time64.h; sourceTree = "<group>"; };
		A01657461A70C16B007D0BA1 /* time64_config.h */ = {isa = PBXFileReference; fileEncoding = 4; lastKnownFileType = sourcecode.c.h; path = time64_config.h; sourceTree = "<group>"; };
		A01657471A70C16B007D0BA1 /* time64_limits.h */ = {isa = PBXFileReference; fileEncoding = 4; lastKnownFileType = sourcecode.c.h; path = time64_limits.h; sourceTree = "<group>"; };
		A01657481A70C16B007D0BA1 /* TimeInterval.cpp */ = {isa = PBXFileReference; fileEncoding = 4; lastKnownFileType = sourcecode.cpp.cpp; path = TimeInterval.cpp; sourceTree = "<group>"; };
		A01657491A70C16B007D0BA1 /* TimeInterval.h */ = {isa = PBXFileReference; fileEncoding = 4; lastKnownFileType = sourcecode.c.h; path = TimeInterval.h; sourceTree = "<group>"; };
		A016574B1A70C16B007D0BA1 /* View.cpp */ = {isa = PBXFileReference; fileEncoding = 4; lastKnownFileType = sourcecode.cpp.cpp; path = View.cpp; sourceTree = "<group>"; };
		A016574C1A70C16B007D0BA1 /* View.h */ = {isa = PBXFileReference; fileEncoding = 4; lastKnownFileType = sourcecode.c.h; path = View.h; sourceTree = "<group>"; };
		A016574D1A70C16B007D0BA1 /* Window.cpp */ = {isa = PBXFileReference; fileEncoding = 4; lastKnownFileType = sourcecode.cpp.cpp; path = Window.cpp; sourceTree = "<group>"; };
		A016574E1A70C16B007D0BA1 /* Window.h */ = {isa = PBXFileReference; fileEncoding = 4; lastKnownFileType = sourcecode.c.h; path = Window.h; sourceTree = "<group>"; };
		A01657501A70C16B007D0BA1 /* Game.cpp */ = {isa = PBXFileReference; fileEncoding = 4; lastKnownFileType = sourcecode.cpp.cpp; path = Game.cpp; sourceTree = "<group>"; };
		A01657511A70C16B007D0BA1 /* Game.h */ = {isa = PBXFileReference; fileEncoding = 4; lastKnownFileType = sourcecode.c.h; path = Game.h; sourceTree = "<group>"; };
		A01657521A70C16B007D0BA1 /* Global.h */ = {isa = PBXFileReference; fileEncoding = 4; lastKnownFileType = sourcecode.c.h; path = Global.h; sourceTree = "<group>"; };
		A01657531A70C16B007D0BA1 /* main.cpp */ = {isa = PBXFileReference; fileEncoding = 4; lastKnownFileType = sourcecode.cpp.cpp; path = main.cpp; sourceTree = "<group>"; };
		A01657561A70C16B007D0BA1 /* BaseMenuScreen.cpp */ = {isa = PBXFileReference; fileEncoding = 4; lastKnownFileType = sourcecode.cpp.cpp; path = BaseMenuScreen.cpp; sourceTree = "<group>"; };
		A01657571A70C16B007D0BA1 /* BaseMenuScreen.h */ = {isa = PBXFileReference; fileEncoding = 4; lastKnownFileType = sourcecode.c.h; path = BaseMenuScreen.h; sourceTree = "<group>"; };
		A01657581A70C16B007D0BA1 /* CharacterSelectScreen.cpp */ = {isa = PBXFileReference; fileEncoding = 4; lastKnownFileType = sourcecode.cpp.cpp; path = CharacterSelectScreen.cpp; sourceTree = "<group>"; };
		A01657591A70C16B007D0BA1 /* CharacterSelectScreen.h */ = {isa = PBXFileReference; fileEncoding = 4; lastKnownFileType = sourcecode.c.h; path = CharacterSelectScreen.h; sourceTree = "<group>"; };
		A016575B1A70C16B007D0BA1 /* ActorGrid.cpp */ = {isa = PBXFileReference; fileEncoding = 4; lastKnownFileType = sourcecode.cpp.cpp; path = ActorGrid.cpp; sourceTree = "<group>"; };
		A016575C1A70C16B007D0BA1 /* ActorGrid.h */ = {isa = PBXFileReference; fileEncoding = 4; lastKnownFileType = sourcecode.c.h; path = ActorGrid.h; sourceTree = "<group>"; };
		A016575D1A70C16B007D0BA1 /* GroupMenu.cpp */ = {isa = PBXFileReference; fileEncoding = 4; lastKnownFileType = sourcecode.cpp.cpp; path = GroupMenu.cpp; sourceTree = "<group>"; };
		A016575E1A70C16B007D0BA1 /* GroupMenu.h */ = {isa = PBXFileReference; fileEncoding = 4; lastKnownFileType = sourcecode.c.h; path = GroupMenu.h; sourceTree = "<group>"; };
		A016575F1A70C16B007D0BA1 /* GroupSmashCharacterSelectMenu.cpp */ = {isa = PBXFileReference; fileEncoding = 4; lastKnownFileType = sourcecode.cpp.cpp; path = GroupSmashCharacterSelectMenu.cpp; sourceTree = "<group>"; };
		A01657601A70C16B007D0BA1 /* GroupSmashCharacterSelectMenu.h */ = {isa = PBXFileReference; fileEncoding = 4; lastKnownFileType = sourcecode.c.h; path = GroupSmashCharacterSelectMenu.h; sourceTree = "<group>"; };
		A01657611A70C16B007D0BA1 /* MainMenu.cpp */ = {isa = PBXFileReference; fileEncoding = 4; lastKnownFileType = sourcecode.cpp.cpp; path = MainMenu.cpp; sourceTree = "<group>"; };
		A01657621A70C16B007D0BA1 /* MainMenu.h */ = {isa = PBXFileReference; fileEncoding = 4; lastKnownFileType = sourcecode.c.h; path = MainMenu.h; sourceTree = "<group>"; };
		A01657631A70C16B007D0BA1 /* SoloMenu.cpp */ = {isa = PBXFileReference; fileEncoding = 4; lastKnownFileType = sourcecode.cpp.cpp; path = SoloMenu.cpp; sourceTree = "<group>"; };
		A01657641A70C16B007D0BA1 /* SoloMenu.h */ = {isa = PBXFileReference; fileEncoding = 4; lastKnownFileType = sourcecode.c.h; path = SoloMenu.h; sourceTree = "<group>"; };
		A01657651A70C16B007D0BA1 /* TitleScreen.cpp */ = {isa = PBXFileReference; fileEncoding = 4; lastKnownFileType = sourcecode.cpp.cpp; path = TitleScreen.cpp; sourceTree = "<group>"; };
		A01657661A70C16B007D0BA1 /* TitleScreen.h */ = {isa = PBXFileReference; fileEncoding = 4; lastKnownFileType = sourcecode.c.h; path = TitleScreen.h; sourceTree = "<group>"; };
		A01657671A70C16B007D0BA1 /* SmashData.cpp */ = {isa = PBXFileReference; fileEncoding = 4; lastKnownFileType = sourcecode.cpp.cpp; path = SmashData.cpp; sourceTree = "<group>"; };
		A01657681A70C16B007D0BA1 /* SmashData.h */ = {isa = PBXFileReference; fileEncoding = 4; lastKnownFileType = sourcecode.c.h; path = SmashData.h; sourceTree = "<group>"; };
		A01657D01A70C291007D0BA1 /* pugixml.cpp */ = {isa = PBXFileReference; fileEncoding = 4; lastKnownFileType = sourcecode.cpp.cpp; path = pugixml.cpp; sourceTree = "<group>"; };
		A01658241A70C291007D0BA1 /* libSDL.a */ = {isa = PBXFileReference; lastKnownFileType = archive.ar; path = libSDL.a; sourceTree = "<group>"; };
		A01658251A70C291007D0BA1 /* libSDL_image.a */ = {isa = PBXFileReference; lastKnownFileType = archive.ar; path = libSDL_image.a; sourceTree = "<group>"; };
		A01658261A70C291007D0BA1 /* libSDL_mixer.a */ = {isa = PBXFileReference; lastKnownFileType = archive.ar; path = libSDL_mixer.a; sourceTree = "<group>"; };
		A01658271A70C291007D0BA1 /* libSDL_p2p.a */ = {isa = PBXFileReference; lastKnownFileType = archive.ar; path = libSDL_p2p.a; sourceTree = "<group>"; };
		A01658281A70C291007D0BA1 /* libSDL_ttf.a */ = {isa = PBXFileReference; lastKnownFileType = archive.ar; path = libSDL_ttf.a; sourceTree = "<group>"; };
		A01658491A714C69007D0BA1 /* AudioToolbox.framework */ = {isa = PBXFileReference; lastKnownFileType = wrapper.framework; name = AudioToolbox.framework; path = System/Library/Frameworks/AudioToolbox.framework; sourceTree = SDKROOT; };
		A016584B1A714D01007D0BA1 /* CoreAudio.framework */ = {isa = PBXFileReference; lastKnownFileType = wrapper.framework; name = CoreAudio.framework; path = System/Library/Frameworks/CoreAudio.framework; sourceTree = SDKROOT; };
		A016584D1A714D4E007D0BA1 /* OpenGLES.framework */ = {isa = PBXFileReference; lastKnownFileType = wrapper.framework; name = OpenGLES.framework; path = System/Library/Frameworks/OpenGLES.framework; sourceTree = SDKROOT; };
		A016584F1A714D75007D0BA1 /* QuartzCore.framework */ = {isa = PBXFileReference; lastKnownFileType = wrapper.framework; name = QuartzCore.framework; path = System/Library/Frameworks/QuartzCore.framework; sourceTree = SDKROOT; };
		A01658511A714D93007D0BA1 /* GameKit.framework */ = {isa = PBXFileReference; lastKnownFileType = wrapper.framework; name = GameKit.framework; path = System/Library/Frameworks/GameKit.framework; sourceTree = SDKROOT; };
		A01658531A714DB0007D0BA1 /* MobileCoreServices.framework */ = {isa = PBXFileReference; lastKnownFileType = wrapper.framework; name = MobileCoreServices.framework; path = System/Library/Frameworks/MobileCoreServices.framework; sourceTree = SDKROOT; };
		A01658551A714DD4007D0BA1 /* ImageIO.framework */ = {isa = PBXFileReference; lastKnownFileType = wrapper.framework; name = ImageIO.framework; path = System/Library/Frameworks/ImageIO.framework; sourceTree = SDKROOT; };
/* End PBXFileReference section */

/* Begin PBXFrameworksBuildPhase section */
		A01656611A70A6F6007D0BA1 /* Frameworks */ = {
			isa = PBXFrameworksBuildPhase;
			buildActionMask = 2147483647;
			files = (
				A01658561A714DD4007D0BA1 /* ImageIO.framework in Frameworks */,
				A01658541A714DB0007D0BA1 /* MobileCoreServices.framework in Frameworks */,
				A01658521A714D93007D0BA1 /* GameKit.framework in Frameworks */,
				A01658501A714D75007D0BA1 /* QuartzCore.framework in Frameworks */,
				A016584E1A714D4E007D0BA1 /* OpenGLES.framework in Frameworks */,
				A016584C1A714D01007D0BA1 /* CoreAudio.framework in Frameworks */,
				A016584A1A714C69007D0BA1 /* AudioToolbox.framework in Frameworks */,
				A01656681A70A6F6007D0BA1 /* UIKit.framework in Frameworks */,
				A016566C1A70A6F6007D0BA1 /* CoreGraphics.framework in Frameworks */,
				A016566A1A70A6F6007D0BA1 /* Foundation.framework in Frameworks */,
				A01658371A70C291007D0BA1 /* libSDL.a in Frameworks */,
				A01658381A70C291007D0BA1 /* libSDL_image.a in Frameworks */,
				A01658391A70C291007D0BA1 /* libSDL_mixer.a in Frameworks */,
				A016583A1A70C291007D0BA1 /* libSDL_p2p.a in Frameworks */,
				A016583B1A70C291007D0BA1 /* libSDL_ttf.a in Frameworks */,
			);
			runOnlyForDeploymentPostprocessing = 0;
		};
/* End PBXFrameworksBuildPhase section */

/* Begin PBXGroup section */
		A016565B1A70A6F6007D0BA1 = {
			isa = PBXGroup;
			children = (
				A01656891A70C16B007D0BA1 /* src */,
				A01656841A70AA0C007D0BA1 /* resources */,
				A01657C41A70C27C007D0BA1 /* external */,
				A01656661A70A6F6007D0BA1 /* Frameworks */,
				A01656651A70A6F6007D0BA1 /* Products */,
			);
			sourceTree = "<group>";
		};
		A01656651A70A6F6007D0BA1 /* Products */ = {
			isa = PBXGroup;
			children = (
				A01656641A70A6F6007D0BA1 /* MobileBrawler.app */,
			);
			name = Products;
			sourceTree = "<group>";
		};
		A01656661A70A6F6007D0BA1 /* Frameworks */ = {
			isa = PBXGroup;
			children = (
				A01658491A714C69007D0BA1 /* AudioToolbox.framework */,
				A016584B1A714D01007D0BA1 /* CoreAudio.framework */,
				A016566B1A70A6F6007D0BA1 /* CoreGraphics.framework */,
				A01656691A70A6F6007D0BA1 /* Foundation.framework */,
				A01658511A714D93007D0BA1 /* GameKit.framework */,
				A01658551A714DD4007D0BA1 /* ImageIO.framework */,
				A01658531A714DB0007D0BA1 /* MobileCoreServices.framework */,
				A016584D1A714D4E007D0BA1 /* OpenGLES.framework */,
				A016584F1A714D75007D0BA1 /* QuartzCore.framework */,
				A01656671A70A6F6007D0BA1 /* UIKit.framework */,
			);
			name = Frameworks;
			sourceTree = "<group>";
		};
		A01656841A70AA0C007D0BA1 /* resources */ = {
			isa = PBXGroup;
			children = (
				A01656851A70AB8D007D0BA1 /* assets */,
				A016566F1A70A6F6007D0BA1 /* MobileBrawler-Info.plist */,
				A01656751A70A6F6007D0BA1 /* MobileBrawler-Prefix.pch */,
				A01656791A70A6F6007D0BA1 /* Default.png */,
				A016567B1A70A6F6007D0BA1 /* Default@2x.png */,
				A016567D1A70A6F6007D0BA1 /* Default-568h@2x.png */,
			);
			name = resources;
			sourceTree = "<group>";
		};
		A01656891A70C16B007D0BA1 /* src */ = {
			isa = PBXGroup;
			children = (
				A016568A1A70C16B007D0BA1 /* BrawlerLibrary */,
				A01656961A70C16B007D0BA1 /* GameLibrary */,
				A016574F1A70C16B007D0BA1 /* SmashBros */,
			);
			path = src;
			sourceTree = "<group>";
		};
		A016568A1A70C16B007D0BA1 /* BrawlerLibrary */ = {
			isa = PBXGroup;
			children = (
				A016568C1A70C16B007D0BA1 /* Game */,
				A01656911A70C16B007D0BA1 /* Loader */,
				A016568B1A70C16B007D0BA1 /* BrawlerLibrary.h */,
			);
			path = BrawlerLibrary;
			sourceTree = "<group>";
		};
		A016568C1A70C16B007D0BA1 /* Game */ = {
			isa = PBXGroup;
			children = (
				A016568D1A70C16B007D0BA1 /* Rules.cpp */,
				A016568E1A70C16B007D0BA1 /* Rules.h */,
				A016568F1A70C16B007D0BA1 /* WinCondition.cpp */,
				A01656901A70C16B007D0BA1 /* WinCondition.h */,
			);
			path = Game;
			sourceTree = "<group>";
		};
		A01656911A70C16B007D0BA1 /* Loader */ = {
			isa = PBXGroup;
			children = (
				A01656921A70C16B007D0BA1 /* CharacterInfo.cpp */,
				A01656931A70C16B007D0BA1 /* CharacterInfo.h */,
				A01656941A70C16B007D0BA1 /* CharacterLoader.cpp */,
				A01656951A70C16B007D0BA1 /* CharacterLoader.h */,
			);
			path = Loader;
			sourceTree = "<group>";
		};
		A01656961A70C16B007D0BA1 /* GameLibrary */ = {
			isa = PBXGroup;
			children = (
				A01656971A70C16B007D0BA1 /* Actor */,
				A01656A21A70C16B007D0BA1 /* Application */,
				A01656AD1A70C16B007D0BA1 /* Audio */,
				A01656B21A70C16B007D0BA1 /* Exception */,
				A01656E61A70C16B007D0BA1 /* Graphics */,
				A01656F11A70C16B007D0BA1 /* Input */,
				A01656F81A70C16B007D0BA1 /* IO */,
				A01656FD1A70C16B007D0BA1 /* Network */,
				A01657001A70C16B007D0BA1 /* Screen */,
				A016571B1A70C16B007D0BA1 /* Utilities */,
				A016574A1A70C16B007D0BA1 /* Window */,
				A01656E41A70C16B007D0BA1 /* GameLibrary.cpp */,
				A01656E51A70C16B007D0BA1 /* GameLibrary.h */,
				A016571A1A70C16B007D0BA1 /* Types.h */,
			);
			path = GameLibrary;
			sourceTree = "<group>";
		};
		A01656971A70C16B007D0BA1 /* Actor */ = {
			isa = PBXGroup;
			children = (
				A01656981A70C16B007D0BA1 /* Actor.cpp */,
				A01656991A70C16B007D0BA1 /* Actor.h */,
				A016569A1A70C16B007D0BA1 /* Animation.cpp */,
				A016569B1A70C16B007D0BA1 /* Animation.h */,
				A016569C1A70C16B007D0BA1 /* SpriteActor.cpp */,
				A016569D1A70C16B007D0BA1 /* SpriteActor.h */,
				A016569E1A70C16B007D0BA1 /* TextActor.cpp */,
				A016569F1A70C16B007D0BA1 /* TextActor.h */,
				A01656A01A70C16B007D0BA1 /* WireframeActor.cpp */,
				A01656A11A70C16B007D0BA1 /* WireframeActor.h */,
			);
			path = Actor;
			sourceTree = "<group>";
		};
		A01656A21A70C16B007D0BA1 /* Application */ = {
			isa = PBXGroup;
			children = (
				A01656A31A70C16B007D0BA1 /* Application.cpp */,
				A01656A41A70C16B007D0BA1 /* Application.h */,
				A01656A51A70C16B007D0BA1 /* ApplicationData.cpp */,
				A01656A61A70C16B007D0BA1 /* ApplicationData.h */,
				A01656A71A70C16B007D0BA1 /* AssetManager.cpp */,
				A01656A81A70C16B007D0BA1 /* AssetManager.h */,
				A01656A91A70C16B007D0BA1 /* BatchLoader.cpp */,
				A01656AA1A70C16B007D0BA1 /* BatchLoader.h */,
				A01656AB1A70C16B007D0BA1 /* EventManager.cpp */,
				A01656AC1A70C16B007D0BA1 /* EventManager.h */,
			);
			path = Application;
			sourceTree = "<group>";
		};
		A01656AD1A70C16B007D0BA1 /* Audio */ = {
			isa = PBXGroup;
			children = (
				A01656AE1A70C16B007D0BA1 /* Music.cpp */,
				A01656AF1A70C16B007D0BA1 /* Music.h */,
				A01656B01A70C16B007D0BA1 /* Sound.cpp */,
				A01656B11A70C16B007D0BA1 /* Sound.h */,
			);
			path = Audio;
			sourceTree = "<group>";
		};
		A01656B21A70C16B007D0BA1 /* Exception */ = {
			isa = PBXGroup;
			children = (
				A01656B71A70C16B007D0BA1 /* Graphics */,
				A01656CC1A70C16B007D0BA1 /* Screen */,
				A01656CF1A70C16B007D0BA1 /* Utilities */,
				A01656B31A70C16B007D0BA1 /* BadCastException.cpp */,
				A01656B41A70C16B007D0BA1 /* BadCastException.h */,
				A01656B51A70C16B007D0BA1 /* Exception.cpp */,
				A01656B61A70C16B007D0BA1 /* Exception.h */,
				A01656C01A70C16B007D0BA1 /* IllegalArgumentException.cpp */,
				A01656C11A70C16B007D0BA1 /* IllegalArgumentException.h */,
				A01656C21A70C16B007D0BA1 /* IllegalFormatException.cpp */,
				A01656C31A70C16B007D0BA1 /* IllegalFormatException.h */,
				A01656C41A70C16B007D0BA1 /* IllegalStateException.cpp */,
				A01656C51A70C16B007D0BA1 /* IllegalStateException.h */,
				A01656C61A70C16B007D0BA1 /* InitializeLibraryException.cpp */,
				A01656C71A70C16B007D0BA1 /* InitializeLibraryException.h */,
				A01656C81A70C16B007D0BA1 /* NumberFormatException.cpp */,
				A01656C91A70C16B007D0BA1 /* NumberFormatException.h */,
				A01656CA1A70C16B007D0BA1 /* OutOfBoundsException.cpp */,
				A01656CB1A70C16B007D0BA1 /* OutOfBoundsException.h */,
			);
			path = Exception;
			sourceTree = "<group>";
		};
		A01656B71A70C16B007D0BA1 /* Graphics */ = {
			isa = PBXGroup;
			children = (
				A01656B81A70C16B007D0BA1 /* ImageOutOfBoundsException.cpp */,
				A01656B91A70C16B007D0BA1 /* ImageOutOfBoundsException.h */,
				A01656BA1A70C16B007D0BA1 /* TextureImageCreateException.cpp */,
				A01656BB1A70C16B007D0BA1 /* TextureImageCreateException.h */,
				A01656BC1A70C16B007D0BA1 /* TextureImageUpdateException.cpp */,
				A01656BD1A70C16B007D0BA1 /* TextureImageUpdateException.h */,
				A01656BE1A70C16B007D0BA1 /* UnsupportedImageFormatException.cpp */,
				A01656BF1A70C16B007D0BA1 /* UnsupportedImageFormatException.h */,
			);
			path = Graphics;
			sourceTree = "<group>";
		};
		A01656CC1A70C16B007D0BA1 /* Screen */ = {
			isa = PBXGroup;
			children = (
				A01656CD1A70C16B007D0BA1 /* ScreenNavigationException.cpp */,
				A01656CE1A70C16B007D0BA1 /* ScreenNavigationException.h */,
			);
			path = Screen;
			sourceTree = "<group>";
		};
		A01656CF1A70C16B007D0BA1 /* Utilities */ = {
			isa = PBXGroup;
			children = (
				A01656DA1A70C16B007D0BA1 /* Font */,
				A01656E11A70C16B007D0BA1 /* Time */,
				A01656D01A70C16B007D0BA1 /* ArrayListOutOfBoundsException.cpp */,
				A01656D11A70C16B007D0BA1 /* ArrayListOutOfBoundsException.h */,
				A01656D21A70C16B007D0BA1 /* BadAnyCastException.cpp */,
				A01656D31A70C16B007D0BA1 /* BadAnyCastException.h */,
				A01656D41A70C16B007D0BA1 /* BitListOutOfBoundsException.cpp */,
				A01656D51A70C16B007D0BA1 /* BitListOutOfBoundsException.h */,
				A01656D61A70C16B007D0BA1 /* BitSetOutOfBoundsException.cpp */,
				A01656D71A70C16B007D0BA1 /* BitSetOutOfBoundsException.h */,
				A01656D81A70C16B007D0BA1 /* DataPacketOutOfBoundsException.cpp */,
				A01656D91A70C16B007D0BA1 /* DataPacketOutOfBoundsException.h */,
				A01656DD1A70C16B007D0BA1 /* IllegalNumberOperationException.cpp */,
				A01656DE1A70C16B007D0BA1 /* IllegalNumberOperationException.h */,
				A01656DF1A70C16B007D0BA1 /* StringOutOfBoundsException.cpp */,
				A01656E01A70C16B007D0BA1 /* StringOutOfBoundsException.h */,
			);
			path = Utilities;
			sourceTree = "<group>";
		};
		A01656DA1A70C16B007D0BA1 /* Font */ = {
			isa = PBXGroup;
			children = (
				A01656DB1A70C16B007D0BA1 /* RenderGlyphException.cpp */,
				A01656DC1A70C16B007D0BA1 /* RenderGlyphException.h */,
			);
			path = Font;
			sourceTree = "<group>";
		};
		A01656E11A70C16B007D0BA1 /* Time */ = {
			isa = PBXGroup;
			children = (
				A01656E21A70C16B007D0BA1 /* IllegalDateTimeFormatException.cpp */,
				A01656E31A70C16B007D0BA1 /* IllegalDateTimeFormatException.h */,
			);
			path = Time;
			sourceTree = "<group>";
		};
		A01656E61A70C16B007D0BA1 /* Graphics */ = {
			isa = PBXGroup;
			children = (
				A01656E71A70C16B007D0BA1 /* Color.cpp */,
				A01656E81A70C16B007D0BA1 /* Color.h */,
				A01656E91A70C16B007D0BA1 /* Graphics.cpp */,
				A01656EA1A70C16B007D0BA1 /* Graphics.h */,
				A01656EB1A70C16B007D0BA1 /* Image.cpp */,
				A01656EC1A70C16B007D0BA1 /* Image.h */,
				A01656ED1A70C16B007D0BA1 /* PixelIterator.cpp */,
				A01656EE1A70C16B007D0BA1 /* PixelIterator.h */,
				A01656EF1A70C16B007D0BA1 /* TextureImage.cpp */,
				A01656F01A70C16B007D0BA1 /* TextureImage.h */,
			);
			path = Graphics;
			sourceTree = "<group>";
		};
		A01656F11A70C16B007D0BA1 /* Input */ = {
			isa = PBXGroup;
			children = (
				A01656F21A70C16B007D0BA1 /* Keyboard.cpp */,
				A01656F31A70C16B007D0BA1 /* Keyboard.h */,
				A01656F41A70C16B007D0BA1 /* Mouse.cpp */,
				A01656F51A70C16B007D0BA1 /* Mouse.h */,
				A01656F61A70C16B007D0BA1 /* Multitouch.cpp */,
				A01656F71A70C16B007D0BA1 /* Multitouch.h */,
			);
			path = Input;
			sourceTree = "<group>";
		};
		A01656F81A70C16B007D0BA1 /* IO */ = {
			isa = PBXGroup;
			children = (
				A01656F91A70C16B007D0BA1 /* Console.cpp */,
				A01656FA1A70C16B007D0BA1 /* Console.h */,
				A01656FB1A70C16B007D0BA1 /* FileTools.cpp */,
				A01656FC1A70C16B007D0BA1 /* FileTools.h */,
			);
			path = IO;
			sourceTree = "<group>";
		};
		A01656FD1A70C16B007D0BA1 /* Network */ = {
			isa = PBXGroup;
			children = (
				A01656FE1A70C16B007D0BA1 /* NetworkProtocol.cpp */,
				A01656FF1A70C16B007D0BA1 /* NetworkProtocol.h */,
			);
			path = Network;
			sourceTree = "<group>";
		};
		A01657001A70C16B007D0BA1 /* Screen */ = {
			isa = PBXGroup;
			children = (
				A016570A1A70C16B007D0BA1 /* Transition */,
				A01657151A70C16B007D0BA1 /* UI */,
				A01657011A70C16B007D0BA1 /* Drawable.h */,
				A01657021A70C16B007D0BA1 /* MenuScreen.cpp */,
				A01657031A70C16B007D0BA1 /* MenuScreen.h */,
				A01657041A70C16B007D0BA1 /* Screen.cpp */,
				A01657051A70C16B007D0BA1 /* Screen.h */,
				A01657061A70C16B007D0BA1 /* ScreenElement.cpp */,
				A01657071A70C16B007D0BA1 /* ScreenElement.h */,
				A01657081A70C16B007D0BA1 /* ScreenManager.cpp */,
				A01657091A70C16B007D0BA1 /* ScreenManager.h */,
			);
			path = Screen;
			sourceTree = "<group>";
		};
		A016570A1A70C16B007D0BA1 /* Transition */ = {
			isa = PBXGroup;
			children = (
				A016570B1A70C16B007D0BA1 /* FadeColorTransition.cpp */,
				A016570C1A70C16B007D0BA1 /* FadeColorTransition.h */,
				A016570D1A70C16B007D0BA1 /* FadeZoomTransition.cpp */,
				A016570E1A70C16B007D0BA1 /* FadeZoomTransition.h */,
				A016570F1A70C16B007D0BA1 /* PopoverTransition.cpp */,
				A01657101A70C16B007D0BA1 /* PopoverTransition.h */,
				A01657111A70C16B007D0BA1 /* SlideTransition.cpp */,
				A01657121A70C16B007D0BA1 /* SlideTransition.h */,
				A01657131A70C16B007D0BA1 /* Transition.cpp */,
				A01657141A70C16B007D0BA1 /* Transition.h */,
			);
			path = Transition;
			sourceTree = "<group>";
		};
		A01657151A70C16B007D0BA1 /* UI */ = {
			isa = PBXGroup;
			children = (
				A01657161A70C16B007D0BA1 /* ImageElement.cpp */,
				A01657171A70C16B007D0BA1 /* ImageElement.h */,
				A01657181A70C16B007D0BA1 /* TextInputElement.cpp */,
				A01657191A70C16B007D0BA1 /* TextInputElement.h */,
			);
			path = UI;
			sourceTree = "<group>";
		};
		A016571B1A70C16B007D0BA1 /* Utilities */ = {
			isa = PBXGroup;
			children = (
				A01657261A70C16B007D0BA1 /* Font */,
				A016572B1A70C16B007D0BA1 /* Geometry */,
				A016573E1A70C16B007D0BA1 /* Time */,
				A016571C1A70C16B007D0BA1 /* Any.h */,
				A016571D1A70C16B007D0BA1 /* ArrayList.h */,
				A016571E1A70C16B007D0BA1 /* BitList.cpp */,
				A016571F1A70C16B007D0BA1 /* BitList.h */,
				A01657201A70C16B007D0BA1 /* BitSet.cpp */,
				A01657211A70C16B007D0BA1 /* BitSet.h */,
				A01657221A70C16B007D0BA1 /* DataPacket.cpp */,
				A01657231A70C16B007D0BA1 /* DataPacket.h */,
				A01657241A70C16B007D0BA1 /* Dictionary.cpp */,
				A01657251A70C16B007D0BA1 /* Dictionary.h */,
				A01657341A70C16B007D0BA1 /* Math.cpp */,
				A01657351A70C16B007D0BA1 /* Math.h */,
				A01657361A70C16B007D0BA1 /* Number.cpp */,
				A01657371A70C16B007D0BA1 /* Number.h */,
				A01657381A70C16B007D0BA1 /* Pair.h */,
				A01657391A70C16B007D0BA1 /* PlatformChecks.h */,
				A016573A1A70C16B007D0BA1 /* String.cpp */,
				A016573B1A70C16B007D0BA1 /* String.h */,
				A016573C1A70C16B007D0BA1 /* Thread.cpp */,
				A016573D1A70C16B007D0BA1 /* Thread.h */,
			);
			path = Utilities;
			sourceTree = "<group>";
		};
		A01657261A70C16B007D0BA1 /* Font */ = {
			isa = PBXGroup;
			children = (
				A01657271A70C16B007D0BA1 /* Font.cpp */,
				A01657281A70C16B007D0BA1 /* Font.h */,
				A01657291A70C16B007D0BA1 /* RenderedGlyphContainer.cpp */,
				A016572A1A70C16B007D0BA1 /* RenderedGlyphContainer.h */,
			);
			path = Font;
			sourceTree = "<group>";
		};
		A016572B1A70C16B007D0BA1 /* Geometry */ = {
			isa = PBXGroup;
			children = (
				A016572C1A70C16B007D0BA1 /* Circle.cpp */,
				A016572D1A70C16B007D0BA1 /* Circle.h */,
				A016572E1A70C16B007D0BA1 /* Polygon.cpp */,
				A016572F1A70C16B007D0BA1 /* Polygon.h */,
				A01657301A70C16B007D0BA1 /* Rectangle.h */,
				A01657311A70C16B007D0BA1 /* Transform.cpp */,
				A01657321A70C16B007D0BA1 /* Transform.h */,
				A01657331A70C16B007D0BA1 /* Vector2.h */,
			);
			path = Geometry;
			sourceTree = "<group>";
		};
		A016573E1A70C16B007D0BA1 /* Time */ = {
			isa = PBXGroup;
			children = (
				A01657431A70C16B007D0BA1 /* time64 */,
				A016573F1A70C16B007D0BA1 /* DateTime.cpp */,
				A01657401A70C16B007D0BA1 /* DateTime.h */,
				A01657411A70C16B007D0BA1 /* posixtime.cpp */,
				A01657421A70C16B007D0BA1 /* posixtime.h */,
				A01657481A70C16B007D0BA1 /* TimeInterval.cpp */,
				A01657491A70C16B007D0BA1 /* TimeInterval.h */,
			);
			path = Time;
			sourceTree = "<group>";
		};
		A01657431A70C16B007D0BA1 /* time64 */ = {
			isa = PBXGroup;
			children = (
				A01657441A70C16B007D0BA1 /* time64.c */,
				A01657451A70C16B007D0BA1 /* time64.h */,
				A01657461A70C16B007D0BA1 /* time64_config.h */,
				A01657471A70C16B007D0BA1 /* time64_limits.h */,
			);
			path = time64;
			sourceTree = "<group>";
		};
		A016574A1A70C16B007D0BA1 /* Window */ = {
			isa = PBXGroup;
			children = (
				A016574B1A70C16B007D0BA1 /* View.cpp */,
				A016574C1A70C16B007D0BA1 /* View.h */,
				A016574D1A70C16B007D0BA1 /* Window.cpp */,
				A016574E1A70C16B007D0BA1 /* Window.h */,
			);
			path = Window;
			sourceTree = "<group>";
		};
		A016574F1A70C16B007D0BA1 /* SmashBros */ = {
			isa = PBXGroup;
			children = (
				A01657501A70C16B007D0BA1 /* Game.cpp */,
				A01657511A70C16B007D0BA1 /* Game.h */,
				A01657521A70C16B007D0BA1 /* Global.h */,
				A01657531A70C16B007D0BA1 /* main.cpp */,
				A01657541A70C16B007D0BA1 /* Menu */,
				A01657671A70C16B007D0BA1 /* SmashData.cpp */,
				A01657681A70C16B007D0BA1 /* SmashData.h */,
			);
			path = SmashBros;
			sourceTree = "<group>";
		};
		A01657541A70C16B007D0BA1 /* Menu */ = {
			isa = PBXGroup;
			children = (
				A01657551A70C16B007D0BA1 /* Base */,
				A016575A1A70C16B007D0BA1 /* Elements */,
				A016575D1A70C16B007D0BA1 /* GroupMenu.cpp */,
				A016575E1A70C16B007D0BA1 /* GroupMenu.h */,
				A016575F1A70C16B007D0BA1 /* GroupSmashCharacterSelectMenu.cpp */,
				A01657601A70C16B007D0BA1 /* GroupSmashCharacterSelectMenu.h */,
				A01657611A70C16B007D0BA1 /* MainMenu.cpp */,
				A01657621A70C16B007D0BA1 /* MainMenu.h */,
				A01657631A70C16B007D0BA1 /* SoloMenu.cpp */,
				A01657641A70C16B007D0BA1 /* SoloMenu.h */,
				A01657651A70C16B007D0BA1 /* TitleScreen.cpp */,
				A01657661A70C16B007D0BA1 /* TitleScreen.h */,
			);
			path = Menu;
			sourceTree = "<group>";
		};
		A01657551A70C16B007D0BA1 /* Base */ = {
			isa = PBXGroup;
			children = (
				A01657561A70C16B007D0BA1 /* BaseMenuScreen.cpp */,
				A01657571A70C16B007D0BA1 /* BaseMenuScreen.h */,
				A01657581A70C16B007D0BA1 /* CharacterSelectScreen.cpp */,
				A01657591A70C16B007D0BA1 /* CharacterSelectScreen.h */,
			);
			path = Base;
			sourceTree = "<group>";
		};
		A016575A1A70C16B007D0BA1 /* Elements */ = {
			isa = PBXGroup;
			children = (
				A016575B1A70C16B007D0BA1 /* ActorGrid.cpp */,
				A016575C1A70C16B007D0BA1 /* ActorGrid.h */,
			);
			path = Elements;
			sourceTree = "<group>";
		};
		A01657C41A70C27C007D0BA1 /* external */ = {
			isa = PBXGroup;
			children = (
				A01657CB1A70C291007D0BA1 /* pugixml */,
				A01657D11A70C291007D0BA1 /* SDL */,
			);
			name = external;
			sourceTree = "<group>";
		};
		A01657CB1A70C291007D0BA1 /* pugixml */ = {
			isa = PBXGroup;
			children = (
				A01657CF1A70C291007D0BA1 /* src */,
			);
			name = pugixml;
			path = external/pugixml;
			sourceTree = "<group>";
		};
		A01657CF1A70C291007D0BA1 /* src */ = {
			isa = PBXGroup;
			children = (
				A01657D01A70C291007D0BA1 /* pugixml.cpp */,
			);
			path = src;
			sourceTree = "<group>";
		};
		A01657D11A70C291007D0BA1 /* SDL */ = {
			isa = PBXGroup;
			children = (
				A01658231A70C291007D0BA1 /* lib */,
			);
			name = SDL;
			path = external/SDL;
			sourceTree = "<group>";
		};
		A01658231A70C291007D0BA1 /* lib */ = {
			isa = PBXGroup;
			children = (
				A01658241A70C291007D0BA1 /* libSDL.a */,
				A01658251A70C291007D0BA1 /* libSDL_image.a */,
				A01658261A70C291007D0BA1 /* libSDL_mixer.a */,
				A01658271A70C291007D0BA1 /* libSDL_p2p.a */,
				A01658281A70C291007D0BA1 /* libSDL_ttf.a */,
			);
			path = lib;
			sourceTree = "<group>";
		};
/* End PBXGroup section */

/* Begin PBXNativeTarget section */
		A01656631A70A6F6007D0BA1 /* MobileBrawler */ = {
			isa = PBXNativeTarget;
			buildConfigurationList = A01656811A70A6F6007D0BA1 /* Build configuration list for PBXNativeTarget "MobileBrawler" */;
			buildPhases = (
				A01656601A70A6F6007D0BA1 /* Sources */,
				A01656611A70A6F6007D0BA1 /* Frameworks */,
				A01656621A70A6F6007D0BA1 /* Resources */,
			);
			buildRules = (
			);
			dependencies = (
			);
			name = MobileBrawler;
			productName = MobileBrawler;
			productReference = A01656641A70A6F6007D0BA1 /* MobileBrawler.app */;
			productType = "com.apple.product-type.application";
		};
/* End PBXNativeTarget section */

/* Begin PBXProject section */
		A016565C1A70A6F6007D0BA1 /* Project object */ = {
			isa = PBXProject;
			attributes = {
				LastUpgradeCheck = 0460;
				ORGANIZATIONNAME = "Luis Finke";
			};
			buildConfigurationList = A016565F1A70A6F6007D0BA1 /* Build configuration list for PBXProject "MobileBrawler" */;
			compatibilityVersion = "Xcode 3.2";
			developmentRegion = English;
			hasScannedForEncodings = 0;
			knownRegions = (
				en,
			);
			mainGroup = A016565B1A70A6F6007D0BA1;
			productRefGroup = A01656651A70A6F6007D0BA1 /* Products */;
			projectDirPath = "";
			projectRoot = "";
			targets = (
				A01656631A70A6F6007D0BA1 /* MobileBrawler */,
			);
		};
/* End PBXProject section */

/* Begin PBXResourcesBuildPhase section */
		A01656621A70A6F6007D0BA1 /* Resources */ = {
			isa = PBXResourcesBuildPhase;
			buildActionMask = 2147483647;
			files = (
				A016567A1A70A6F6007D0BA1 /* Default.png in Resources */,
				A016567C1A70A6F6007D0BA1 /* Default@2x.png in Resources */,
				A016567E1A70A6F6007D0BA1 /* Default-568h@2x.png in Resources */,
				A01656861A70AB8D007D0BA1 /* assets in Resources */,
			);
			runOnlyForDeploymentPostprocessing = 0;
		};
/* End PBXResourcesBuildPhase section */

/* Begin PBXSourcesBuildPhase section */
		A01656601A70A6F6007D0BA1 /* Sources */ = {
			isa = PBXSourcesBuildPhase;
			buildActionMask = 2147483647;
			files = (
				A01657691A70C16B007D0BA1 /* Rules.cpp in Sources */,
				A016576A1A70C16B007D0BA1 /* WinCondition.cpp in Sources */,
				A016576B1A70C16B007D0BA1 /* CharacterInfo.cpp in Sources */,
				A016576C1A70C16B007D0BA1 /* CharacterLoader.cpp in Sources */,
				A016576D1A70C16B007D0BA1 /* Actor.cpp in Sources */,
				A016576E1A70C16B007D0BA1 /* Animation.cpp in Sources */,
				A016576F1A70C16B007D0BA1 /* SpriteActor.cpp in Sources */,
				A01657701A70C16B007D0BA1 /* TextActor.cpp in Sources */,
				A01657711A70C16B007D0BA1 /* WireframeActor.cpp in Sources */,
				A01657721A70C16B007D0BA1 /* Application.cpp in Sources */,
				A01657731A70C16B007D0BA1 /* ApplicationData.cpp in Sources */,
				A01657741A70C16B007D0BA1 /* AssetManager.cpp in Sources */,
				A01657751A70C16B007D0BA1 /* BatchLoader.cpp in Sources */,
				A01657761A70C16B007D0BA1 /* EventManager.cpp in Sources */,
				A01657771A70C16B007D0BA1 /* Music.cpp in Sources */,
				A01657781A70C16B007D0BA1 /* Sound.cpp in Sources */,
				A01657791A70C16B007D0BA1 /* BadCastException.cpp in Sources */,
				A016577A1A70C16B007D0BA1 /* Exception.cpp in Sources */,
				A016577B1A70C16B007D0BA1 /* ImageOutOfBoundsException.cpp in Sources */,
				A016577C1A70C16B007D0BA1 /* TextureImageCreateException.cpp in Sources */,
				A016577D1A70C16B007D0BA1 /* TextureImageUpdateException.cpp in Sources */,
				A016577E1A70C16B007D0BA1 /* UnsupportedImageFormatException.cpp in Sources */,
				A016577F1A70C16B007D0BA1 /* IllegalArgumentException.cpp in Sources */,
				A01657801A70C16B007D0BA1 /* IllegalFormatException.cpp in Sources */,
				A01657811A70C16B007D0BA1 /* IllegalStateException.cpp in Sources */,
				A01657821A70C16B007D0BA1 /* InitializeLibraryException.cpp in Sources */,
				A01657831A70C16B007D0BA1 /* NumberFormatException.cpp in Sources */,
				A01657841A70C16B007D0BA1 /* OutOfBoundsException.cpp in Sources */,
				A01657851A70C16B007D0BA1 /* ScreenNavigationException.cpp in Sources */,
				A01657861A70C16B007D0BA1 /* ArrayListOutOfBoundsException.cpp in Sources */,
				A01657871A70C16B007D0BA1 /* BadAnyCastException.cpp in Sources */,
				A01657881A70C16B007D0BA1 /* BitListOutOfBoundsException.cpp in Sources */,
				A01657891A70C16B007D0BA1 /* BitSetOutOfBoundsException.cpp in Sources */,
				A016578A1A70C16B007D0BA1 /* DataPacketOutOfBoundsException.cpp in Sources */,
				A016578B1A70C16B007D0BA1 /* RenderGlyphException.cpp in Sources */,
				A016578C1A70C16B007D0BA1 /* IllegalNumberOperationException.cpp in Sources */,
				A016578D1A70C16B007D0BA1 /* StringOutOfBoundsException.cpp in Sources */,
				A016578E1A70C16B007D0BA1 /* IllegalDateTimeFormatException.cpp in Sources */,
				A016578F1A70C16B007D0BA1 /* GameLibrary.cpp in Sources */,
				A01657901A70C16B007D0BA1 /* Color.cpp in Sources */,
				A01657911A70C16B007D0BA1 /* Graphics.cpp in Sources */,
				A01657921A70C16B007D0BA1 /* Image.cpp in Sources */,
				A01657931A70C16B007D0BA1 /* PixelIterator.cpp in Sources */,
				A01657941A70C16B007D0BA1 /* TextureImage.cpp in Sources */,
				A01657951A70C16B007D0BA1 /* Keyboard.cpp in Sources */,
				A01657961A70C16B007D0BA1 /* Mouse.cpp in Sources */,
				A01657971A70C16B007D0BA1 /* Multitouch.cpp in Sources */,
				A01657981A70C16B007D0BA1 /* Console.cpp in Sources */,
				A01657991A70C16B007D0BA1 /* FileTools.cpp in Sources */,
				A016579A1A70C16B007D0BA1 /* NetworkProtocol.cpp in Sources */,
				A016579B1A70C16B007D0BA1 /* MenuScreen.cpp in Sources */,
				A016579C1A70C16B007D0BA1 /* Screen.cpp in Sources */,
				A016579D1A70C16B007D0BA1 /* ScreenElement.cpp in Sources */,
				A016579E1A70C16B007D0BA1 /* ScreenManager.cpp in Sources */,
				A016579F1A70C16B007D0BA1 /* FadeColorTransition.cpp in Sources */,
				A01657A01A70C16B007D0BA1 /* FadeZoomTransition.cpp in Sources */,
				A01657A11A70C16B007D0BA1 /* PopoverTransition.cpp in Sources */,
				A01657A21A70C16B007D0BA1 /* SlideTransition.cpp in Sources */,
				A01657A31A70C16B007D0BA1 /* Transition.cpp in Sources */,
				A01657A41A70C16B007D0BA1 /* ImageElement.cpp in Sources */,
				A01657A51A70C16B007D0BA1 /* TextInputElement.cpp in Sources */,
				A01657A61A70C16B007D0BA1 /* BitList.cpp in Sources */,
				A01657A71A70C16B007D0BA1 /* BitSet.cpp in Sources */,
				A01657A81A70C16B007D0BA1 /* DataPacket.cpp in Sources */,
				A01657A91A70C16B007D0BA1 /* Dictionary.cpp in Sources */,
				A01657AA1A70C16B007D0BA1 /* Font.cpp in Sources */,
				A01657AB1A70C16B007D0BA1 /* RenderedGlyphContainer.cpp in Sources */,
				A01657AC1A70C16B007D0BA1 /* Circle.cpp in Sources */,
				A01657AD1A70C16B007D0BA1 /* Polygon.cpp in Sources */,
				A01657AE1A70C16B007D0BA1 /* Transform.cpp in Sources */,
				A01657AF1A70C16B007D0BA1 /* Math.cpp in Sources */,
				A01657B01A70C16B007D0BA1 /* Number.cpp in Sources */,
				A01657B11A70C16B007D0BA1 /* String.cpp in Sources */,
				A01657B21A70C16B007D0BA1 /* Thread.cpp in Sources */,
				A01657B31A70C16B007D0BA1 /* DateTime.cpp in Sources */,
				A01657B41A70C16B007D0BA1 /* posixtime.cpp in Sources */,
				A01657B51A70C16B007D0BA1 /* time64.c in Sources */,
				A01657B61A70C16B007D0BA1 /* TimeInterval.cpp in Sources */,
				A01657B71A70C16B007D0BA1 /* View.cpp in Sources */,
				A01657B81A70C16B007D0BA1 /* Window.cpp in Sources */,
				A01657B91A70C16B007D0BA1 /* Game.cpp in Sources */,
				A01657BA1A70C16B007D0BA1 /* main.cpp in Sources */,
				A01657BB1A70C16B007D0BA1 /* BaseMenuScreen.cpp in Sources */,
				A01657BC1A70C16B007D0BA1 /* CharacterSelectScreen.cpp in Sources */,
				A01657BD1A70C16B007D0BA1 /* ActorGrid.cpp in Sources */,
				A01657BE1A70C16B007D0BA1 /* GroupMenu.cpp in Sources */,
				A01657BF1A70C16B007D0BA1 /* GroupSmashCharacterSelectMenu.cpp in Sources */,
				A01657C01A70C16B007D0BA1 /* MainMenu.cpp in Sources */,
				A01657C11A70C16B007D0BA1 /* SoloMenu.cpp in Sources */,
				A01657C21A70C16B007D0BA1 /* TitleScreen.cpp in Sources */,
				A01657C31A70C16B007D0BA1 /* SmashData.cpp in Sources */,
				A01658361A70C291007D0BA1 /* pugixml.cpp in Sources */,
			);
			runOnlyForDeploymentPostprocessing = 0;
		};
/* End PBXSourcesBuildPhase section */

/* Begin XCBuildConfiguration section */
		A016567F1A70A6F6007D0BA1 /* Debug */ = {
			isa = XCBuildConfiguration;
			buildSettings = {
				ALWAYS_SEARCH_USER_PATHS = NO;
				CLANG_CXX_LANGUAGE_STANDARD = "gnu++0x";
				CLANG_CXX_LIBRARY = "libc++";
				CLANG_WARN_CONSTANT_CONVERSION = YES;
				CLANG_WARN_EMPTY_BODY = YES;
				CLANG_WARN_ENUM_CONVERSION = YES;
				CLANG_WARN_INT_CONVERSION = YES;
				CLANG_WARN__DUPLICATE_METHOD_MATCH = YES;
				"CODE_SIGN_IDENTITY[sdk=iphoneos*]" = "iPhone Developer";
				COPY_PHASE_STRIP = NO;
				GCC_C_LANGUAGE_STANDARD = gnu99;
				GCC_DYNAMIC_NO_PIC = NO;
				GCC_OPTIMIZATION_LEVEL = 0;
				GCC_PREPROCESSOR_DEFINITIONS = (
					"DEBUG=1",
					"$(inherited)",
				);
				GCC_SYMBOLS_PRIVATE_EXTERN = NO;
				GCC_WARN_ABOUT_RETURN_TYPE = YES;
				GCC_WARN_UNINITIALIZED_AUTOS = YES;
				GCC_WARN_UNUSED_VARIABLE = YES;
				HEADER_SEARCH_PATHS = (
					"$(SRCROOT)/external/SDL/include",
					"$(SRCROOT)/external/base64/include",
					"$(SRCROOT)/external/pugixml/include",
					"$(SRCROOT)/src",
				);
				IPHONEOS_DEPLOYMENT_TARGET = 5.0;
				ONLY_ACTIVE_ARCH = YES;
				SDKROOT = iphoneos5.0;
				TARGETED_DEVICE_FAMILY = "1,2";
			};
			name = Debug;
		};
		A01656801A70A6F6007D0BA1 /* Release */ = {
			isa = XCBuildConfiguration;
			buildSettings = {
				ALWAYS_SEARCH_USER_PATHS = NO;
				CLANG_CXX_LANGUAGE_STANDARD = "gnu++0x";
				CLANG_CXX_LIBRARY = "libc++";
				CLANG_WARN_CONSTANT_CONVERSION = YES;
				CLANG_WARN_EMPTY_BODY = YES;
				CLANG_WARN_ENUM_CONVERSION = YES;
				CLANG_WARN_INT_CONVERSION = YES;
				CLANG_WARN__DUPLICATE_METHOD_MATCH = YES;
				"CODE_SIGN_IDENTITY[sdk=iphoneos*]" = "iPhone Developer";
				COPY_PHASE_STRIP = YES;
				GCC_C_LANGUAGE_STANDARD = gnu99;
				GCC_WARN_ABOUT_RETURN_TYPE = YES;
				GCC_WARN_UNINITIALIZED_AUTOS = YES;
				GCC_WARN_UNUSED_VARIABLE = YES;
				HEADER_SEARCH_PATHS = (
					"$(SRCROOT)/external/SDL/include",
					"$(SRCROOT)/external/base64/include",
					"$(SRCROOT)/external/pugixml/include",
					"$(SRCROOT)/src",
				);
				IPHONEOS_DEPLOYMENT_TARGET = 5.0;
				OTHER_CFLAGS = "-DNS_BLOCK_ASSERTIONS=1";
				SDKROOT = iphoneos5.0;
				TARGETED_DEVICE_FAMILY = "1,2";
				VALIDATE_PRODUCT = YES;
			};
			name = Release;
		};
		A01656821A70A6F6007D0BA1 /* Debug */ = {
			isa = XCBuildConfiguration;
			buildSettings = {
				GCC_PRECOMPILE_PREFIX_HEADER = YES;
				GCC_PREFIX_HEADER = "MobileBrawler-Prefix.pch";
				INFOPLIST_FILE = "MobileBrawler-Info.plist";
				LIBRARY_SEARCH_PATHS = (
					"$(inherited)",
					"\"$(SRCROOT)/external/SDL/lib\"",
				);
				PRODUCT_NAME = "$(TARGET_NAME)";
				WRAPPER_EXTENSION = app;
			};
			name = Debug;
		};
		A01656831A70A6F6007D0BA1 /* Release */ = {
			isa = XCBuildConfiguration;
			buildSettings = {
				GCC_PRECOMPILE_PREFIX_HEADER = YES;
				GCC_PREFIX_HEADER = "MobileBrawler-Prefix.pch";
				INFOPLIST_FILE = "MobileBrawler-Info.plist";
				LIBRARY_SEARCH_PATHS = (
					"$(inherited)",
					"\"$(SRCROOT)/external/SDL/lib\"",
				);
				PRODUCT_NAME = "$(TARGET_NAME)";
				WRAPPER_EXTENSION = app;
			};
			name = Release;
		};
/* End XCBuildConfiguration section */

/* Begin XCConfigurationList section */
		A016565F1A70A6F6007D0BA1 /* Build configuration list for PBXProject "MobileBrawler" */ = {
			isa = XCConfigurationList;
			buildConfigurations = (
				A016567F1A70A6F6007D0BA1 /* Debug */,
				A01656801A70A6F6007D0BA1 /* Release */,
			);
			defaultConfigurationIsVisible = 0;
			defaultConfigurationName = Release;
		};
		A01656811A70A6F6007D0BA1 /* Build configuration list for PBXNativeTarget "MobileBrawler" */ = {
			isa = XCConfigurationList;
			buildConfigurations = (
				A01656821A70A6F6007D0BA1 /* Debug */,
				A01656831A70A6F6007D0BA1 /* Release */,
			);
			defaultConfigurationIsVisible = 0;
			defaultConfigurationName = Release;
		};
/* End XCConfigurationList section */
	};
	rootObject = A016565C1A70A6F6007D0BA1 /* Project object */;
}
